
Microsoft Visual Studio Solution File, Format Version 12.00
# Visual Studio 15
VisualStudioVersion = 15.0.27004.2008
MinimumVisualStudioVersion = 10.0.40219.1
Project("{D954291E-2A0B-460D-934E-DC6B0785DB48}") = "Portable.Data.Sqlite", "Portable.Data.Sqlite\Portable.Data.Sqlite.shproj", "{15FA36B3-C83C-4A8D-8499-CC9549A169C1}"
EndProject
Project("{2150E333-8FDC-42A3-9474-1A3956D46DE8}") = "Samples", "Samples", "{F0A5064C-15E5-4CF8-A7F9-4468653D1F3E}"
EndProject
Project("{FAE04EC0-301F-11D3-BF4B-00C04F79EFBC}") = "Portable.Data.Sqlite.Net45", "Portable.Data.Sqlite.Net45\Portable.Data.Sqlite.Net45.csproj", "{4F1D8A22-BE7A-4E40-B74F-0920324D126D}"
EndProject
Project("{FAE04EC0-301F-11D3-BF4B-00C04F79EFBC}") = "SampleApp.Wpf", "Samples\SampleApp.Wpf\SampleApp.Wpf.csproj", "{BCBAB86F-B478-4BE7-BEC9-5A956287106A}"
EndProject
Project("{2150E333-8FDC-42A3-9474-1A3956D46DE8}") = "WindowsDesktop-WPF", "WindowsDesktop-WPF", "{5D854674-E3BA-4F54-8B77-1C2626C96AFF}"
EndProject
Project("{2150E333-8FDC-42A3-9474-1A3956D46DE8}") = "XamarinForms", "XamarinForms", "{56288F9A-6ECC-4906-B268-2F6A613ED69C}"
EndProject
Project("{FAE04EC0-301F-11D3-BF4B-00C04F79EFBC}") = "Portable.Data.Sqlite.Droid", "Portable.Data.Sqlite.Droid\Portable.Data.Sqlite.Droid.csproj", "{675ED31C-275C-4128-92D7-A86ABC322F09}"
EndProject
Project("{FAE04EC0-301F-11D3-BF4B-00C04F79EFBC}") = "Portable.Data.Sqlite.iOS", "Portable.Data.Sqlite.iOS\Portable.Data.Sqlite.iOS.csproj", "{184F8572-0B6D-49B9-B657-2CD68B3EDBC7}"
EndProject
Project("{FAE04EC0-301F-11D3-BF4B-00C04F79EFBC}") = "Portable.Data.Sqlite.UWP", "Portable.Data.Sqlite.UWP\Portable.Data.Sqlite.UWP.csproj", "{7C4EEA14-0FB9-4AEE-997E-9281AE524B62}"
EndProject
Project("{FAE04EC0-301F-11D3-BF4B-00C04F79EFBC}") = "Portable.Data.CryptEngine.UWP", "Portable.Data.CryptEngine.UWP\Portable.Data.CryptEngine.UWP.csproj", "{56F1DD78-04C2-419B-BE12-9AFE3E4D0883}"
EndProject
Project("{FAE04EC0-301F-11D3-BF4B-00C04F79EFBC}") = "Portable.Data.CryptEngine.Net45", "Portable.Data.CryptEngine.Net45\Portable.Data.CryptEngine.Net45.csproj", "{09ED2490-57F3-43F0-9CDE-839DF6D79A6A}"
EndProject
Project("{FAE04EC0-301F-11D3-BF4B-00C04F79EFBC}") = "Portable.Data.CryptEngine.Droid", "Portable.Data.CryptEngine.Droid\Portable.Data.CryptEngine.Droid.csproj", "{9B92D42B-FCAF-4062-94D5-910C86DFD293}"
EndProject
Project("{FAE04EC0-301F-11D3-BF4B-00C04F79EFBC}") = "Portable.Data.CryptEngine.iOS", "Portable.Data.CryptEngine.iOS\Portable.Data.CryptEngine.iOS.csproj", "{6B344417-0A6A-417F-B3F9-BA2DA4A0512C}"
EndProject
Project("{2150E333-8FDC-42A3-9474-1A3956D46DE8}") = "SQLite", "SQLite", "{94190E59-0121-431C-965E-1A6D0B86F3DB}"
EndProject
Project("{2150E333-8FDC-42A3-9474-1A3956D46DE8}") = "CryptEngine", "CryptEngine", "{3BEFB07F-8063-47E8-9748-2ED836B7FAD6}"
EndProject
Project("{9A19103F-16F7-4668-BE54-9A1E7A4F7556}") = "Portable.Data.Sqlite.Portable", "Portable.Data.Sqlite.Portable\Portable.Data.Sqlite.Portable.csproj", "{C5497E89-8EA7-45B1-BAC9-22F14699D100}"
EndProject
Project("{FAE04EC0-301F-11D3-BF4B-00C04F79EFBC}") = "SampleApp", "Samples\SampleApp.XamarinForms\SampleApp\SampleApp.csproj", "{C7033F1F-21CE-40BF-B84E-F683FA1F7501}"
EndProject
Project("{FAE04EC0-301F-11D3-BF4B-00C04F79EFBC}") = "SampleApp.Android", "Samples\SampleApp.XamarinForms\SampleApp.Android\SampleApp.Android.csproj", "{F8DC5B92-701B-4C88-BC5D-6FEBF89247B9}"
EndProject
Project("{FAE04EC0-301F-11D3-BF4B-00C04F79EFBC}") = "SampleApp.iOS", "Samples\SampleApp.XamarinForms\SampleApp.iOS\SampleApp.iOS.csproj", "{0E3BC93A-D47F-4947-902A-C9ABB1F9E1F5}"
EndProject
Project("{FAE04EC0-301F-11D3-BF4B-00C04F79EFBC}") = "SampleApp.UWP", "Samples\SampleApp.XamarinForms\SampleApp.UWP\SampleApp.UWP.csproj", "{447CAED6-E81B-4B50-909A-2C36DFFE24AC}"
EndProject
Global
	GlobalSection(SharedMSBuildProjectFiles) = preSolution
		Portable.Data.Sqlite\Portable.Data.Sqlite.projitems*{15fa36b3-c83c-4a8d-8499-cc9549a169c1}*SharedItemsImports = 13
		Portable.Data.Sqlite\Portable.Data.Sqlite.projitems*{184f8572-0b6d-49b9-b657-2cd68b3edbc7}*SharedItemsImports = 4
		Portable.Data.Sqlite\Portable.Data.Sqlite.projitems*{4f1d8a22-be7a-4e40-b74f-0920324d126d}*SharedItemsImports = 4
		Portable.Data.Sqlite\Portable.Data.Sqlite.projitems*{675ed31c-275c-4128-92d7-a86abc322f09}*SharedItemsImports = 4
		Portable.Data.Sqlite\Portable.Data.Sqlite.projitems*{7c4eea14-0fb9-4aee-997e-9281ae524b62}*SharedItemsImports = 4
	EndGlobalSection
	GlobalSection(SolutionConfigurationPlatforms) = preSolution
		Ad-Hoc|Any CPU = Ad-Hoc|Any CPU
		Ad-Hoc|ARM = Ad-Hoc|ARM
		Ad-Hoc|iPhone = Ad-Hoc|iPhone
		Ad-Hoc|iPhoneSimulator = Ad-Hoc|iPhoneSimulator
		Ad-Hoc|x64 = Ad-Hoc|x64
		Ad-Hoc|x86 = Ad-Hoc|x86
		AppStore|Any CPU = AppStore|Any CPU
		AppStore|ARM = AppStore|ARM
		AppStore|iPhone = AppStore|iPhone
		AppStore|iPhoneSimulator = AppStore|iPhoneSimulator
		AppStore|x64 = AppStore|x64
		AppStore|x86 = AppStore|x86
		Debug|Any CPU = Debug|Any CPU
		Debug|ARM = Debug|ARM
		Debug|iPhone = Debug|iPhone
		Debug|iPhoneSimulator = Debug|iPhoneSimulator
		Debug|x64 = Debug|x64
		Debug|x86 = Debug|x86
		Release|Any CPU = Release|Any CPU
		Release|ARM = Release|ARM
		Release|iPhone = Release|iPhone
		Release|iPhoneSimulator = Release|iPhoneSimulator
		Release|x64 = Release|x64
		Release|x86 = Release|x86
	EndGlobalSection
	GlobalSection(ProjectConfigurationPlatforms) = postSolution
		{4F1D8A22-BE7A-4E40-B74F-0920324D126D}.Ad-Hoc|Any CPU.ActiveCfg = Release|Any CPU
		{4F1D8A22-BE7A-4E40-B74F-0920324D126D}.Ad-Hoc|Any CPU.Build.0 = Release|Any CPU
		{4F1D8A22-BE7A-4E40-B74F-0920324D126D}.Ad-Hoc|ARM.ActiveCfg = Release|Any CPU
		{4F1D8A22-BE7A-4E40-B74F-0920324D126D}.Ad-Hoc|ARM.Build.0 = Release|Any CPU
		{4F1D8A22-BE7A-4E40-B74F-0920324D126D}.Ad-Hoc|iPhone.ActiveCfg = Release|Any CPU
		{4F1D8A22-BE7A-4E40-B74F-0920324D126D}.Ad-Hoc|iPhone.Build.0 = Release|Any CPU
		{4F1D8A22-BE7A-4E40-B74F-0920324D126D}.Ad-Hoc|iPhoneSimulator.ActiveCfg = Release|Any CPU
		{4F1D8A22-BE7A-4E40-B74F-0920324D126D}.Ad-Hoc|iPhoneSimulator.Build.0 = Release|Any CPU
		{4F1D8A22-BE7A-4E40-B74F-0920324D126D}.Ad-Hoc|x64.ActiveCfg = Release|Any CPU
		{4F1D8A22-BE7A-4E40-B74F-0920324D126D}.Ad-Hoc|x64.Build.0 = Release|Any CPU
		{4F1D8A22-BE7A-4E40-B74F-0920324D126D}.Ad-Hoc|x86.ActiveCfg = Release|Any CPU
		{4F1D8A22-BE7A-4E40-B74F-0920324D126D}.Ad-Hoc|x86.Build.0 = Release|Any CPU
		{4F1D8A22-BE7A-4E40-B74F-0920324D126D}.AppStore|Any CPU.ActiveCfg = Release|Any CPU
		{4F1D8A22-BE7A-4E40-B74F-0920324D126D}.AppStore|Any CPU.Build.0 = Release|Any CPU
		{4F1D8A22-BE7A-4E40-B74F-0920324D126D}.AppStore|ARM.ActiveCfg = Release|Any CPU
		{4F1D8A22-BE7A-4E40-B74F-0920324D126D}.AppStore|ARM.Build.0 = Release|Any CPU
		{4F1D8A22-BE7A-4E40-B74F-0920324D126D}.AppStore|iPhone.ActiveCfg = Release|Any CPU
		{4F1D8A22-BE7A-4E40-B74F-0920324D126D}.AppStore|iPhone.Build.0 = Release|Any CPU
		{4F1D8A22-BE7A-4E40-B74F-0920324D126D}.AppStore|iPhoneSimulator.ActiveCfg = Release|Any CPU
		{4F1D8A22-BE7A-4E40-B74F-0920324D126D}.AppStore|iPhoneSimulator.Build.0 = Release|Any CPU
		{4F1D8A22-BE7A-4E40-B74F-0920324D126D}.AppStore|x64.ActiveCfg = Release|Any CPU
		{4F1D8A22-BE7A-4E40-B74F-0920324D126D}.AppStore|x64.Build.0 = Release|Any CPU
		{4F1D8A22-BE7A-4E40-B74F-0920324D126D}.AppStore|x86.ActiveCfg = Release|Any CPU
		{4F1D8A22-BE7A-4E40-B74F-0920324D126D}.AppStore|x86.Build.0 = Release|Any CPU
		{4F1D8A22-BE7A-4E40-B74F-0920324D126D}.Debug|Any CPU.ActiveCfg = Debug|Any CPU
		{4F1D8A22-BE7A-4E40-B74F-0920324D126D}.Debug|Any CPU.Build.0 = Debug|Any CPU
		{4F1D8A22-BE7A-4E40-B74F-0920324D126D}.Debug|ARM.ActiveCfg = Debug|Any CPU
		{4F1D8A22-BE7A-4E40-B74F-0920324D126D}.Debug|ARM.Build.0 = Debug|Any CPU
		{4F1D8A22-BE7A-4E40-B74F-0920324D126D}.Debug|iPhone.ActiveCfg = Debug|Any CPU
		{4F1D8A22-BE7A-4E40-B74F-0920324D126D}.Debug|iPhone.Build.0 = Debug|Any CPU
		{4F1D8A22-BE7A-4E40-B74F-0920324D126D}.Debug|iPhoneSimulator.ActiveCfg = Debug|Any CPU
		{4F1D8A22-BE7A-4E40-B74F-0920324D126D}.Debug|iPhoneSimulator.Build.0 = Debug|Any CPU
		{4F1D8A22-BE7A-4E40-B74F-0920324D126D}.Debug|x64.ActiveCfg = Debug|Any CPU
		{4F1D8A22-BE7A-4E40-B74F-0920324D126D}.Debug|x64.Build.0 = Debug|Any CPU
		{4F1D8A22-BE7A-4E40-B74F-0920324D126D}.Debug|x86.ActiveCfg = Debug|Any CPU
		{4F1D8A22-BE7A-4E40-B74F-0920324D126D}.Debug|x86.Build.0 = Debug|Any CPU
		{4F1D8A22-BE7A-4E40-B74F-0920324D126D}.Release|Any CPU.ActiveCfg = Release|Any CPU
		{4F1D8A22-BE7A-4E40-B74F-0920324D126D}.Release|Any CPU.Build.0 = Release|Any CPU
		{4F1D8A22-BE7A-4E40-B74F-0920324D126D}.Release|ARM.ActiveCfg = Release|Any CPU
		{4F1D8A22-BE7A-4E40-B74F-0920324D126D}.Release|ARM.Build.0 = Release|Any CPU
		{4F1D8A22-BE7A-4E40-B74F-0920324D126D}.Release|iPhone.ActiveCfg = Release|Any CPU
		{4F1D8A22-BE7A-4E40-B74F-0920324D126D}.Release|iPhone.Build.0 = Release|Any CPU
		{4F1D8A22-BE7A-4E40-B74F-0920324D126D}.Release|iPhoneSimulator.ActiveCfg = Release|Any CPU
		{4F1D8A22-BE7A-4E40-B74F-0920324D126D}.Release|iPhoneSimulator.Build.0 = Release|Any CPU
		{4F1D8A22-BE7A-4E40-B74F-0920324D126D}.Release|x64.ActiveCfg = Release|Any CPU
		{4F1D8A22-BE7A-4E40-B74F-0920324D126D}.Release|x64.Build.0 = Release|Any CPU
		{4F1D8A22-BE7A-4E40-B74F-0920324D126D}.Release|x86.ActiveCfg = Release|Any CPU
		{4F1D8A22-BE7A-4E40-B74F-0920324D126D}.Release|x86.Build.0 = Release|Any CPU
		{BCBAB86F-B478-4BE7-BEC9-5A956287106A}.Ad-Hoc|Any CPU.ActiveCfg = Release|Any CPU
		{BCBAB86F-B478-4BE7-BEC9-5A956287106A}.Ad-Hoc|Any CPU.Build.0 = Release|Any CPU
		{BCBAB86F-B478-4BE7-BEC9-5A956287106A}.Ad-Hoc|ARM.ActiveCfg = Release|Any CPU
		{BCBAB86F-B478-4BE7-BEC9-5A956287106A}.Ad-Hoc|ARM.Build.0 = Release|Any CPU
		{BCBAB86F-B478-4BE7-BEC9-5A956287106A}.Ad-Hoc|iPhone.ActiveCfg = Release|Any CPU
		{BCBAB86F-B478-4BE7-BEC9-5A956287106A}.Ad-Hoc|iPhone.Build.0 = Release|Any CPU
		{BCBAB86F-B478-4BE7-BEC9-5A956287106A}.Ad-Hoc|iPhoneSimulator.ActiveCfg = Release|Any CPU
		{BCBAB86F-B478-4BE7-BEC9-5A956287106A}.Ad-Hoc|iPhoneSimulator.Build.0 = Release|Any CPU
		{BCBAB86F-B478-4BE7-BEC9-5A956287106A}.Ad-Hoc|x64.ActiveCfg = Release|Any CPU
		{BCBAB86F-B478-4BE7-BEC9-5A956287106A}.Ad-Hoc|x64.Build.0 = Release|Any CPU
		{BCBAB86F-B478-4BE7-BEC9-5A956287106A}.Ad-Hoc|x86.ActiveCfg = Release|Any CPU
		{BCBAB86F-B478-4BE7-BEC9-5A956287106A}.Ad-Hoc|x86.Build.0 = Release|Any CPU
		{BCBAB86F-B478-4BE7-BEC9-5A956287106A}.AppStore|Any CPU.ActiveCfg = Release|Any CPU
		{BCBAB86F-B478-4BE7-BEC9-5A956287106A}.AppStore|Any CPU.Build.0 = Release|Any CPU
		{BCBAB86F-B478-4BE7-BEC9-5A956287106A}.AppStore|ARM.ActiveCfg = Release|Any CPU
		{BCBAB86F-B478-4BE7-BEC9-5A956287106A}.AppStore|ARM.Build.0 = Release|Any CPU
		{BCBAB86F-B478-4BE7-BEC9-5A956287106A}.AppStore|iPhone.ActiveCfg = Release|Any CPU
		{BCBAB86F-B478-4BE7-BEC9-5A956287106A}.AppStore|iPhone.Build.0 = Release|Any CPU
		{BCBAB86F-B478-4BE7-BEC9-5A956287106A}.AppStore|iPhoneSimulator.ActiveCfg = Release|Any CPU
		{BCBAB86F-B478-4BE7-BEC9-5A956287106A}.AppStore|iPhoneSimulator.Build.0 = Release|Any CPU
		{BCBAB86F-B478-4BE7-BEC9-5A956287106A}.AppStore|x64.ActiveCfg = Release|Any CPU
		{BCBAB86F-B478-4BE7-BEC9-5A956287106A}.AppStore|x64.Build.0 = Release|Any CPU
		{BCBAB86F-B478-4BE7-BEC9-5A956287106A}.AppStore|x86.ActiveCfg = Release|Any CPU
		{BCBAB86F-B478-4BE7-BEC9-5A956287106A}.AppStore|x86.Build.0 = Release|Any CPU
		{BCBAB86F-B478-4BE7-BEC9-5A956287106A}.Debug|Any CPU.ActiveCfg = Debug|Any CPU
		{BCBAB86F-B478-4BE7-BEC9-5A956287106A}.Debug|Any CPU.Build.0 = Debug|Any CPU
		{BCBAB86F-B478-4BE7-BEC9-5A956287106A}.Debug|ARM.ActiveCfg = Debug|Any CPU
		{BCBAB86F-B478-4BE7-BEC9-5A956287106A}.Debug|ARM.Build.0 = Debug|Any CPU
		{BCBAB86F-B478-4BE7-BEC9-5A956287106A}.Debug|iPhone.ActiveCfg = Debug|Any CPU
		{BCBAB86F-B478-4BE7-BEC9-5A956287106A}.Debug|iPhone.Build.0 = Debug|Any CPU
		{BCBAB86F-B478-4BE7-BEC9-5A956287106A}.Debug|iPhoneSimulator.ActiveCfg = Debug|Any CPU
		{BCBAB86F-B478-4BE7-BEC9-5A956287106A}.Debug|iPhoneSimulator.Build.0 = Debug|Any CPU
		{BCBAB86F-B478-4BE7-BEC9-5A956287106A}.Debug|x64.ActiveCfg = Debug|Any CPU
		{BCBAB86F-B478-4BE7-BEC9-5A956287106A}.Debug|x64.Build.0 = Debug|Any CPU
		{BCBAB86F-B478-4BE7-BEC9-5A956287106A}.Debug|x86.ActiveCfg = Debug|Any CPU
		{BCBAB86F-B478-4BE7-BEC9-5A956287106A}.Debug|x86.Build.0 = Debug|Any CPU
		{BCBAB86F-B478-4BE7-BEC9-5A956287106A}.Release|Any CPU.ActiveCfg = Release|Any CPU
		{BCBAB86F-B478-4BE7-BEC9-5A956287106A}.Release|Any CPU.Build.0 = Release|Any CPU
		{BCBAB86F-B478-4BE7-BEC9-5A956287106A}.Release|ARM.ActiveCfg = Release|Any CPU
		{BCBAB86F-B478-4BE7-BEC9-5A956287106A}.Release|ARM.Build.0 = Release|Any CPU
		{BCBAB86F-B478-4BE7-BEC9-5A956287106A}.Release|iPhone.ActiveCfg = Release|Any CPU
		{BCBAB86F-B478-4BE7-BEC9-5A956287106A}.Release|iPhone.Build.0 = Release|Any CPU
		{BCBAB86F-B478-4BE7-BEC9-5A956287106A}.Release|iPhoneSimulator.ActiveCfg = Release|Any CPU
		{BCBAB86F-B478-4BE7-BEC9-5A956287106A}.Release|iPhoneSimulator.Build.0 = Release|Any CPU
		{BCBAB86F-B478-4BE7-BEC9-5A956287106A}.Release|x64.ActiveCfg = Release|Any CPU
		{BCBAB86F-B478-4BE7-BEC9-5A956287106A}.Release|x64.Build.0 = Release|Any CPU
		{BCBAB86F-B478-4BE7-BEC9-5A956287106A}.Release|x86.ActiveCfg = Release|Any CPU
		{BCBAB86F-B478-4BE7-BEC9-5A956287106A}.Release|x86.Build.0 = Release|Any CPU
		{675ED31C-275C-4128-92D7-A86ABC322F09}.Ad-Hoc|Any CPU.ActiveCfg = Release|Any CPU
		{675ED31C-275C-4128-92D7-A86ABC322F09}.Ad-Hoc|Any CPU.Build.0 = Release|Any CPU
		{675ED31C-275C-4128-92D7-A86ABC322F09}.Ad-Hoc|ARM.ActiveCfg = Release|Any CPU
		{675ED31C-275C-4128-92D7-A86ABC322F09}.Ad-Hoc|ARM.Build.0 = Release|Any CPU
		{675ED31C-275C-4128-92D7-A86ABC322F09}.Ad-Hoc|iPhone.ActiveCfg = Release|Any CPU
		{675ED31C-275C-4128-92D7-A86ABC322F09}.Ad-Hoc|iPhone.Build.0 = Release|Any CPU
		{675ED31C-275C-4128-92D7-A86ABC322F09}.Ad-Hoc|iPhoneSimulator.ActiveCfg = Release|Any CPU
		{675ED31C-275C-4128-92D7-A86ABC322F09}.Ad-Hoc|iPhoneSimulator.Build.0 = Release|Any CPU
		{675ED31C-275C-4128-92D7-A86ABC322F09}.Ad-Hoc|x64.ActiveCfg = Release|Any CPU
		{675ED31C-275C-4128-92D7-A86ABC322F09}.Ad-Hoc|x64.Build.0 = Release|Any CPU
		{675ED31C-275C-4128-92D7-A86ABC322F09}.Ad-Hoc|x86.ActiveCfg = Release|Any CPU
		{675ED31C-275C-4128-92D7-A86ABC322F09}.Ad-Hoc|x86.Build.0 = Release|Any CPU
		{675ED31C-275C-4128-92D7-A86ABC322F09}.AppStore|Any CPU.ActiveCfg = Release|Any CPU
		{675ED31C-275C-4128-92D7-A86ABC322F09}.AppStore|Any CPU.Build.0 = Release|Any CPU
		{675ED31C-275C-4128-92D7-A86ABC322F09}.AppStore|ARM.ActiveCfg = Release|Any CPU
		{675ED31C-275C-4128-92D7-A86ABC322F09}.AppStore|ARM.Build.0 = Release|Any CPU
		{675ED31C-275C-4128-92D7-A86ABC322F09}.AppStore|iPhone.ActiveCfg = Release|Any CPU
		{675ED31C-275C-4128-92D7-A86ABC322F09}.AppStore|iPhone.Build.0 = Release|Any CPU
		{675ED31C-275C-4128-92D7-A86ABC322F09}.AppStore|iPhoneSimulator.ActiveCfg = Release|Any CPU
		{675ED31C-275C-4128-92D7-A86ABC322F09}.AppStore|iPhoneSimulator.Build.0 = Release|Any CPU
		{675ED31C-275C-4128-92D7-A86ABC322F09}.AppStore|x64.ActiveCfg = Release|Any CPU
		{675ED31C-275C-4128-92D7-A86ABC322F09}.AppStore|x64.Build.0 = Release|Any CPU
		{675ED31C-275C-4128-92D7-A86ABC322F09}.AppStore|x86.ActiveCfg = Release|Any CPU
		{675ED31C-275C-4128-92D7-A86ABC322F09}.AppStore|x86.Build.0 = Release|Any CPU
		{675ED31C-275C-4128-92D7-A86ABC322F09}.Debug|Any CPU.ActiveCfg = Debug|Any CPU
		{675ED31C-275C-4128-92D7-A86ABC322F09}.Debug|Any CPU.Build.0 = Debug|Any CPU
		{675ED31C-275C-4128-92D7-A86ABC322F09}.Debug|ARM.ActiveCfg = Debug|Any CPU
		{675ED31C-275C-4128-92D7-A86ABC322F09}.Debug|ARM.Build.0 = Debug|Any CPU
		{675ED31C-275C-4128-92D7-A86ABC322F09}.Debug|iPhone.ActiveCfg = Debug|Any CPU
		{675ED31C-275C-4128-92D7-A86ABC322F09}.Debug|iPhone.Build.0 = Debug|Any CPU
		{675ED31C-275C-4128-92D7-A86ABC322F09}.Debug|iPhoneSimulator.ActiveCfg = Debug|Any CPU
		{675ED31C-275C-4128-92D7-A86ABC322F09}.Debug|iPhoneSimulator.Build.0 = Debug|Any CPU
		{675ED31C-275C-4128-92D7-A86ABC322F09}.Debug|x64.ActiveCfg = Debug|Any CPU
		{675ED31C-275C-4128-92D7-A86ABC322F09}.Debug|x64.Build.0 = Debug|Any CPU
		{675ED31C-275C-4128-92D7-A86ABC322F09}.Debug|x86.ActiveCfg = Debug|Any CPU
		{675ED31C-275C-4128-92D7-A86ABC322F09}.Debug|x86.Build.0 = Debug|Any CPU
		{675ED31C-275C-4128-92D7-A86ABC322F09}.Release|Any CPU.ActiveCfg = Release|Any CPU
		{675ED31C-275C-4128-92D7-A86ABC322F09}.Release|Any CPU.Build.0 = Release|Any CPU
		{675ED31C-275C-4128-92D7-A86ABC322F09}.Release|ARM.ActiveCfg = Release|Any CPU
		{675ED31C-275C-4128-92D7-A86ABC322F09}.Release|ARM.Build.0 = Release|Any CPU
		{675ED31C-275C-4128-92D7-A86ABC322F09}.Release|iPhone.ActiveCfg = Release|Any CPU
		{675ED31C-275C-4128-92D7-A86ABC322F09}.Release|iPhone.Build.0 = Release|Any CPU
		{675ED31C-275C-4128-92D7-A86ABC322F09}.Release|iPhoneSimulator.ActiveCfg = Release|Any CPU
		{675ED31C-275C-4128-92D7-A86ABC322F09}.Release|iPhoneSimulator.Build.0 = Release|Any CPU
		{675ED31C-275C-4128-92D7-A86ABC322F09}.Release|x64.ActiveCfg = Release|Any CPU
		{675ED31C-275C-4128-92D7-A86ABC322F09}.Release|x64.Build.0 = Release|Any CPU
		{675ED31C-275C-4128-92D7-A86ABC322F09}.Release|x86.ActiveCfg = Release|Any CPU
		{675ED31C-275C-4128-92D7-A86ABC322F09}.Release|x86.Build.0 = Release|Any CPU
		{184F8572-0B6D-49B9-B657-2CD68B3EDBC7}.Ad-Hoc|Any CPU.ActiveCfg = AppStore|Any CPU
		{184F8572-0B6D-49B9-B657-2CD68B3EDBC7}.Ad-Hoc|Any CPU.Build.0 = AppStore|Any CPU
		{184F8572-0B6D-49B9-B657-2CD68B3EDBC7}.Ad-Hoc|ARM.ActiveCfg = AppStore|Any CPU
		{184F8572-0B6D-49B9-B657-2CD68B3EDBC7}.Ad-Hoc|ARM.Build.0 = AppStore|Any CPU
		{184F8572-0B6D-49B9-B657-2CD68B3EDBC7}.Ad-Hoc|iPhone.ActiveCfg = AppStore|Any CPU
		{184F8572-0B6D-49B9-B657-2CD68B3EDBC7}.Ad-Hoc|iPhone.Build.0 = AppStore|Any CPU
		{184F8572-0B6D-49B9-B657-2CD68B3EDBC7}.Ad-Hoc|iPhoneSimulator.ActiveCfg = AppStore|Any CPU
		{184F8572-0B6D-49B9-B657-2CD68B3EDBC7}.Ad-Hoc|iPhoneSimulator.Build.0 = AppStore|Any CPU
		{184F8572-0B6D-49B9-B657-2CD68B3EDBC7}.Ad-Hoc|x64.ActiveCfg = AppStore|Any CPU
		{184F8572-0B6D-49B9-B657-2CD68B3EDBC7}.Ad-Hoc|x64.Build.0 = AppStore|Any CPU
		{184F8572-0B6D-49B9-B657-2CD68B3EDBC7}.Ad-Hoc|x86.ActiveCfg = AppStore|Any CPU
		{184F8572-0B6D-49B9-B657-2CD68B3EDBC7}.Ad-Hoc|x86.Build.0 = AppStore|Any CPU
		{184F8572-0B6D-49B9-B657-2CD68B3EDBC7}.AppStore|Any CPU.ActiveCfg = AppStore|Any CPU
		{184F8572-0B6D-49B9-B657-2CD68B3EDBC7}.AppStore|Any CPU.Build.0 = AppStore|Any CPU
		{184F8572-0B6D-49B9-B657-2CD68B3EDBC7}.AppStore|ARM.ActiveCfg = AppStore|Any CPU
		{184F8572-0B6D-49B9-B657-2CD68B3EDBC7}.AppStore|ARM.Build.0 = AppStore|Any CPU
		{184F8572-0B6D-49B9-B657-2CD68B3EDBC7}.AppStore|iPhone.ActiveCfg = AppStore|Any CPU
		{184F8572-0B6D-49B9-B657-2CD68B3EDBC7}.AppStore|iPhone.Build.0 = AppStore|Any CPU
		{184F8572-0B6D-49B9-B657-2CD68B3EDBC7}.AppStore|iPhoneSimulator.ActiveCfg = AppStore|Any CPU
		{184F8572-0B6D-49B9-B657-2CD68B3EDBC7}.AppStore|iPhoneSimulator.Build.0 = AppStore|Any CPU
		{184F8572-0B6D-49B9-B657-2CD68B3EDBC7}.AppStore|x64.ActiveCfg = AppStore|Any CPU
		{184F8572-0B6D-49B9-B657-2CD68B3EDBC7}.AppStore|x64.Build.0 = AppStore|Any CPU
		{184F8572-0B6D-49B9-B657-2CD68B3EDBC7}.AppStore|x86.ActiveCfg = AppStore|Any CPU
		{184F8572-0B6D-49B9-B657-2CD68B3EDBC7}.AppStore|x86.Build.0 = AppStore|Any CPU
		{184F8572-0B6D-49B9-B657-2CD68B3EDBC7}.Debug|Any CPU.ActiveCfg = Debug|Any CPU
		{184F8572-0B6D-49B9-B657-2CD68B3EDBC7}.Debug|Any CPU.Build.0 = Debug|Any CPU
		{184F8572-0B6D-49B9-B657-2CD68B3EDBC7}.Debug|ARM.ActiveCfg = Debug|Any CPU
		{184F8572-0B6D-49B9-B657-2CD68B3EDBC7}.Debug|ARM.Build.0 = Debug|Any CPU
		{184F8572-0B6D-49B9-B657-2CD68B3EDBC7}.Debug|iPhone.ActiveCfg = Debug|Any CPU
		{184F8572-0B6D-49B9-B657-2CD68B3EDBC7}.Debug|iPhone.Build.0 = Debug|Any CPU
		{184F8572-0B6D-49B9-B657-2CD68B3EDBC7}.Debug|iPhoneSimulator.ActiveCfg = Debug|Any CPU
		{184F8572-0B6D-49B9-B657-2CD68B3EDBC7}.Debug|iPhoneSimulator.Build.0 = Debug|Any CPU
		{184F8572-0B6D-49B9-B657-2CD68B3EDBC7}.Debug|x64.ActiveCfg = Debug|Any CPU
		{184F8572-0B6D-49B9-B657-2CD68B3EDBC7}.Debug|x64.Build.0 = Debug|Any CPU
		{184F8572-0B6D-49B9-B657-2CD68B3EDBC7}.Debug|x86.ActiveCfg = Debug|Any CPU
		{184F8572-0B6D-49B9-B657-2CD68B3EDBC7}.Debug|x86.Build.0 = Debug|Any CPU
		{184F8572-0B6D-49B9-B657-2CD68B3EDBC7}.Release|Any CPU.ActiveCfg = Release|Any CPU
		{184F8572-0B6D-49B9-B657-2CD68B3EDBC7}.Release|Any CPU.Build.0 = Release|Any CPU
		{184F8572-0B6D-49B9-B657-2CD68B3EDBC7}.Release|ARM.ActiveCfg = Release|Any CPU
		{184F8572-0B6D-49B9-B657-2CD68B3EDBC7}.Release|ARM.Build.0 = Release|Any CPU
		{184F8572-0B6D-49B9-B657-2CD68B3EDBC7}.Release|iPhone.ActiveCfg = Release|Any CPU
		{184F8572-0B6D-49B9-B657-2CD68B3EDBC7}.Release|iPhone.Build.0 = Release|Any CPU
		{184F8572-0B6D-49B9-B657-2CD68B3EDBC7}.Release|iPhoneSimulator.ActiveCfg = Release|Any CPU
		{184F8572-0B6D-49B9-B657-2CD68B3EDBC7}.Release|iPhoneSimulator.Build.0 = Release|Any CPU
		{184F8572-0B6D-49B9-B657-2CD68B3EDBC7}.Release|x64.ActiveCfg = Release|Any CPU
		{184F8572-0B6D-49B9-B657-2CD68B3EDBC7}.Release|x64.Build.0 = Release|Any CPU
		{184F8572-0B6D-49B9-B657-2CD68B3EDBC7}.Release|x86.ActiveCfg = Release|Any CPU
		{184F8572-0B6D-49B9-B657-2CD68B3EDBC7}.Release|x86.Build.0 = Release|Any CPU
		{7C4EEA14-0FB9-4AEE-997E-9281AE524B62}.Ad-Hoc|Any CPU.ActiveCfg = Release|Any CPU
		{7C4EEA14-0FB9-4AEE-997E-9281AE524B62}.Ad-Hoc|Any CPU.Build.0 = Release|Any CPU
		{7C4EEA14-0FB9-4AEE-997E-9281AE524B62}.Ad-Hoc|ARM.ActiveCfg = Release|ARM
		{7C4EEA14-0FB9-4AEE-997E-9281AE524B62}.Ad-Hoc|ARM.Build.0 = Release|ARM
		{7C4EEA14-0FB9-4AEE-997E-9281AE524B62}.Ad-Hoc|iPhone.ActiveCfg = Release|Any CPU
		{7C4EEA14-0FB9-4AEE-997E-9281AE524B62}.Ad-Hoc|iPhone.Build.0 = Release|Any CPU
		{7C4EEA14-0FB9-4AEE-997E-9281AE524B62}.Ad-Hoc|iPhoneSimulator.ActiveCfg = Release|Any CPU
		{7C4EEA14-0FB9-4AEE-997E-9281AE524B62}.Ad-Hoc|iPhoneSimulator.Build.0 = Release|Any CPU
		{7C4EEA14-0FB9-4AEE-997E-9281AE524B62}.Ad-Hoc|x64.ActiveCfg = Release|x64
		{7C4EEA14-0FB9-4AEE-997E-9281AE524B62}.Ad-Hoc|x64.Build.0 = Release|x64
		{7C4EEA14-0FB9-4AEE-997E-9281AE524B62}.Ad-Hoc|x86.ActiveCfg = Release|x86
		{7C4EEA14-0FB9-4AEE-997E-9281AE524B62}.Ad-Hoc|x86.Build.0 = Release|x86
		{7C4EEA14-0FB9-4AEE-997E-9281AE524B62}.AppStore|Any CPU.ActiveCfg = Release|Any CPU
		{7C4EEA14-0FB9-4AEE-997E-9281AE524B62}.AppStore|Any CPU.Build.0 = Release|Any CPU
		{7C4EEA14-0FB9-4AEE-997E-9281AE524B62}.AppStore|ARM.ActiveCfg = Release|ARM
		{7C4EEA14-0FB9-4AEE-997E-9281AE524B62}.AppStore|ARM.Build.0 = Release|ARM
		{7C4EEA14-0FB9-4AEE-997E-9281AE524B62}.AppStore|iPhone.ActiveCfg = Release|Any CPU
		{7C4EEA14-0FB9-4AEE-997E-9281AE524B62}.AppStore|iPhone.Build.0 = Release|Any CPU
		{7C4EEA14-0FB9-4AEE-997E-9281AE524B62}.AppStore|iPhoneSimulator.ActiveCfg = Release|Any CPU
		{7C4EEA14-0FB9-4AEE-997E-9281AE524B62}.AppStore|iPhoneSimulator.Build.0 = Release|Any CPU
		{7C4EEA14-0FB9-4AEE-997E-9281AE524B62}.AppStore|x64.ActiveCfg = Release|x64
		{7C4EEA14-0FB9-4AEE-997E-9281AE524B62}.AppStore|x64.Build.0 = Release|x64
		{7C4EEA14-0FB9-4AEE-997E-9281AE524B62}.AppStore|x86.ActiveCfg = Release|x86
		{7C4EEA14-0FB9-4AEE-997E-9281AE524B62}.AppStore|x86.Build.0 = Release|x86
		{7C4EEA14-0FB9-4AEE-997E-9281AE524B62}.Debug|Any CPU.ActiveCfg = Debug|Any CPU
		{7C4EEA14-0FB9-4AEE-997E-9281AE524B62}.Debug|Any CPU.Build.0 = Debug|Any CPU
		{7C4EEA14-0FB9-4AEE-997E-9281AE524B62}.Debug|ARM.ActiveCfg = Debug|ARM
		{7C4EEA14-0FB9-4AEE-997E-9281AE524B62}.Debug|ARM.Build.0 = Debug|ARM
		{7C4EEA14-0FB9-4AEE-997E-9281AE524B62}.Debug|iPhone.ActiveCfg = Debug|Any CPU
		{7C4EEA14-0FB9-4AEE-997E-9281AE524B62}.Debug|iPhone.Build.0 = Debug|Any CPU
		{7C4EEA14-0FB9-4AEE-997E-9281AE524B62}.Debug|iPhoneSimulator.ActiveCfg = Debug|Any CPU
		{7C4EEA14-0FB9-4AEE-997E-9281AE524B62}.Debug|iPhoneSimulator.Build.0 = Debug|Any CPU
		{7C4EEA14-0FB9-4AEE-997E-9281AE524B62}.Debug|x64.ActiveCfg = Debug|x64
		{7C4EEA14-0FB9-4AEE-997E-9281AE524B62}.Debug|x64.Build.0 = Debug|x64
		{7C4EEA14-0FB9-4AEE-997E-9281AE524B62}.Debug|x86.ActiveCfg = Debug|x86
		{7C4EEA14-0FB9-4AEE-997E-9281AE524B62}.Debug|x86.Build.0 = Debug|x86
		{7C4EEA14-0FB9-4AEE-997E-9281AE524B62}.Release|Any CPU.ActiveCfg = Release|Any CPU
		{7C4EEA14-0FB9-4AEE-997E-9281AE524B62}.Release|Any CPU.Build.0 = Release|Any CPU
		{7C4EEA14-0FB9-4AEE-997E-9281AE524B62}.Release|ARM.ActiveCfg = Release|ARM
		{7C4EEA14-0FB9-4AEE-997E-9281AE524B62}.Release|ARM.Build.0 = Release|ARM
		{7C4EEA14-0FB9-4AEE-997E-9281AE524B62}.Release|iPhone.ActiveCfg = Release|Any CPU
		{7C4EEA14-0FB9-4AEE-997E-9281AE524B62}.Release|iPhone.Build.0 = Release|Any CPU
		{7C4EEA14-0FB9-4AEE-997E-9281AE524B62}.Release|iPhoneSimulator.ActiveCfg = Release|Any CPU
		{7C4EEA14-0FB9-4AEE-997E-9281AE524B62}.Release|iPhoneSimulator.Build.0 = Release|Any CPU
		{7C4EEA14-0FB9-4AEE-997E-9281AE524B62}.Release|x64.ActiveCfg = Release|x64
		{7C4EEA14-0FB9-4AEE-997E-9281AE524B62}.Release|x64.Build.0 = Release|x64
		{7C4EEA14-0FB9-4AEE-997E-9281AE524B62}.Release|x86.ActiveCfg = Release|x86
		{7C4EEA14-0FB9-4AEE-997E-9281AE524B62}.Release|x86.Build.0 = Release|x86
		{56F1DD78-04C2-419B-BE12-9AFE3E4D0883}.Ad-Hoc|Any CPU.ActiveCfg = Release|Any CPU
		{56F1DD78-04C2-419B-BE12-9AFE3E4D0883}.Ad-Hoc|Any CPU.Build.0 = Release|Any CPU
		{56F1DD78-04C2-419B-BE12-9AFE3E4D0883}.Ad-Hoc|ARM.ActiveCfg = Release|ARM
		{56F1DD78-04C2-419B-BE12-9AFE3E4D0883}.Ad-Hoc|ARM.Build.0 = Release|ARM
		{56F1DD78-04C2-419B-BE12-9AFE3E4D0883}.Ad-Hoc|iPhone.ActiveCfg = Release|Any CPU
		{56F1DD78-04C2-419B-BE12-9AFE3E4D0883}.Ad-Hoc|iPhone.Build.0 = Release|Any CPU
		{56F1DD78-04C2-419B-BE12-9AFE3E4D0883}.Ad-Hoc|iPhoneSimulator.ActiveCfg = Release|Any CPU
		{56F1DD78-04C2-419B-BE12-9AFE3E4D0883}.Ad-Hoc|iPhoneSimulator.Build.0 = Release|Any CPU
		{56F1DD78-04C2-419B-BE12-9AFE3E4D0883}.Ad-Hoc|x64.ActiveCfg = Release|x64
		{56F1DD78-04C2-419B-BE12-9AFE3E4D0883}.Ad-Hoc|x64.Build.0 = Release|x64
		{56F1DD78-04C2-419B-BE12-9AFE3E4D0883}.Ad-Hoc|x86.ActiveCfg = Release|x86
		{56F1DD78-04C2-419B-BE12-9AFE3E4D0883}.Ad-Hoc|x86.Build.0 = Release|x86
		{56F1DD78-04C2-419B-BE12-9AFE3E4D0883}.AppStore|Any CPU.ActiveCfg = Release|Any CPU
		{56F1DD78-04C2-419B-BE12-9AFE3E4D0883}.AppStore|Any CPU.Build.0 = Release|Any CPU
		{56F1DD78-04C2-419B-BE12-9AFE3E4D0883}.AppStore|ARM.ActiveCfg = Release|ARM
		{56F1DD78-04C2-419B-BE12-9AFE3E4D0883}.AppStore|ARM.Build.0 = Release|ARM
		{56F1DD78-04C2-419B-BE12-9AFE3E4D0883}.AppStore|iPhone.ActiveCfg = Release|Any CPU
		{56F1DD78-04C2-419B-BE12-9AFE3E4D0883}.AppStore|iPhone.Build.0 = Release|Any CPU
		{56F1DD78-04C2-419B-BE12-9AFE3E4D0883}.AppStore|iPhoneSimulator.ActiveCfg = Release|Any CPU
		{56F1DD78-04C2-419B-BE12-9AFE3E4D0883}.AppStore|iPhoneSimulator.Build.0 = Release|Any CPU
		{56F1DD78-04C2-419B-BE12-9AFE3E4D0883}.AppStore|x64.ActiveCfg = Release|x64
		{56F1DD78-04C2-419B-BE12-9AFE3E4D0883}.AppStore|x64.Build.0 = Release|x64
		{56F1DD78-04C2-419B-BE12-9AFE3E4D0883}.AppStore|x86.ActiveCfg = Release|x86
		{56F1DD78-04C2-419B-BE12-9AFE3E4D0883}.AppStore|x86.Build.0 = Release|x86
		{56F1DD78-04C2-419B-BE12-9AFE3E4D0883}.Debug|Any CPU.ActiveCfg = Debug|Any CPU
		{56F1DD78-04C2-419B-BE12-9AFE3E4D0883}.Debug|Any CPU.Build.0 = Debug|Any CPU
		{56F1DD78-04C2-419B-BE12-9AFE3E4D0883}.Debug|ARM.ActiveCfg = Debug|ARM
		{56F1DD78-04C2-419B-BE12-9AFE3E4D0883}.Debug|ARM.Build.0 = Debug|ARM
		{56F1DD78-04C2-419B-BE12-9AFE3E4D0883}.Debug|iPhone.ActiveCfg = Debug|Any CPU
		{56F1DD78-04C2-419B-BE12-9AFE3E4D0883}.Debug|iPhone.Build.0 = Debug|Any CPU
		{56F1DD78-04C2-419B-BE12-9AFE3E4D0883}.Debug|iPhoneSimulator.ActiveCfg = Debug|Any CPU
		{56F1DD78-04C2-419B-BE12-9AFE3E4D0883}.Debug|iPhoneSimulator.Build.0 = Debug|Any CPU
		{56F1DD78-04C2-419B-BE12-9AFE3E4D0883}.Debug|x64.ActiveCfg = Debug|x64
		{56F1DD78-04C2-419B-BE12-9AFE3E4D0883}.Debug|x64.Build.0 = Debug|x64
		{56F1DD78-04C2-419B-BE12-9AFE3E4D0883}.Debug|x86.ActiveCfg = Debug|x86
		{56F1DD78-04C2-419B-BE12-9AFE3E4D0883}.Debug|x86.Build.0 = Debug|x86
		{56F1DD78-04C2-419B-BE12-9AFE3E4D0883}.Release|Any CPU.ActiveCfg = Release|Any CPU
		{56F1DD78-04C2-419B-BE12-9AFE3E4D0883}.Release|Any CPU.Build.0 = Release|Any CPU
		{56F1DD78-04C2-419B-BE12-9AFE3E4D0883}.Release|ARM.ActiveCfg = Release|ARM
		{56F1DD78-04C2-419B-BE12-9AFE3E4D0883}.Release|ARM.Build.0 = Release|ARM
		{56F1DD78-04C2-419B-BE12-9AFE3E4D0883}.Release|iPhone.ActiveCfg = Release|Any CPU
		{56F1DD78-04C2-419B-BE12-9AFE3E4D0883}.Release|iPhone.Build.0 = Release|Any CPU
		{56F1DD78-04C2-419B-BE12-9AFE3E4D0883}.Release|iPhoneSimulator.ActiveCfg = Release|Any CPU
		{56F1DD78-04C2-419B-BE12-9AFE3E4D0883}.Release|iPhoneSimulator.Build.0 = Release|Any CPU
		{56F1DD78-04C2-419B-BE12-9AFE3E4D0883}.Release|x64.ActiveCfg = Release|x64
		{56F1DD78-04C2-419B-BE12-9AFE3E4D0883}.Release|x64.Build.0 = Release|x64
		{56F1DD78-04C2-419B-BE12-9AFE3E4D0883}.Release|x86.ActiveCfg = Release|x86
		{56F1DD78-04C2-419B-BE12-9AFE3E4D0883}.Release|x86.Build.0 = Release|x86
		{09ED2490-57F3-43F0-9CDE-839DF6D79A6A}.Ad-Hoc|Any CPU.ActiveCfg = Release|Any CPU
		{09ED2490-57F3-43F0-9CDE-839DF6D79A6A}.Ad-Hoc|Any CPU.Build.0 = Release|Any CPU
		{09ED2490-57F3-43F0-9CDE-839DF6D79A6A}.Ad-Hoc|ARM.ActiveCfg = Release|Any CPU
		{09ED2490-57F3-43F0-9CDE-839DF6D79A6A}.Ad-Hoc|ARM.Build.0 = Release|Any CPU
		{09ED2490-57F3-43F0-9CDE-839DF6D79A6A}.Ad-Hoc|iPhone.ActiveCfg = Release|Any CPU
		{09ED2490-57F3-43F0-9CDE-839DF6D79A6A}.Ad-Hoc|iPhone.Build.0 = Release|Any CPU
		{09ED2490-57F3-43F0-9CDE-839DF6D79A6A}.Ad-Hoc|iPhoneSimulator.ActiveCfg = Release|Any CPU
		{09ED2490-57F3-43F0-9CDE-839DF6D79A6A}.Ad-Hoc|iPhoneSimulator.Build.0 = Release|Any CPU
		{09ED2490-57F3-43F0-9CDE-839DF6D79A6A}.Ad-Hoc|x64.ActiveCfg = Release|Any CPU
		{09ED2490-57F3-43F0-9CDE-839DF6D79A6A}.Ad-Hoc|x64.Build.0 = Release|Any CPU
		{09ED2490-57F3-43F0-9CDE-839DF6D79A6A}.Ad-Hoc|x86.ActiveCfg = Release|Any CPU
		{09ED2490-57F3-43F0-9CDE-839DF6D79A6A}.Ad-Hoc|x86.Build.0 = Release|Any CPU
		{09ED2490-57F3-43F0-9CDE-839DF6D79A6A}.AppStore|Any CPU.ActiveCfg = Release|Any CPU
		{09ED2490-57F3-43F0-9CDE-839DF6D79A6A}.AppStore|Any CPU.Build.0 = Release|Any CPU
		{09ED2490-57F3-43F0-9CDE-839DF6D79A6A}.AppStore|ARM.ActiveCfg = Release|Any CPU
		{09ED2490-57F3-43F0-9CDE-839DF6D79A6A}.AppStore|ARM.Build.0 = Release|Any CPU
		{09ED2490-57F3-43F0-9CDE-839DF6D79A6A}.AppStore|iPhone.ActiveCfg = Release|Any CPU
		{09ED2490-57F3-43F0-9CDE-839DF6D79A6A}.AppStore|iPhone.Build.0 = Release|Any CPU
		{09ED2490-57F3-43F0-9CDE-839DF6D79A6A}.AppStore|iPhoneSimulator.ActiveCfg = Release|Any CPU
		{09ED2490-57F3-43F0-9CDE-839DF6D79A6A}.AppStore|iPhoneSimulator.Build.0 = Release|Any CPU
		{09ED2490-57F3-43F0-9CDE-839DF6D79A6A}.AppStore|x64.ActiveCfg = Release|Any CPU
		{09ED2490-57F3-43F0-9CDE-839DF6D79A6A}.AppStore|x64.Build.0 = Release|Any CPU
		{09ED2490-57F3-43F0-9CDE-839DF6D79A6A}.AppStore|x86.ActiveCfg = Release|Any CPU
		{09ED2490-57F3-43F0-9CDE-839DF6D79A6A}.AppStore|x86.Build.0 = Release|Any CPU
		{09ED2490-57F3-43F0-9CDE-839DF6D79A6A}.Debug|Any CPU.ActiveCfg = Debug|Any CPU
		{09ED2490-57F3-43F0-9CDE-839DF6D79A6A}.Debug|Any CPU.Build.0 = Debug|Any CPU
		{09ED2490-57F3-43F0-9CDE-839DF6D79A6A}.Debug|ARM.ActiveCfg = Debug|Any CPU
		{09ED2490-57F3-43F0-9CDE-839DF6D79A6A}.Debug|ARM.Build.0 = Debug|Any CPU
		{09ED2490-57F3-43F0-9CDE-839DF6D79A6A}.Debug|iPhone.ActiveCfg = Debug|Any CPU
		{09ED2490-57F3-43F0-9CDE-839DF6D79A6A}.Debug|iPhone.Build.0 = Debug|Any CPU
		{09ED2490-57F3-43F0-9CDE-839DF6D79A6A}.Debug|iPhoneSimulator.ActiveCfg = Debug|Any CPU
		{09ED2490-57F3-43F0-9CDE-839DF6D79A6A}.Debug|iPhoneSimulator.Build.0 = Debug|Any CPU
		{09ED2490-57F3-43F0-9CDE-839DF6D79A6A}.Debug|x64.ActiveCfg = Debug|Any CPU
		{09ED2490-57F3-43F0-9CDE-839DF6D79A6A}.Debug|x64.Build.0 = Debug|Any CPU
		{09ED2490-57F3-43F0-9CDE-839DF6D79A6A}.Debug|x86.ActiveCfg = Debug|Any CPU
		{09ED2490-57F3-43F0-9CDE-839DF6D79A6A}.Debug|x86.Build.0 = Debug|Any CPU
		{09ED2490-57F3-43F0-9CDE-839DF6D79A6A}.Release|Any CPU.ActiveCfg = Release|Any CPU
		{09ED2490-57F3-43F0-9CDE-839DF6D79A6A}.Release|Any CPU.Build.0 = Release|Any CPU
		{09ED2490-57F3-43F0-9CDE-839DF6D79A6A}.Release|ARM.ActiveCfg = Release|Any CPU
		{09ED2490-57F3-43F0-9CDE-839DF6D79A6A}.Release|ARM.Build.0 = Release|Any CPU
		{09ED2490-57F3-43F0-9CDE-839DF6D79A6A}.Release|iPhone.ActiveCfg = Release|Any CPU
		{09ED2490-57F3-43F0-9CDE-839DF6D79A6A}.Release|iPhone.Build.0 = Release|Any CPU
		{09ED2490-57F3-43F0-9CDE-839DF6D79A6A}.Release|iPhoneSimulator.ActiveCfg = Release|Any CPU
		{09ED2490-57F3-43F0-9CDE-839DF6D79A6A}.Release|iPhoneSimulator.Build.0 = Release|Any CPU
		{09ED2490-57F3-43F0-9CDE-839DF6D79A6A}.Release|x64.ActiveCfg = Release|Any CPU
		{09ED2490-57F3-43F0-9CDE-839DF6D79A6A}.Release|x64.Build.0 = Release|Any CPU
		{09ED2490-57F3-43F0-9CDE-839DF6D79A6A}.Release|x86.ActiveCfg = Release|Any CPU
		{09ED2490-57F3-43F0-9CDE-839DF6D79A6A}.Release|x86.Build.0 = Release|Any CPU
		{9B92D42B-FCAF-4062-94D5-910C86DFD293}.Ad-Hoc|Any CPU.ActiveCfg = Release|Any CPU
		{9B92D42B-FCAF-4062-94D5-910C86DFD293}.Ad-Hoc|Any CPU.Build.0 = Release|Any CPU
		{9B92D42B-FCAF-4062-94D5-910C86DFD293}.Ad-Hoc|ARM.ActiveCfg = Release|Any CPU
		{9B92D42B-FCAF-4062-94D5-910C86DFD293}.Ad-Hoc|ARM.Build.0 = Release|Any CPU
		{9B92D42B-FCAF-4062-94D5-910C86DFD293}.Ad-Hoc|iPhone.ActiveCfg = Release|Any CPU
		{9B92D42B-FCAF-4062-94D5-910C86DFD293}.Ad-Hoc|iPhone.Build.0 = Release|Any CPU
		{9B92D42B-FCAF-4062-94D5-910C86DFD293}.Ad-Hoc|iPhoneSimulator.ActiveCfg = Release|Any CPU
		{9B92D42B-FCAF-4062-94D5-910C86DFD293}.Ad-Hoc|iPhoneSimulator.Build.0 = Release|Any CPU
		{9B92D42B-FCAF-4062-94D5-910C86DFD293}.Ad-Hoc|x64.ActiveCfg = Release|Any CPU
		{9B92D42B-FCAF-4062-94D5-910C86DFD293}.Ad-Hoc|x64.Build.0 = Release|Any CPU
		{9B92D42B-FCAF-4062-94D5-910C86DFD293}.Ad-Hoc|x86.ActiveCfg = Release|Any CPU
		{9B92D42B-FCAF-4062-94D5-910C86DFD293}.Ad-Hoc|x86.Build.0 = Release|Any CPU
		{9B92D42B-FCAF-4062-94D5-910C86DFD293}.AppStore|Any CPU.ActiveCfg = Release|Any CPU
		{9B92D42B-FCAF-4062-94D5-910C86DFD293}.AppStore|Any CPU.Build.0 = Release|Any CPU
		{9B92D42B-FCAF-4062-94D5-910C86DFD293}.AppStore|ARM.ActiveCfg = Release|Any CPU
		{9B92D42B-FCAF-4062-94D5-910C86DFD293}.AppStore|ARM.Build.0 = Release|Any CPU
		{9B92D42B-FCAF-4062-94D5-910C86DFD293}.AppStore|iPhone.ActiveCfg = Release|Any CPU
		{9B92D42B-FCAF-4062-94D5-910C86DFD293}.AppStore|iPhone.Build.0 = Release|Any CPU
		{9B92D42B-FCAF-4062-94D5-910C86DFD293}.AppStore|iPhoneSimulator.ActiveCfg = Release|Any CPU
		{9B92D42B-FCAF-4062-94D5-910C86DFD293}.AppStore|iPhoneSimulator.Build.0 = Release|Any CPU
		{9B92D42B-FCAF-4062-94D5-910C86DFD293}.AppStore|x64.ActiveCfg = Release|Any CPU
		{9B92D42B-FCAF-4062-94D5-910C86DFD293}.AppStore|x64.Build.0 = Release|Any CPU
		{9B92D42B-FCAF-4062-94D5-910C86DFD293}.AppStore|x86.ActiveCfg = Release|Any CPU
		{9B92D42B-FCAF-4062-94D5-910C86DFD293}.AppStore|x86.Build.0 = Release|Any CPU
		{9B92D42B-FCAF-4062-94D5-910C86DFD293}.Debug|Any CPU.ActiveCfg = Debug|Any CPU
		{9B92D42B-FCAF-4062-94D5-910C86DFD293}.Debug|Any CPU.Build.0 = Debug|Any CPU
		{9B92D42B-FCAF-4062-94D5-910C86DFD293}.Debug|ARM.ActiveCfg = Debug|Any CPU
		{9B92D42B-FCAF-4062-94D5-910C86DFD293}.Debug|ARM.Build.0 = Debug|Any CPU
		{9B92D42B-FCAF-4062-94D5-910C86DFD293}.Debug|iPhone.ActiveCfg = Debug|Any CPU
		{9B92D42B-FCAF-4062-94D5-910C86DFD293}.Debug|iPhone.Build.0 = Debug|Any CPU
		{9B92D42B-FCAF-4062-94D5-910C86DFD293}.Debug|iPhoneSimulator.ActiveCfg = Debug|Any CPU
		{9B92D42B-FCAF-4062-94D5-910C86DFD293}.Debug|iPhoneSimulator.Build.0 = Debug|Any CPU
		{9B92D42B-FCAF-4062-94D5-910C86DFD293}.Debug|x64.ActiveCfg = Debug|Any CPU
		{9B92D42B-FCAF-4062-94D5-910C86DFD293}.Debug|x64.Build.0 = Debug|Any CPU
		{9B92D42B-FCAF-4062-94D5-910C86DFD293}.Debug|x86.ActiveCfg = Debug|Any CPU
		{9B92D42B-FCAF-4062-94D5-910C86DFD293}.Debug|x86.Build.0 = Debug|Any CPU
		{9B92D42B-FCAF-4062-94D5-910C86DFD293}.Release|Any CPU.ActiveCfg = Release|Any CPU
		{9B92D42B-FCAF-4062-94D5-910C86DFD293}.Release|Any CPU.Build.0 = Release|Any CPU
		{9B92D42B-FCAF-4062-94D5-910C86DFD293}.Release|ARM.ActiveCfg = Release|Any CPU
		{9B92D42B-FCAF-4062-94D5-910C86DFD293}.Release|ARM.Build.0 = Release|Any CPU
		{9B92D42B-FCAF-4062-94D5-910C86DFD293}.Release|iPhone.ActiveCfg = Release|Any CPU
		{9B92D42B-FCAF-4062-94D5-910C86DFD293}.Release|iPhone.Build.0 = Release|Any CPU
		{9B92D42B-FCAF-4062-94D5-910C86DFD293}.Release|iPhoneSimulator.ActiveCfg = Release|Any CPU
		{9B92D42B-FCAF-4062-94D5-910C86DFD293}.Release|iPhoneSimulator.Build.0 = Release|Any CPU
		{9B92D42B-FCAF-4062-94D5-910C86DFD293}.Release|x64.ActiveCfg = Release|Any CPU
		{9B92D42B-FCAF-4062-94D5-910C86DFD293}.Release|x64.Build.0 = Release|Any CPU
		{9B92D42B-FCAF-4062-94D5-910C86DFD293}.Release|x86.ActiveCfg = Release|Any CPU
		{9B92D42B-FCAF-4062-94D5-910C86DFD293}.Release|x86.Build.0 = Release|Any CPU
		{6B344417-0A6A-417F-B3F9-BA2DA4A0512C}.Ad-Hoc|Any CPU.ActiveCfg = Release|Any CPU
		{6B344417-0A6A-417F-B3F9-BA2DA4A0512C}.Ad-Hoc|Any CPU.Build.0 = Release|Any CPU
		{6B344417-0A6A-417F-B3F9-BA2DA4A0512C}.Ad-Hoc|ARM.ActiveCfg = Release|Any CPU
		{6B344417-0A6A-417F-B3F9-BA2DA4A0512C}.Ad-Hoc|ARM.Build.0 = Release|Any CPU
		{6B344417-0A6A-417F-B3F9-BA2DA4A0512C}.Ad-Hoc|iPhone.ActiveCfg = Release|Any CPU
		{6B344417-0A6A-417F-B3F9-BA2DA4A0512C}.Ad-Hoc|iPhone.Build.0 = Release|Any CPU
		{6B344417-0A6A-417F-B3F9-BA2DA4A0512C}.Ad-Hoc|iPhoneSimulator.ActiveCfg = Release|Any CPU
		{6B344417-0A6A-417F-B3F9-BA2DA4A0512C}.Ad-Hoc|iPhoneSimulator.Build.0 = Release|Any CPU
		{6B344417-0A6A-417F-B3F9-BA2DA4A0512C}.Ad-Hoc|x64.ActiveCfg = Release|Any CPU
		{6B344417-0A6A-417F-B3F9-BA2DA4A0512C}.Ad-Hoc|x64.Build.0 = Release|Any CPU
		{6B344417-0A6A-417F-B3F9-BA2DA4A0512C}.Ad-Hoc|x86.ActiveCfg = Release|Any CPU
		{6B344417-0A6A-417F-B3F9-BA2DA4A0512C}.Ad-Hoc|x86.Build.0 = Release|Any CPU
		{6B344417-0A6A-417F-B3F9-BA2DA4A0512C}.AppStore|Any CPU.ActiveCfg = Release|Any CPU
		{6B344417-0A6A-417F-B3F9-BA2DA4A0512C}.AppStore|Any CPU.Build.0 = Release|Any CPU
		{6B344417-0A6A-417F-B3F9-BA2DA4A0512C}.AppStore|ARM.ActiveCfg = Release|Any CPU
		{6B344417-0A6A-417F-B3F9-BA2DA4A0512C}.AppStore|ARM.Build.0 = Release|Any CPU
		{6B344417-0A6A-417F-B3F9-BA2DA4A0512C}.AppStore|iPhone.ActiveCfg = Release|Any CPU
		{6B344417-0A6A-417F-B3F9-BA2DA4A0512C}.AppStore|iPhone.Build.0 = Release|Any CPU
		{6B344417-0A6A-417F-B3F9-BA2DA4A0512C}.AppStore|iPhoneSimulator.ActiveCfg = Release|Any CPU
		{6B344417-0A6A-417F-B3F9-BA2DA4A0512C}.AppStore|iPhoneSimulator.Build.0 = Release|Any CPU
		{6B344417-0A6A-417F-B3F9-BA2DA4A0512C}.AppStore|x64.ActiveCfg = Release|Any CPU
		{6B344417-0A6A-417F-B3F9-BA2DA4A0512C}.AppStore|x64.Build.0 = Release|Any CPU
		{6B344417-0A6A-417F-B3F9-BA2DA4A0512C}.AppStore|x86.ActiveCfg = Release|Any CPU
		{6B344417-0A6A-417F-B3F9-BA2DA4A0512C}.AppStore|x86.Build.0 = Release|Any CPU
		{6B344417-0A6A-417F-B3F9-BA2DA4A0512C}.Debug|Any CPU.ActiveCfg = Debug|Any CPU
		{6B344417-0A6A-417F-B3F9-BA2DA4A0512C}.Debug|Any CPU.Build.0 = Debug|Any CPU
		{6B344417-0A6A-417F-B3F9-BA2DA4A0512C}.Debug|ARM.ActiveCfg = Debug|Any CPU
		{6B344417-0A6A-417F-B3F9-BA2DA4A0512C}.Debug|ARM.Build.0 = Debug|Any CPU
		{6B344417-0A6A-417F-B3F9-BA2DA4A0512C}.Debug|iPhone.ActiveCfg = Debug|Any CPU
		{6B344417-0A6A-417F-B3F9-BA2DA4A0512C}.Debug|iPhone.Build.0 = Debug|Any CPU
		{6B344417-0A6A-417F-B3F9-BA2DA4A0512C}.Debug|iPhoneSimulator.ActiveCfg = Debug|Any CPU
		{6B344417-0A6A-417F-B3F9-BA2DA4A0512C}.Debug|iPhoneSimulator.Build.0 = Debug|Any CPU
		{6B344417-0A6A-417F-B3F9-BA2DA4A0512C}.Debug|x64.ActiveCfg = Debug|Any CPU
		{6B344417-0A6A-417F-B3F9-BA2DA4A0512C}.Debug|x64.Build.0 = Debug|Any CPU
		{6B344417-0A6A-417F-B3F9-BA2DA4A0512C}.Debug|x86.ActiveCfg = Debug|Any CPU
		{6B344417-0A6A-417F-B3F9-BA2DA4A0512C}.Debug|x86.Build.0 = Debug|Any CPU
		{6B344417-0A6A-417F-B3F9-BA2DA4A0512C}.Release|Any CPU.ActiveCfg = Release|Any CPU
		{6B344417-0A6A-417F-B3F9-BA2DA4A0512C}.Release|Any CPU.Build.0 = Release|Any CPU
		{6B344417-0A6A-417F-B3F9-BA2DA4A0512C}.Release|ARM.ActiveCfg = Release|Any CPU
		{6B344417-0A6A-417F-B3F9-BA2DA4A0512C}.Release|ARM.Build.0 = Release|Any CPU
		{6B344417-0A6A-417F-B3F9-BA2DA4A0512C}.Release|iPhone.ActiveCfg = Release|Any CPU
		{6B344417-0A6A-417F-B3F9-BA2DA4A0512C}.Release|iPhone.Build.0 = Release|Any CPU
		{6B344417-0A6A-417F-B3F9-BA2DA4A0512C}.Release|iPhoneSimulator.ActiveCfg = Release|Any CPU
		{6B344417-0A6A-417F-B3F9-BA2DA4A0512C}.Release|iPhoneSimulator.Build.0 = Release|Any CPU
		{6B344417-0A6A-417F-B3F9-BA2DA4A0512C}.Release|x64.ActiveCfg = Release|Any CPU
		{6B344417-0A6A-417F-B3F9-BA2DA4A0512C}.Release|x64.Build.0 = Release|Any CPU
		{6B344417-0A6A-417F-B3F9-BA2DA4A0512C}.Release|x86.ActiveCfg = Release|Any CPU
		{6B344417-0A6A-417F-B3F9-BA2DA4A0512C}.Release|x86.Build.0 = Release|Any CPU
		{C5497E89-8EA7-45B1-BAC9-22F14699D100}.Ad-Hoc|Any CPU.ActiveCfg = Debug|Any CPU
		{C5497E89-8EA7-45B1-BAC9-22F14699D100}.Ad-Hoc|Any CPU.Build.0 = Debug|Any CPU
		{C5497E89-8EA7-45B1-BAC9-22F14699D100}.Ad-Hoc|ARM.ActiveCfg = Debug|Any CPU
		{C5497E89-8EA7-45B1-BAC9-22F14699D100}.Ad-Hoc|ARM.Build.0 = Debug|Any CPU
		{C5497E89-8EA7-45B1-BAC9-22F14699D100}.Ad-Hoc|iPhone.ActiveCfg = Debug|Any CPU
		{C5497E89-8EA7-45B1-BAC9-22F14699D100}.Ad-Hoc|iPhone.Build.0 = Debug|Any CPU
		{C5497E89-8EA7-45B1-BAC9-22F14699D100}.Ad-Hoc|iPhoneSimulator.ActiveCfg = Debug|Any CPU
		{C5497E89-8EA7-45B1-BAC9-22F14699D100}.Ad-Hoc|iPhoneSimulator.Build.0 = Debug|Any CPU
		{C5497E89-8EA7-45B1-BAC9-22F14699D100}.Ad-Hoc|x64.ActiveCfg = Debug|Any CPU
		{C5497E89-8EA7-45B1-BAC9-22F14699D100}.Ad-Hoc|x64.Build.0 = Debug|Any CPU
		{C5497E89-8EA7-45B1-BAC9-22F14699D100}.Ad-Hoc|x86.ActiveCfg = Debug|Any CPU
		{C5497E89-8EA7-45B1-BAC9-22F14699D100}.Ad-Hoc|x86.Build.0 = Debug|Any CPU
		{C5497E89-8EA7-45B1-BAC9-22F14699D100}.AppStore|Any CPU.ActiveCfg = Debug|Any CPU
		{C5497E89-8EA7-45B1-BAC9-22F14699D100}.AppStore|Any CPU.Build.0 = Debug|Any CPU
		{C5497E89-8EA7-45B1-BAC9-22F14699D100}.AppStore|ARM.ActiveCfg = Debug|Any CPU
		{C5497E89-8EA7-45B1-BAC9-22F14699D100}.AppStore|ARM.Build.0 = Debug|Any CPU
		{C5497E89-8EA7-45B1-BAC9-22F14699D100}.AppStore|iPhone.ActiveCfg = Debug|Any CPU
		{C5497E89-8EA7-45B1-BAC9-22F14699D100}.AppStore|iPhone.Build.0 = Debug|Any CPU
		{C5497E89-8EA7-45B1-BAC9-22F14699D100}.AppStore|iPhoneSimulator.ActiveCfg = Debug|Any CPU
		{C5497E89-8EA7-45B1-BAC9-22F14699D100}.AppStore|iPhoneSimulator.Build.0 = Debug|Any CPU
		{C5497E89-8EA7-45B1-BAC9-22F14699D100}.AppStore|x64.ActiveCfg = Debug|Any CPU
		{C5497E89-8EA7-45B1-BAC9-22F14699D100}.AppStore|x64.Build.0 = Debug|Any CPU
		{C5497E89-8EA7-45B1-BAC9-22F14699D100}.AppStore|x86.ActiveCfg = Debug|Any CPU
		{C5497E89-8EA7-45B1-BAC9-22F14699D100}.AppStore|x86.Build.0 = Debug|Any CPU
		{C5497E89-8EA7-45B1-BAC9-22F14699D100}.Debug|Any CPU.ActiveCfg = Debug|Any CPU
		{C5497E89-8EA7-45B1-BAC9-22F14699D100}.Debug|Any CPU.Build.0 = Debug|Any CPU
		{C5497E89-8EA7-45B1-BAC9-22F14699D100}.Debug|ARM.ActiveCfg = Debug|Any CPU
		{C5497E89-8EA7-45B1-BAC9-22F14699D100}.Debug|ARM.Build.0 = Debug|Any CPU
		{C5497E89-8EA7-45B1-BAC9-22F14699D100}.Debug|iPhone.ActiveCfg = Debug|Any CPU
		{C5497E89-8EA7-45B1-BAC9-22F14699D100}.Debug|iPhone.Build.0 = Debug|Any CPU
		{C5497E89-8EA7-45B1-BAC9-22F14699D100}.Debug|iPhoneSimulator.ActiveCfg = Debug|Any CPU
		{C5497E89-8EA7-45B1-BAC9-22F14699D100}.Debug|iPhoneSimulator.Build.0 = Debug|Any CPU
		{C5497E89-8EA7-45B1-BAC9-22F14699D100}.Debug|x64.ActiveCfg = Debug|Any CPU
		{C5497E89-8EA7-45B1-BAC9-22F14699D100}.Debug|x64.Build.0 = Debug|Any CPU
		{C5497E89-8EA7-45B1-BAC9-22F14699D100}.Debug|x86.ActiveCfg = Debug|Any CPU
		{C5497E89-8EA7-45B1-BAC9-22F14699D100}.Debug|x86.Build.0 = Debug|Any CPU
		{C5497E89-8EA7-45B1-BAC9-22F14699D100}.Release|Any CPU.ActiveCfg = Release|Any CPU
		{C5497E89-8EA7-45B1-BAC9-22F14699D100}.Release|Any CPU.Build.0 = Release|Any CPU
		{C5497E89-8EA7-45B1-BAC9-22F14699D100}.Release|ARM.ActiveCfg = Release|Any CPU
		{C5497E89-8EA7-45B1-BAC9-22F14699D100}.Release|ARM.Build.0 = Release|Any CPU
		{C5497E89-8EA7-45B1-BAC9-22F14699D100}.Release|iPhone.ActiveCfg = Release|Any CPU
		{C5497E89-8EA7-45B1-BAC9-22F14699D100}.Release|iPhone.Build.0 = Release|Any CPU
		{C5497E89-8EA7-45B1-BAC9-22F14699D100}.Release|iPhoneSimulator.ActiveCfg = Release|Any CPU
		{C5497E89-8EA7-45B1-BAC9-22F14699D100}.Release|iPhoneSimulator.Build.0 = Release|Any CPU
		{C5497E89-8EA7-45B1-BAC9-22F14699D100}.Release|x64.ActiveCfg = Release|Any CPU
		{C5497E89-8EA7-45B1-BAC9-22F14699D100}.Release|x64.Build.0 = Release|Any CPU
		{C5497E89-8EA7-45B1-BAC9-22F14699D100}.Release|x86.ActiveCfg = Release|Any CPU
		{C5497E89-8EA7-45B1-BAC9-22F14699D100}.Release|x86.Build.0 = Release|Any CPU
		{C7033F1F-21CE-40BF-B84E-F683FA1F7501}.Ad-Hoc|Any CPU.ActiveCfg = Release|Any CPU
		{C7033F1F-21CE-40BF-B84E-F683FA1F7501}.Ad-Hoc|Any CPU.Build.0 = Release|Any CPU
		{C7033F1F-21CE-40BF-B84E-F683FA1F7501}.Ad-Hoc|ARM.ActiveCfg = Release|Any CPU
		{C7033F1F-21CE-40BF-B84E-F683FA1F7501}.Ad-Hoc|ARM.Build.0 = Release|Any CPU
		{C7033F1F-21CE-40BF-B84E-F683FA1F7501}.Ad-Hoc|iPhone.ActiveCfg = Release|Any CPU
		{C7033F1F-21CE-40BF-B84E-F683FA1F7501}.Ad-Hoc|iPhone.Build.0 = Release|Any CPU
		{C7033F1F-21CE-40BF-B84E-F683FA1F7501}.Ad-Hoc|iPhoneSimulator.ActiveCfg = Release|Any CPU
		{C7033F1F-21CE-40BF-B84E-F683FA1F7501}.Ad-Hoc|iPhoneSimulator.Build.0 = Release|Any CPU
		{C7033F1F-21CE-40BF-B84E-F683FA1F7501}.Ad-Hoc|x64.ActiveCfg = Release|Any CPU
		{C7033F1F-21CE-40BF-B84E-F683FA1F7501}.Ad-Hoc|x64.Build.0 = Release|Any CPU
		{C7033F1F-21CE-40BF-B84E-F683FA1F7501}.Ad-Hoc|x86.ActiveCfg = Release|Any CPU
		{C7033F1F-21CE-40BF-B84E-F683FA1F7501}.Ad-Hoc|x86.Build.0 = Release|Any CPU
		{C7033F1F-21CE-40BF-B84E-F683FA1F7501}.AppStore|Any CPU.ActiveCfg = Release|Any CPU
		{C7033F1F-21CE-40BF-B84E-F683FA1F7501}.AppStore|Any CPU.Build.0 = Release|Any CPU
		{C7033F1F-21CE-40BF-B84E-F683FA1F7501}.AppStore|ARM.ActiveCfg = Release|Any CPU
		{C7033F1F-21CE-40BF-B84E-F683FA1F7501}.AppStore|ARM.Build.0 = Release|Any CPU
		{C7033F1F-21CE-40BF-B84E-F683FA1F7501}.AppStore|iPhone.ActiveCfg = Release|Any CPU
		{C7033F1F-21CE-40BF-B84E-F683FA1F7501}.AppStore|iPhone.Build.0 = Release|Any CPU
		{C7033F1F-21CE-40BF-B84E-F683FA1F7501}.AppStore|iPhoneSimulator.ActiveCfg = Release|Any CPU
		{C7033F1F-21CE-40BF-B84E-F683FA1F7501}.AppStore|iPhoneSimulator.Build.0 = Release|Any CPU
		{C7033F1F-21CE-40BF-B84E-F683FA1F7501}.AppStore|x64.ActiveCfg = Release|Any CPU
		{C7033F1F-21CE-40BF-B84E-F683FA1F7501}.AppStore|x64.Build.0 = Release|Any CPU
		{C7033F1F-21CE-40BF-B84E-F683FA1F7501}.AppStore|x86.ActiveCfg = Release|Any CPU
		{C7033F1F-21CE-40BF-B84E-F683FA1F7501}.AppStore|x86.Build.0 = Release|Any CPU
		{C7033F1F-21CE-40BF-B84E-F683FA1F7501}.Debug|Any CPU.ActiveCfg = Debug|Any CPU
		{C7033F1F-21CE-40BF-B84E-F683FA1F7501}.Debug|Any CPU.Build.0 = Debug|Any CPU
		{C7033F1F-21CE-40BF-B84E-F683FA1F7501}.Debug|ARM.ActiveCfg = Debug|Any CPU
		{C7033F1F-21CE-40BF-B84E-F683FA1F7501}.Debug|ARM.Build.0 = Debug|Any CPU
		{C7033F1F-21CE-40BF-B84E-F683FA1F7501}.Debug|iPhone.ActiveCfg = Debug|Any CPU
		{C7033F1F-21CE-40BF-B84E-F683FA1F7501}.Debug|iPhone.Build.0 = Debug|Any CPU
		{C7033F1F-21CE-40BF-B84E-F683FA1F7501}.Debug|iPhoneSimulator.ActiveCfg = Debug|Any CPU
		{C7033F1F-21CE-40BF-B84E-F683FA1F7501}.Debug|iPhoneSimulator.Build.0 = Debug|Any CPU
		{C7033F1F-21CE-40BF-B84E-F683FA1F7501}.Debug|x64.ActiveCfg = Debug|Any CPU
		{C7033F1F-21CE-40BF-B84E-F683FA1F7501}.Debug|x64.Build.0 = Debug|Any CPU
		{C7033F1F-21CE-40BF-B84E-F683FA1F7501}.Debug|x86.ActiveCfg = Debug|Any CPU
		{C7033F1F-21CE-40BF-B84E-F683FA1F7501}.Debug|x86.Build.0 = Debug|Any CPU
		{C7033F1F-21CE-40BF-B84E-F683FA1F7501}.Release|Any CPU.ActiveCfg = Release|Any CPU
		{C7033F1F-21CE-40BF-B84E-F683FA1F7501}.Release|Any CPU.Build.0 = Release|Any CPU
		{C7033F1F-21CE-40BF-B84E-F683FA1F7501}.Release|ARM.ActiveCfg = Release|Any CPU
		{C7033F1F-21CE-40BF-B84E-F683FA1F7501}.Release|ARM.Build.0 = Release|Any CPU
		{C7033F1F-21CE-40BF-B84E-F683FA1F7501}.Release|iPhone.ActiveCfg = Release|Any CPU
		{C7033F1F-21CE-40BF-B84E-F683FA1F7501}.Release|iPhone.Build.0 = Release|Any CPU
		{C7033F1F-21CE-40BF-B84E-F683FA1F7501}.Release|iPhoneSimulator.ActiveCfg = Release|Any CPU
		{C7033F1F-21CE-40BF-B84E-F683FA1F7501}.Release|iPhoneSimulator.Build.0 = Release|Any CPU
		{C7033F1F-21CE-40BF-B84E-F683FA1F7501}.Release|x64.ActiveCfg = Release|Any CPU
		{C7033F1F-21CE-40BF-B84E-F683FA1F7501}.Release|x64.Build.0 = Release|Any CPU
		{C7033F1F-21CE-40BF-B84E-F683FA1F7501}.Release|x86.ActiveCfg = Release|Any CPU
		{C7033F1F-21CE-40BF-B84E-F683FA1F7501}.Release|x86.Build.0 = Release|Any CPU
		{F8DC5B92-701B-4C88-BC5D-6FEBF89247B9}.Ad-Hoc|Any CPU.ActiveCfg = Release|Any CPU
		{F8DC5B92-701B-4C88-BC5D-6FEBF89247B9}.Ad-Hoc|Any CPU.Build.0 = Release|Any CPU
		{F8DC5B92-701B-4C88-BC5D-6FEBF89247B9}.Ad-Hoc|Any CPU.Deploy.0 = Release|Any CPU
		{F8DC5B92-701B-4C88-BC5D-6FEBF89247B9}.Ad-Hoc|ARM.ActiveCfg = Release|Any CPU
		{F8DC5B92-701B-4C88-BC5D-6FEBF89247B9}.Ad-Hoc|ARM.Build.0 = Release|Any CPU
		{F8DC5B92-701B-4C88-BC5D-6FEBF89247B9}.Ad-Hoc|ARM.Deploy.0 = Release|Any CPU
		{F8DC5B92-701B-4C88-BC5D-6FEBF89247B9}.Ad-Hoc|iPhone.ActiveCfg = Release|Any CPU
		{F8DC5B92-701B-4C88-BC5D-6FEBF89247B9}.Ad-Hoc|iPhone.Build.0 = Release|Any CPU
		{F8DC5B92-701B-4C88-BC5D-6FEBF89247B9}.Ad-Hoc|iPhone.Deploy.0 = Release|Any CPU
		{F8DC5B92-701B-4C88-BC5D-6FEBF89247B9}.Ad-Hoc|iPhoneSimulator.ActiveCfg = Release|Any CPU
		{F8DC5B92-701B-4C88-BC5D-6FEBF89247B9}.Ad-Hoc|iPhoneSimulator.Build.0 = Release|Any CPU
		{F8DC5B92-701B-4C88-BC5D-6FEBF89247B9}.Ad-Hoc|iPhoneSimulator.Deploy.0 = Release|Any CPU
		{F8DC5B92-701B-4C88-BC5D-6FEBF89247B9}.Ad-Hoc|x64.ActiveCfg = Release|Any CPU
		{F8DC5B92-701B-4C88-BC5D-6FEBF89247B9}.Ad-Hoc|x64.Build.0 = Release|Any CPU
		{F8DC5B92-701B-4C88-BC5D-6FEBF89247B9}.Ad-Hoc|x64.Deploy.0 = Release|Any CPU
		{F8DC5B92-701B-4C88-BC5D-6FEBF89247B9}.Ad-Hoc|x86.ActiveCfg = Release|Any CPU
		{F8DC5B92-701B-4C88-BC5D-6FEBF89247B9}.Ad-Hoc|x86.Build.0 = Release|Any CPU
		{F8DC5B92-701B-4C88-BC5D-6FEBF89247B9}.Ad-Hoc|x86.Deploy.0 = Release|Any CPU
		{F8DC5B92-701B-4C88-BC5D-6FEBF89247B9}.AppStore|Any CPU.ActiveCfg = Release|Any CPU
		{F8DC5B92-701B-4C88-BC5D-6FEBF89247B9}.AppStore|Any CPU.Build.0 = Release|Any CPU
		{F8DC5B92-701B-4C88-BC5D-6FEBF89247B9}.AppStore|Any CPU.Deploy.0 = Release|Any CPU
		{F8DC5B92-701B-4C88-BC5D-6FEBF89247B9}.AppStore|ARM.ActiveCfg = Release|Any CPU
		{F8DC5B92-701B-4C88-BC5D-6FEBF89247B9}.AppStore|ARM.Build.0 = Release|Any CPU
		{F8DC5B92-701B-4C88-BC5D-6FEBF89247B9}.AppStore|ARM.Deploy.0 = Release|Any CPU
		{F8DC5B92-701B-4C88-BC5D-6FEBF89247B9}.AppStore|iPhone.ActiveCfg = Release|Any CPU
		{F8DC5B92-701B-4C88-BC5D-6FEBF89247B9}.AppStore|iPhone.Build.0 = Release|Any CPU
		{F8DC5B92-701B-4C88-BC5D-6FEBF89247B9}.AppStore|iPhone.Deploy.0 = Release|Any CPU
		{F8DC5B92-701B-4C88-BC5D-6FEBF89247B9}.AppStore|iPhoneSimulator.ActiveCfg = Release|Any CPU
		{F8DC5B92-701B-4C88-BC5D-6FEBF89247B9}.AppStore|iPhoneSimulator.Build.0 = Release|Any CPU
		{F8DC5B92-701B-4C88-BC5D-6FEBF89247B9}.AppStore|iPhoneSimulator.Deploy.0 = Release|Any CPU
		{F8DC5B92-701B-4C88-BC5D-6FEBF89247B9}.AppStore|x64.ActiveCfg = Release|Any CPU
		{F8DC5B92-701B-4C88-BC5D-6FEBF89247B9}.AppStore|x64.Build.0 = Release|Any CPU
		{F8DC5B92-701B-4C88-BC5D-6FEBF89247B9}.AppStore|x64.Deploy.0 = Release|Any CPU
		{F8DC5B92-701B-4C88-BC5D-6FEBF89247B9}.AppStore|x86.ActiveCfg = Release|Any CPU
		{F8DC5B92-701B-4C88-BC5D-6FEBF89247B9}.AppStore|x86.Build.0 = Release|Any CPU
		{F8DC5B92-701B-4C88-BC5D-6FEBF89247B9}.AppStore|x86.Deploy.0 = Release|Any CPU
		{F8DC5B92-701B-4C88-BC5D-6FEBF89247B9}.Debug|Any CPU.ActiveCfg = Debug|Any CPU
		{F8DC5B92-701B-4C88-BC5D-6FEBF89247B9}.Debug|Any CPU.Build.0 = Debug|Any CPU
		{F8DC5B92-701B-4C88-BC5D-6FEBF89247B9}.Debug|Any CPU.Deploy.0 = Debug|Any CPU
		{F8DC5B92-701B-4C88-BC5D-6FEBF89247B9}.Debug|ARM.ActiveCfg = Debug|Any CPU
		{F8DC5B92-701B-4C88-BC5D-6FEBF89247B9}.Debug|ARM.Build.0 = Debug|Any CPU
		{F8DC5B92-701B-4C88-BC5D-6FEBF89247B9}.Debug|ARM.Deploy.0 = Debug|Any CPU
		{F8DC5B92-701B-4C88-BC5D-6FEBF89247B9}.Debug|iPhone.ActiveCfg = Debug|Any CPU
		{F8DC5B92-701B-4C88-BC5D-6FEBF89247B9}.Debug|iPhone.Build.0 = Debug|Any CPU
		{F8DC5B92-701B-4C88-BC5D-6FEBF89247B9}.Debug|iPhone.Deploy.0 = Debug|Any CPU
		{F8DC5B92-701B-4C88-BC5D-6FEBF89247B9}.Debug|iPhoneSimulator.ActiveCfg = Debug|Any CPU
		{F8DC5B92-701B-4C88-BC5D-6FEBF89247B9}.Debug|iPhoneSimulator.Build.0 = Debug|Any CPU
		{F8DC5B92-701B-4C88-BC5D-6FEBF89247B9}.Debug|iPhoneSimulator.Deploy.0 = Debug|Any CPU
		{F8DC5B92-701B-4C88-BC5D-6FEBF89247B9}.Debug|x64.ActiveCfg = Debug|Any CPU
		{F8DC5B92-701B-4C88-BC5D-6FEBF89247B9}.Debug|x64.Build.0 = Debug|Any CPU
		{F8DC5B92-701B-4C88-BC5D-6FEBF89247B9}.Debug|x64.Deploy.0 = Debug|Any CPU
		{F8DC5B92-701B-4C88-BC5D-6FEBF89247B9}.Debug|x86.ActiveCfg = Debug|Any CPU
		{F8DC5B92-701B-4C88-BC5D-6FEBF89247B9}.Debug|x86.Build.0 = Debug|Any CPU
		{F8DC5B92-701B-4C88-BC5D-6FEBF89247B9}.Debug|x86.Deploy.0 = Debug|Any CPU
		{F8DC5B92-701B-4C88-BC5D-6FEBF89247B9}.Release|Any CPU.ActiveCfg = Release|Any CPU
		{F8DC5B92-701B-4C88-BC5D-6FEBF89247B9}.Release|Any CPU.Build.0 = Release|Any CPU
		{F8DC5B92-701B-4C88-BC5D-6FEBF89247B9}.Release|Any CPU.Deploy.0 = Release|Any CPU
		{F8DC5B92-701B-4C88-BC5D-6FEBF89247B9}.Release|ARM.ActiveCfg = Release|Any CPU
		{F8DC5B92-701B-4C88-BC5D-6FEBF89247B9}.Release|ARM.Build.0 = Release|Any CPU
		{F8DC5B92-701B-4C88-BC5D-6FEBF89247B9}.Release|ARM.Deploy.0 = Release|Any CPU
		{F8DC5B92-701B-4C88-BC5D-6FEBF89247B9}.Release|iPhone.ActiveCfg = Release|Any CPU
		{F8DC5B92-701B-4C88-BC5D-6FEBF89247B9}.Release|iPhone.Build.0 = Release|Any CPU
		{F8DC5B92-701B-4C88-BC5D-6FEBF89247B9}.Release|iPhone.Deploy.0 = Release|Any CPU
		{F8DC5B92-701B-4C88-BC5D-6FEBF89247B9}.Release|iPhoneSimulator.ActiveCfg = Release|Any CPU
		{F8DC5B92-701B-4C88-BC5D-6FEBF89247B9}.Release|iPhoneSimulator.Build.0 = Release|Any CPU
		{F8DC5B92-701B-4C88-BC5D-6FEBF89247B9}.Release|iPhoneSimulator.Deploy.0 = Release|Any CPU
		{F8DC5B92-701B-4C88-BC5D-6FEBF89247B9}.Release|x64.ActiveCfg = Release|Any CPU
		{F8DC5B92-701B-4C88-BC5D-6FEBF89247B9}.Release|x64.Build.0 = Release|Any CPU
		{F8DC5B92-701B-4C88-BC5D-6FEBF89247B9}.Release|x64.Deploy.0 = Release|Any CPU
		{F8DC5B92-701B-4C88-BC5D-6FEBF89247B9}.Release|x86.ActiveCfg = Release|Any CPU
		{F8DC5B92-701B-4C88-BC5D-6FEBF89247B9}.Release|x86.Build.0 = Release|Any CPU
		{F8DC5B92-701B-4C88-BC5D-6FEBF89247B9}.Release|x86.Deploy.0 = Release|Any CPU
		{0E3BC93A-D47F-4947-902A-C9ABB1F9E1F5}.Ad-Hoc|Any CPU.ActiveCfg = Ad-Hoc|iPhone
		{0E3BC93A-D47F-4947-902A-C9ABB1F9E1F5}.Ad-Hoc|ARM.ActiveCfg = Ad-Hoc|iPhone
		{0E3BC93A-D47F-4947-902A-C9ABB1F9E1F5}.Ad-Hoc|iPhone.ActiveCfg = Ad-Hoc|iPhone
		{0E3BC93A-D47F-4947-902A-C9ABB1F9E1F5}.Ad-Hoc|iPhone.Build.0 = Ad-Hoc|iPhone
		{0E3BC93A-D47F-4947-902A-C9ABB1F9E1F5}.Ad-Hoc|iPhoneSimulator.ActiveCfg = Ad-Hoc|iPhoneSimulator
		{0E3BC93A-D47F-4947-902A-C9ABB1F9E1F5}.Ad-Hoc|iPhoneSimulator.Build.0 = Ad-Hoc|iPhoneSimulator
		{0E3BC93A-D47F-4947-902A-C9ABB1F9E1F5}.Ad-Hoc|x64.ActiveCfg = Ad-Hoc|iPhone
		{0E3BC93A-D47F-4947-902A-C9ABB1F9E1F5}.Ad-Hoc|x86.ActiveCfg = Ad-Hoc|iPhone
		{0E3BC93A-D47F-4947-902A-C9ABB1F9E1F5}.AppStore|Any CPU.ActiveCfg = AppStore|iPhone
		{0E3BC93A-D47F-4947-902A-C9ABB1F9E1F5}.AppStore|ARM.ActiveCfg = AppStore|iPhone
		{0E3BC93A-D47F-4947-902A-C9ABB1F9E1F5}.AppStore|iPhone.ActiveCfg = AppStore|iPhone
		{0E3BC93A-D47F-4947-902A-C9ABB1F9E1F5}.AppStore|iPhone.Build.0 = AppStore|iPhone
		{0E3BC93A-D47F-4947-902A-C9ABB1F9E1F5}.AppStore|iPhoneSimulator.ActiveCfg = AppStore|iPhoneSimulator
		{0E3BC93A-D47F-4947-902A-C9ABB1F9E1F5}.AppStore|iPhoneSimulator.Build.0 = AppStore|iPhoneSimulator
		{0E3BC93A-D47F-4947-902A-C9ABB1F9E1F5}.AppStore|x64.ActiveCfg = AppStore|iPhone
		{0E3BC93A-D47F-4947-902A-C9ABB1F9E1F5}.AppStore|x86.ActiveCfg = AppStore|iPhone
		{0E3BC93A-D47F-4947-902A-C9ABB1F9E1F5}.Debug|Any CPU.ActiveCfg = Debug|iPhone
		{0E3BC93A-D47F-4947-902A-C9ABB1F9E1F5}.Debug|ARM.ActiveCfg = Debug|iPhone
		{0E3BC93A-D47F-4947-902A-C9ABB1F9E1F5}.Debug|iPhone.ActiveCfg = Debug|iPhone
		{0E3BC93A-D47F-4947-902A-C9ABB1F9E1F5}.Debug|iPhone.Build.0 = Debug|iPhone
		{0E3BC93A-D47F-4947-902A-C9ABB1F9E1F5}.Debug|iPhoneSimulator.ActiveCfg = Debug|iPhoneSimulator
		{0E3BC93A-D47F-4947-902A-C9ABB1F9E1F5}.Debug|iPhoneSimulator.Build.0 = Debug|iPhoneSimulator
		{0E3BC93A-D47F-4947-902A-C9ABB1F9E1F5}.Debug|x64.ActiveCfg = Debug|iPhone
		{0E3BC93A-D47F-4947-902A-C9ABB1F9E1F5}.Debug|x86.ActiveCfg = Debug|iPhone
		{0E3BC93A-D47F-4947-902A-C9ABB1F9E1F5}.Release|Any CPU.ActiveCfg = Release|iPhone
		{0E3BC93A-D47F-4947-902A-C9ABB1F9E1F5}.Release|ARM.ActiveCfg = Release|iPhone
		{0E3BC93A-D47F-4947-902A-C9ABB1F9E1F5}.Release|iPhone.ActiveCfg = Release|iPhone
		{0E3BC93A-D47F-4947-902A-C9ABB1F9E1F5}.Release|iPhone.Build.0 = Release|iPhone
		{0E3BC93A-D47F-4947-902A-C9ABB1F9E1F5}.Release|iPhoneSimulator.ActiveCfg = Release|iPhoneSimulator
		{0E3BC93A-D47F-4947-902A-C9ABB1F9E1F5}.Release|iPhoneSimulator.Build.0 = Release|iPhoneSimulator
		{0E3BC93A-D47F-4947-902A-C9ABB1F9E1F5}.Release|x64.ActiveCfg = Release|iPhone
		{0E3BC93A-D47F-4947-902A-C9ABB1F9E1F5}.Release|x86.ActiveCfg = Release|iPhone
		{447CAED6-E81B-4B50-909A-2C36DFFE24AC}.Ad-Hoc|Any CPU.ActiveCfg = Release|x86
		{447CAED6-E81B-4B50-909A-2C36DFFE24AC}.Ad-Hoc|Any CPU.Build.0 = Release|x86
		{447CAED6-E81B-4B50-909A-2C36DFFE24AC}.Ad-Hoc|Any CPU.Deploy.0 = Release|x86
		{447CAED6-E81B-4B50-909A-2C36DFFE24AC}.Ad-Hoc|ARM.ActiveCfg = Release|ARM
		{447CAED6-E81B-4B50-909A-2C36DFFE24AC}.Ad-Hoc|ARM.Build.0 = Release|ARM
		{447CAED6-E81B-4B50-909A-2C36DFFE24AC}.Ad-Hoc|ARM.Deploy.0 = Release|ARM
		{447CAED6-E81B-4B50-909A-2C36DFFE24AC}.Ad-Hoc|iPhone.ActiveCfg = Release|x86
		{447CAED6-E81B-4B50-909A-2C36DFFE24AC}.Ad-Hoc|iPhone.Build.0 = Release|x86
		{447CAED6-E81B-4B50-909A-2C36DFFE24AC}.Ad-Hoc|iPhone.Deploy.0 = Release|x86
		{447CAED6-E81B-4B50-909A-2C36DFFE24AC}.Ad-Hoc|iPhoneSimulator.ActiveCfg = Release|x86
		{447CAED6-E81B-4B50-909A-2C36DFFE24AC}.Ad-Hoc|iPhoneSimulator.Build.0 = Release|x86
		{447CAED6-E81B-4B50-909A-2C36DFFE24AC}.Ad-Hoc|iPhoneSimulator.Deploy.0 = Release|x86
		{447CAED6-E81B-4B50-909A-2C36DFFE24AC}.Ad-Hoc|x64.ActiveCfg = Release|x64
		{447CAED6-E81B-4B50-909A-2C36DFFE24AC}.Ad-Hoc|x64.Build.0 = Release|x64
		{447CAED6-E81B-4B50-909A-2C36DFFE24AC}.Ad-Hoc|x64.Deploy.0 = Release|x64
		{447CAED6-E81B-4B50-909A-2C36DFFE24AC}.Ad-Hoc|x86.ActiveCfg = Release|x86
		{447CAED6-E81B-4B50-909A-2C36DFFE24AC}.Ad-Hoc|x86.Build.0 = Release|x86
		{447CAED6-E81B-4B50-909A-2C36DFFE24AC}.Ad-Hoc|x86.Deploy.0 = Release|x86
		{447CAED6-E81B-4B50-909A-2C36DFFE24AC}.AppStore|Any CPU.ActiveCfg = Release|x86
		{447CAED6-E81B-4B50-909A-2C36DFFE24AC}.AppStore|Any CPU.Build.0 = Release|x86
		{447CAED6-E81B-4B50-909A-2C36DFFE24AC}.AppStore|Any CPU.Deploy.0 = Release|x86
		{447CAED6-E81B-4B50-909A-2C36DFFE24AC}.AppStore|ARM.ActiveCfg = Release|ARM
		{447CAED6-E81B-4B50-909A-2C36DFFE24AC}.AppStore|ARM.Build.0 = Release|ARM
		{447CAED6-E81B-4B50-909A-2C36DFFE24AC}.AppStore|ARM.Deploy.0 = Release|ARM
		{447CAED6-E81B-4B50-909A-2C36DFFE24AC}.AppStore|iPhone.ActiveCfg = Release|x86
		{447CAED6-E81B-4B50-909A-2C36DFFE24AC}.AppStore|iPhone.Build.0 = Release|x86
		{447CAED6-E81B-4B50-909A-2C36DFFE24AC}.AppStore|iPhone.Deploy.0 = Release|x86
		{447CAED6-E81B-4B50-909A-2C36DFFE24AC}.AppStore|iPhoneSimulator.ActiveCfg = Release|x86
		{447CAED6-E81B-4B50-909A-2C36DFFE24AC}.AppStore|iPhoneSimulator.Build.0 = Release|x86
		{447CAED6-E81B-4B50-909A-2C36DFFE24AC}.AppStore|iPhoneSimulator.Deploy.0 = Release|x86
		{447CAED6-E81B-4B50-909A-2C36DFFE24AC}.AppStore|x64.ActiveCfg = Release|x64
		{447CAED6-E81B-4B50-909A-2C36DFFE24AC}.AppStore|x64.Build.0 = Release|x64
		{447CAED6-E81B-4B50-909A-2C36DFFE24AC}.AppStore|x64.Deploy.0 = Release|x64
		{447CAED6-E81B-4B50-909A-2C36DFFE24AC}.AppStore|x86.ActiveCfg = Release|x86
		{447CAED6-E81B-4B50-909A-2C36DFFE24AC}.AppStore|x86.Build.0 = Release|x86
		{447CAED6-E81B-4B50-909A-2C36DFFE24AC}.AppStore|x86.Deploy.0 = Release|x86
		{447CAED6-E81B-4B50-909A-2C36DFFE24AC}.Debug|Any CPU.ActiveCfg = Debug|x86
		{447CAED6-E81B-4B50-909A-2C36DFFE24AC}.Debug|ARM.ActiveCfg = Debug|ARM
		{447CAED6-E81B-4B50-909A-2C36DFFE24AC}.Debug|ARM.Build.0 = Debug|ARM
		{447CAED6-E81B-4B50-909A-2C36DFFE24AC}.Debug|ARM.Deploy.0 = Debug|ARM
		{447CAED6-E81B-4B50-909A-2C36DFFE24AC}.Debug|iPhone.ActiveCfg = Debug|x86
		{447CAED6-E81B-4B50-909A-2C36DFFE24AC}.Debug|iPhoneSimulator.ActiveCfg = Debug|x86
		{447CAED6-E81B-4B50-909A-2C36DFFE24AC}.Debug|x64.ActiveCfg = Debug|x64
		{447CAED6-E81B-4B50-909A-2C36DFFE24AC}.Debug|x64.Build.0 = Debug|x64
		{447CAED6-E81B-4B50-909A-2C36DFFE24AC}.Debug|x64.Deploy.0 = Debug|x64
		{447CAED6-E81B-4B50-909A-2C36DFFE24AC}.Debug|x86.ActiveCfg = Debug|x86
		{447CAED6-E81B-4B50-909A-2C36DFFE24AC}.Debug|x86.Build.0 = Debug|x86
		{447CAED6-E81B-4B50-909A-2C36DFFE24AC}.Debug|x86.Deploy.0 = Debug|x86
		{447CAED6-E81B-4B50-909A-2C36DFFE24AC}.Release|Any CPU.ActiveCfg = Release|x86
		{447CAED6-E81B-4B50-909A-2C36DFFE24AC}.Release|ARM.ActiveCfg = Release|ARM
		{447CAED6-E81B-4B50-909A-2C36DFFE24AC}.Release|ARM.Build.0 = Release|ARM
		{447CAED6-E81B-4B50-909A-2C36DFFE24AC}.Release|ARM.Deploy.0 = Release|ARM
		{447CAED6-E81B-4B50-909A-2C36DFFE24AC}.Release|iPhone.ActiveCfg = Release|x86
		{447CAED6-E81B-4B50-909A-2C36DFFE24AC}.Release|iPhoneSimulator.ActiveCfg = Release|x86
		{447CAED6-E81B-4B50-909A-2C36DFFE24AC}.Release|x64.ActiveCfg = Release|x64
		{447CAED6-E81B-4B50-909A-2C36DFFE24AC}.Release|x64.Build.0 = Release|x64
		{447CAED6-E81B-4B50-909A-2C36DFFE24AC}.Release|x64.Deploy.0 = Release|x64
		{447CAED6-E81B-4B50-909A-2C36DFFE24AC}.Release|x86.ActiveCfg = Release|x86
		{447CAED6-E81B-4B50-909A-2C36DFFE24AC}.Release|x86.Build.0 = Release|x86
		{447CAED6-E81B-4B50-909A-2C36DFFE24AC}.Release|x86.Deploy.0 = Release|x86
	EndGlobalSection
	GlobalSection(SolutionProperties) = preSolution
		HideSolutionNode = FALSE
	EndGlobalSection
	GlobalSection(NestedProjects) = preSolution
		{15FA36B3-C83C-4A8D-8499-CC9549A169C1} = {94190E59-0121-431C-965E-1A6D0B86F3DB}
		{4F1D8A22-BE7A-4E40-B74F-0920324D126D} = {94190E59-0121-431C-965E-1A6D0B86F3DB}
		{BCBAB86F-B478-4BE7-BEC9-5A956287106A} = {5D854674-E3BA-4F54-8B77-1C2626C96AFF}
		{5D854674-E3BA-4F54-8B77-1C2626C96AFF} = {F0A5064C-15E5-4CF8-A7F9-4468653D1F3E}
		{56288F9A-6ECC-4906-B268-2F6A613ED69C} = {F0A5064C-15E5-4CF8-A7F9-4468653D1F3E}
		{675ED31C-275C-4128-92D7-A86ABC322F09} = {94190E59-0121-431C-965E-1A6D0B86F3DB}
		{184F8572-0B6D-49B9-B657-2CD68B3EDBC7} = {94190E59-0121-431C-965E-1A6D0B86F3DB}
		{7C4EEA14-0FB9-4AEE-997E-9281AE524B62} = {94190E59-0121-431C-965E-1A6D0B86F3DB}
		{56F1DD78-04C2-419B-BE12-9AFE3E4D0883} = {3BEFB07F-8063-47E8-9748-2ED836B7FAD6}
		{09ED2490-57F3-43F0-9CDE-839DF6D79A6A} = {3BEFB07F-8063-47E8-9748-2ED836B7FAD6}
		{9B92D42B-FCAF-4062-94D5-910C86DFD293} = {3BEFB07F-8063-47E8-9748-2ED836B7FAD6}
		{6B344417-0A6A-417F-B3F9-BA2DA4A0512C} = {3BEFB07F-8063-47E8-9748-2ED836B7FAD6}
		{C5497E89-8EA7-45B1-BAC9-22F14699D100} = {94190E59-0121-431C-965E-1A6D0B86F3DB}
		{C7033F1F-21CE-40BF-B84E-F683FA1F7501} = {56288F9A-6ECC-4906-B268-2F6A613ED69C}
		{F8DC5B92-701B-4C88-BC5D-6FEBF89247B9} = {56288F9A-6ECC-4906-B268-2F6A613ED69C}
		{0E3BC93A-D47F-4947-902A-C9ABB1F9E1F5} = {56288F9A-6ECC-4906-B268-2F6A613ED69C}
		{447CAED6-E81B-4B50-909A-2C36DFFE24AC} = {56288F9A-6ECC-4906-B268-2F6A613ED69C}
	EndGlobalSection
	GlobalSection(ExtensibilityGlobals) = postSolution
		SolutionGuid = {C233B62C-7A4A-4BBA-B2D5-9D50D6B647A0}
	EndGlobalSection
EndGlobal
