
Microsoft Visual Studio Solution File, Format Version 12.00
# Visual Studio 14
VisualStudioVersion = 14.0.24720.0
MinimumVisualStudioVersion = 10.0.40219.1
Project("{FAE04EC0-301F-11D3-BF4B-00C04F79EFBC}") = "Portable.Data.Sqlite.Portable", "Portable.Data.Sqlite.Portable\Portable.Data.Sqlite.Portable.csproj", "{ADBDB787-CEEA-4488-B1C7-F8DAB721C34E}"
EndProject
Project("{D954291E-2A0B-460D-934E-DC6B0785DB48}") = "Portable.Data.Sqlite", "Portable.Data.Sqlite\Portable.Data.Sqlite.shproj", "{15FA36B3-C83C-4A8D-8499-CC9549A169C1}"
EndProject
Project("{2150E333-8FDC-42A3-9474-1A3956D46DE8}") = "Samples", "Samples", "{F0A5064C-15E5-4CF8-A7F9-4468653D1F3E}"
EndProject
Project("{FAE04EC0-301F-11D3-BF4B-00C04F79EFBC}") = "Portable.Data.Sqlite.Net45", "Portable.Data.Sqlite.Net45\Portable.Data.Sqlite.Net45.csproj", "{4F1D8A22-BE7A-4E40-B74F-0920324D126D}"
EndProject
Project("{FAE04EC0-301F-11D3-BF4B-00C04F79EFBC}") = "SampleApp.Wpf", "Samples\SampleApp.Wpf\SampleApp.Wpf.csproj", "{BCBAB86F-B478-4BE7-BEC9-5A956287106A}"
EndProject
Project("{2150E333-8FDC-42A3-9474-1A3956D46DE8}") = "WindowsDesktop-WPF", "WindowsDesktop-WPF", "{5D854674-E3BA-4F54-8B77-1C2626C96AFF}"
EndProject
Project("{2150E333-8FDC-42A3-9474-1A3956D46DE8}") = "XamarinForms", "XamarinForms", "{56288F9A-6ECC-4906-B268-2F6A613ED69C}"
EndProject
Project("{FAE04EC0-301F-11D3-BF4B-00C04F79EFBC}") = "SampleApp", "Samples\SampleApp.XamarinForms\SampleApp\SampleApp.csproj", "{1148C7BD-7B79-45C4-98D2-9EFD8B7B8237}"
EndProject
Project("{FAE04EC0-301F-11D3-BF4B-00C04F79EFBC}") = "SampleApp.Droid", "Samples\SampleApp.XamarinForms\SampleApp.Droid\SampleApp.Droid.csproj", "{2DADA55D-63F2-400E-83C7-1F9D4CB6699B}"
EndProject
Project("{FAE04EC0-301F-11D3-BF4B-00C04F79EFBC}") = "SampleApp.UWP", "Samples\SampleApp.XamarinForms\SampleApp.UWP\SampleApp.UWP.csproj", "{68A97257-DB72-4E72-ABF9-03BCB70601F0}"
EndProject
Project("{FAE04EC0-301F-11D3-BF4B-00C04F79EFBC}") = "SampleApp.iOS", "Samples\SampleApp.XamarinForms\SampleApp.iOS\SampleApp.iOS.csproj", "{3866F05F-60C4-4327-8732-057884DABD96}"
EndProject
Project("{FAE04EC0-301F-11D3-BF4B-00C04F79EFBC}") = "Portable.Data.Sqlite.Droid", "Portable.Data.Sqlite.Droid\Portable.Data.Sqlite.Droid.csproj", "{675ED31C-275C-4128-92D7-A86ABC322F09}"
EndProject
Project("{FAE04EC0-301F-11D3-BF4B-00C04F79EFBC}") = "Portable.Data.Sqlite.iOS", "Portable.Data.Sqlite.iOS\Portable.Data.Sqlite.iOS.csproj", "{184F8572-0B6D-49B9-B657-2CD68B3EDBC7}"
EndProject
Project("{FAE04EC0-301F-11D3-BF4B-00C04F79EFBC}") = "Portable.Data.Sqlite.UWP", "Portable.Data.Sqlite.UWP\Portable.Data.Sqlite.UWP.csproj", "{7C4EEA14-0FB9-4AEE-997E-9281AE524B62}"
EndProject
Project("{FAE04EC0-301F-11D3-BF4B-00C04F79EFBC}") = "Portable.Data.CryptEngine.UWP", "Portable.Data.CryptEngine.UWP\Portable.Data.CryptEngine.UWP.csproj", "{56F1DD78-04C2-419B-BE12-9AFE3E4D0883}"
EndProject
Project("{FAE04EC0-301F-11D3-BF4B-00C04F79EFBC}") = "Portable.Data.CryptEngine.Net45", "Portable.Data.CryptEngine.Net45\Portable.Data.CryptEngine.Net45.csproj", "{09ED2490-57F3-43F0-9CDE-839DF6D79A6A}"
EndProject
Project("{FAE04EC0-301F-11D3-BF4B-00C04F79EFBC}") = "Portable.Data.CryptEngine.Droid", "Portable.Data.CryptEngine.Droid\Portable.Data.CryptEngine.Droid.csproj", "{9B92D42B-FCAF-4062-94D5-910C86DFD293}"
EndProject
Project("{FAE04EC0-301F-11D3-BF4B-00C04F79EFBC}") = "Portable.Data.CryptEngine.iOS", "Portable.Data.CryptEngine.iOS\Portable.Data.CryptEngine.iOS.csproj", "{6B344417-0A6A-417F-B3F9-BA2DA4A0512C}"
EndProject
Project("{2150E333-8FDC-42A3-9474-1A3956D46DE8}") = "SQLite", "SQLite", "{94190E59-0121-431C-965E-1A6D0B86F3DB}"
EndProject
Project("{2150E333-8FDC-42A3-9474-1A3956D46DE8}") = "CryptEngine", "CryptEngine", "{3BEFB07F-8063-47E8-9748-2ED836B7FAD6}"
EndProject
Global
	GlobalSection(SharedMSBuildProjectFiles) = preSolution
		Portable.Data.Sqlite\Portable.Data.Sqlite.projitems*{adbdb787-ceea-4488-b1c7-f8dab721c34e}*SharedItemsImports = 4
		Portable.Data.Sqlite\Portable.Data.Sqlite.projitems*{7c4eea14-0fb9-4aee-997e-9281ae524b62}*SharedItemsImports = 4
		Portable.Data.Sqlite\Portable.Data.Sqlite.projitems*{675ed31c-275c-4128-92d7-a86abc322f09}*SharedItemsImports = 4
		Portable.Data.Sqlite\Portable.Data.Sqlite.projitems*{4f1d8a22-be7a-4e40-b74f-0920324d126d}*SharedItemsImports = 4
		Portable.Data.Sqlite\Portable.Data.Sqlite.projitems*{15fa36b3-c83c-4a8d-8499-cc9549a169c1}*SharedItemsImports = 13
		Portable.Data.Sqlite\Portable.Data.Sqlite.projitems*{184f8572-0b6d-49b9-b657-2cd68b3edbc7}*SharedItemsImports = 4
	EndGlobalSection
	GlobalSection(SolutionConfigurationPlatforms) = preSolution
		Ad-Hoc|Any CPU = Ad-Hoc|Any CPU
		Ad-Hoc|ARM = Ad-Hoc|ARM
		Ad-Hoc|iPhone = Ad-Hoc|iPhone
		Ad-Hoc|iPhoneSimulator = Ad-Hoc|iPhoneSimulator
		Ad-Hoc|x64 = Ad-Hoc|x64
		Ad-Hoc|x86 = Ad-Hoc|x86
		AppStore|Any CPU = AppStore|Any CPU
		AppStore|ARM = AppStore|ARM
		AppStore|iPhone = AppStore|iPhone
		AppStore|iPhoneSimulator = AppStore|iPhoneSimulator
		AppStore|x64 = AppStore|x64
		AppStore|x86 = AppStore|x86
		Debug|Any CPU = Debug|Any CPU
		Debug|ARM = Debug|ARM
		Debug|iPhone = Debug|iPhone
		Debug|iPhoneSimulator = Debug|iPhoneSimulator
		Debug|x64 = Debug|x64
		Debug|x86 = Debug|x86
		Release|Any CPU = Release|Any CPU
		Release|ARM = Release|ARM
		Release|iPhone = Release|iPhone
		Release|iPhoneSimulator = Release|iPhoneSimulator
		Release|x64 = Release|x64
		Release|x86 = Release|x86
	EndGlobalSection
	GlobalSection(ProjectConfigurationPlatforms) = postSolution
		{ADBDB787-CEEA-4488-B1C7-F8DAB721C34E}.Ad-Hoc|Any CPU.ActiveCfg = Release|Any CPU
		{ADBDB787-CEEA-4488-B1C7-F8DAB721C34E}.Ad-Hoc|Any CPU.Build.0 = Release|Any CPU
		{ADBDB787-CEEA-4488-B1C7-F8DAB721C34E}.Ad-Hoc|ARM.ActiveCfg = Release|Any CPU
		{ADBDB787-CEEA-4488-B1C7-F8DAB721C34E}.Ad-Hoc|ARM.Build.0 = Release|Any CPU
		{ADBDB787-CEEA-4488-B1C7-F8DAB721C34E}.Ad-Hoc|iPhone.ActiveCfg = Release|Any CPU
		{ADBDB787-CEEA-4488-B1C7-F8DAB721C34E}.Ad-Hoc|iPhone.Build.0 = Release|Any CPU
		{ADBDB787-CEEA-4488-B1C7-F8DAB721C34E}.Ad-Hoc|iPhoneSimulator.ActiveCfg = Release|Any CPU
		{ADBDB787-CEEA-4488-B1C7-F8DAB721C34E}.Ad-Hoc|iPhoneSimulator.Build.0 = Release|Any CPU
		{ADBDB787-CEEA-4488-B1C7-F8DAB721C34E}.Ad-Hoc|x64.ActiveCfg = Release|Any CPU
		{ADBDB787-CEEA-4488-B1C7-F8DAB721C34E}.Ad-Hoc|x64.Build.0 = Release|Any CPU
		{ADBDB787-CEEA-4488-B1C7-F8DAB721C34E}.Ad-Hoc|x86.ActiveCfg = Release|Any CPU
		{ADBDB787-CEEA-4488-B1C7-F8DAB721C34E}.Ad-Hoc|x86.Build.0 = Release|Any CPU
		{ADBDB787-CEEA-4488-B1C7-F8DAB721C34E}.AppStore|Any CPU.ActiveCfg = Release|Any CPU
		{ADBDB787-CEEA-4488-B1C7-F8DAB721C34E}.AppStore|Any CPU.Build.0 = Release|Any CPU
		{ADBDB787-CEEA-4488-B1C7-F8DAB721C34E}.AppStore|ARM.ActiveCfg = Release|Any CPU
		{ADBDB787-CEEA-4488-B1C7-F8DAB721C34E}.AppStore|ARM.Build.0 = Release|Any CPU
		{ADBDB787-CEEA-4488-B1C7-F8DAB721C34E}.AppStore|iPhone.ActiveCfg = Release|Any CPU
		{ADBDB787-CEEA-4488-B1C7-F8DAB721C34E}.AppStore|iPhone.Build.0 = Release|Any CPU
		{ADBDB787-CEEA-4488-B1C7-F8DAB721C34E}.AppStore|iPhoneSimulator.ActiveCfg = Release|Any CPU
		{ADBDB787-CEEA-4488-B1C7-F8DAB721C34E}.AppStore|iPhoneSimulator.Build.0 = Release|Any CPU
		{ADBDB787-CEEA-4488-B1C7-F8DAB721C34E}.AppStore|x64.ActiveCfg = Release|Any CPU
		{ADBDB787-CEEA-4488-B1C7-F8DAB721C34E}.AppStore|x64.Build.0 = Release|Any CPU
		{ADBDB787-CEEA-4488-B1C7-F8DAB721C34E}.AppStore|x86.ActiveCfg = Release|Any CPU
		{ADBDB787-CEEA-4488-B1C7-F8DAB721C34E}.AppStore|x86.Build.0 = Release|Any CPU
		{ADBDB787-CEEA-4488-B1C7-F8DAB721C34E}.Debug|Any CPU.ActiveCfg = Debug|Any CPU
		{ADBDB787-CEEA-4488-B1C7-F8DAB721C34E}.Debug|Any CPU.Build.0 = Debug|Any CPU
		{ADBDB787-CEEA-4488-B1C7-F8DAB721C34E}.Debug|ARM.ActiveCfg = Debug|Any CPU
		{ADBDB787-CEEA-4488-B1C7-F8DAB721C34E}.Debug|ARM.Build.0 = Debug|Any CPU
		{ADBDB787-CEEA-4488-B1C7-F8DAB721C34E}.Debug|iPhone.ActiveCfg = Debug|Any CPU
		{ADBDB787-CEEA-4488-B1C7-F8DAB721C34E}.Debug|iPhone.Build.0 = Debug|Any CPU
		{ADBDB787-CEEA-4488-B1C7-F8DAB721C34E}.Debug|iPhoneSimulator.ActiveCfg = Debug|Any CPU
		{ADBDB787-CEEA-4488-B1C7-F8DAB721C34E}.Debug|iPhoneSimulator.Build.0 = Debug|Any CPU
		{ADBDB787-CEEA-4488-B1C7-F8DAB721C34E}.Debug|x64.ActiveCfg = Debug|Any CPU
		{ADBDB787-CEEA-4488-B1C7-F8DAB721C34E}.Debug|x64.Build.0 = Debug|Any CPU
		{ADBDB787-CEEA-4488-B1C7-F8DAB721C34E}.Debug|x86.ActiveCfg = Debug|Any CPU
		{ADBDB787-CEEA-4488-B1C7-F8DAB721C34E}.Debug|x86.Build.0 = Debug|Any CPU
		{ADBDB787-CEEA-4488-B1C7-F8DAB721C34E}.Release|Any CPU.ActiveCfg = Release|Any CPU
		{ADBDB787-CEEA-4488-B1C7-F8DAB721C34E}.Release|Any CPU.Build.0 = Release|Any CPU
		{ADBDB787-CEEA-4488-B1C7-F8DAB721C34E}.Release|ARM.ActiveCfg = Release|Any CPU
		{ADBDB787-CEEA-4488-B1C7-F8DAB721C34E}.Release|ARM.Build.0 = Release|Any CPU
		{ADBDB787-CEEA-4488-B1C7-F8DAB721C34E}.Release|iPhone.ActiveCfg = Release|Any CPU
		{ADBDB787-CEEA-4488-B1C7-F8DAB721C34E}.Release|iPhone.Build.0 = Release|Any CPU
		{ADBDB787-CEEA-4488-B1C7-F8DAB721C34E}.Release|iPhoneSimulator.ActiveCfg = Release|Any CPU
		{ADBDB787-CEEA-4488-B1C7-F8DAB721C34E}.Release|iPhoneSimulator.Build.0 = Release|Any CPU
		{ADBDB787-CEEA-4488-B1C7-F8DAB721C34E}.Release|x64.ActiveCfg = Release|Any CPU
		{ADBDB787-CEEA-4488-B1C7-F8DAB721C34E}.Release|x64.Build.0 = Release|Any CPU
		{ADBDB787-CEEA-4488-B1C7-F8DAB721C34E}.Release|x86.ActiveCfg = Release|Any CPU
		{ADBDB787-CEEA-4488-B1C7-F8DAB721C34E}.Release|x86.Build.0 = Release|Any CPU
		{4F1D8A22-BE7A-4E40-B74F-0920324D126D}.Ad-Hoc|Any CPU.ActiveCfg = Release|Any CPU
		{4F1D8A22-BE7A-4E40-B74F-0920324D126D}.Ad-Hoc|Any CPU.Build.0 = Release|Any CPU
		{4F1D8A22-BE7A-4E40-B74F-0920324D126D}.Ad-Hoc|ARM.ActiveCfg = Release|Any CPU
		{4F1D8A22-BE7A-4E40-B74F-0920324D126D}.Ad-Hoc|ARM.Build.0 = Release|Any CPU
		{4F1D8A22-BE7A-4E40-B74F-0920324D126D}.Ad-Hoc|iPhone.ActiveCfg = Release|Any CPU
		{4F1D8A22-BE7A-4E40-B74F-0920324D126D}.Ad-Hoc|iPhone.Build.0 = Release|Any CPU
		{4F1D8A22-BE7A-4E40-B74F-0920324D126D}.Ad-Hoc|iPhoneSimulator.ActiveCfg = Release|Any CPU
		{4F1D8A22-BE7A-4E40-B74F-0920324D126D}.Ad-Hoc|iPhoneSimulator.Build.0 = Release|Any CPU
		{4F1D8A22-BE7A-4E40-B74F-0920324D126D}.Ad-Hoc|x64.ActiveCfg = Release|Any CPU
		{4F1D8A22-BE7A-4E40-B74F-0920324D126D}.Ad-Hoc|x64.Build.0 = Release|Any CPU
		{4F1D8A22-BE7A-4E40-B74F-0920324D126D}.Ad-Hoc|x86.ActiveCfg = Release|Any CPU
		{4F1D8A22-BE7A-4E40-B74F-0920324D126D}.Ad-Hoc|x86.Build.0 = Release|Any CPU
		{4F1D8A22-BE7A-4E40-B74F-0920324D126D}.AppStore|Any CPU.ActiveCfg = Release|Any CPU
		{4F1D8A22-BE7A-4E40-B74F-0920324D126D}.AppStore|Any CPU.Build.0 = Release|Any CPU
		{4F1D8A22-BE7A-4E40-B74F-0920324D126D}.AppStore|ARM.ActiveCfg = Release|Any CPU
		{4F1D8A22-BE7A-4E40-B74F-0920324D126D}.AppStore|ARM.Build.0 = Release|Any CPU
		{4F1D8A22-BE7A-4E40-B74F-0920324D126D}.AppStore|iPhone.ActiveCfg = Release|Any CPU
		{4F1D8A22-BE7A-4E40-B74F-0920324D126D}.AppStore|iPhone.Build.0 = Release|Any CPU
		{4F1D8A22-BE7A-4E40-B74F-0920324D126D}.AppStore|iPhoneSimulator.ActiveCfg = Release|Any CPU
		{4F1D8A22-BE7A-4E40-B74F-0920324D126D}.AppStore|iPhoneSimulator.Build.0 = Release|Any CPU
		{4F1D8A22-BE7A-4E40-B74F-0920324D126D}.AppStore|x64.ActiveCfg = Release|Any CPU
		{4F1D8A22-BE7A-4E40-B74F-0920324D126D}.AppStore|x64.Build.0 = Release|Any CPU
		{4F1D8A22-BE7A-4E40-B74F-0920324D126D}.AppStore|x86.ActiveCfg = Release|Any CPU
		{4F1D8A22-BE7A-4E40-B74F-0920324D126D}.AppStore|x86.Build.0 = Release|Any CPU
		{4F1D8A22-BE7A-4E40-B74F-0920324D126D}.Debug|Any CPU.ActiveCfg = Debug|Any CPU
		{4F1D8A22-BE7A-4E40-B74F-0920324D126D}.Debug|Any CPU.Build.0 = Debug|Any CPU
		{4F1D8A22-BE7A-4E40-B74F-0920324D126D}.Debug|ARM.ActiveCfg = Debug|Any CPU
		{4F1D8A22-BE7A-4E40-B74F-0920324D126D}.Debug|ARM.Build.0 = Debug|Any CPU
		{4F1D8A22-BE7A-4E40-B74F-0920324D126D}.Debug|iPhone.ActiveCfg = Debug|Any CPU
		{4F1D8A22-BE7A-4E40-B74F-0920324D126D}.Debug|iPhone.Build.0 = Debug|Any CPU
		{4F1D8A22-BE7A-4E40-B74F-0920324D126D}.Debug|iPhoneSimulator.ActiveCfg = Debug|Any CPU
		{4F1D8A22-BE7A-4E40-B74F-0920324D126D}.Debug|iPhoneSimulator.Build.0 = Debug|Any CPU
		{4F1D8A22-BE7A-4E40-B74F-0920324D126D}.Debug|x64.ActiveCfg = Debug|Any CPU
		{4F1D8A22-BE7A-4E40-B74F-0920324D126D}.Debug|x64.Build.0 = Debug|Any CPU
		{4F1D8A22-BE7A-4E40-B74F-0920324D126D}.Debug|x86.ActiveCfg = Debug|Any CPU
		{4F1D8A22-BE7A-4E40-B74F-0920324D126D}.Debug|x86.Build.0 = Debug|Any CPU
		{4F1D8A22-BE7A-4E40-B74F-0920324D126D}.Release|Any CPU.ActiveCfg = Release|Any CPU
		{4F1D8A22-BE7A-4E40-B74F-0920324D126D}.Release|Any CPU.Build.0 = Release|Any CPU
		{4F1D8A22-BE7A-4E40-B74F-0920324D126D}.Release|ARM.ActiveCfg = Release|Any CPU
		{4F1D8A22-BE7A-4E40-B74F-0920324D126D}.Release|ARM.Build.0 = Release|Any CPU
		{4F1D8A22-BE7A-4E40-B74F-0920324D126D}.Release|iPhone.ActiveCfg = Release|Any CPU
		{4F1D8A22-BE7A-4E40-B74F-0920324D126D}.Release|iPhone.Build.0 = Release|Any CPU
		{4F1D8A22-BE7A-4E40-B74F-0920324D126D}.Release|iPhoneSimulator.ActiveCfg = Release|Any CPU
		{4F1D8A22-BE7A-4E40-B74F-0920324D126D}.Release|iPhoneSimulator.Build.0 = Release|Any CPU
		{4F1D8A22-BE7A-4E40-B74F-0920324D126D}.Release|x64.ActiveCfg = Release|Any CPU
		{4F1D8A22-BE7A-4E40-B74F-0920324D126D}.Release|x64.Build.0 = Release|Any CPU
		{4F1D8A22-BE7A-4E40-B74F-0920324D126D}.Release|x86.ActiveCfg = Release|Any CPU
		{4F1D8A22-BE7A-4E40-B74F-0920324D126D}.Release|x86.Build.0 = Release|Any CPU
		{BCBAB86F-B478-4BE7-BEC9-5A956287106A}.Ad-Hoc|Any CPU.ActiveCfg = Release|Any CPU
		{BCBAB86F-B478-4BE7-BEC9-5A956287106A}.Ad-Hoc|Any CPU.Build.0 = Release|Any CPU
		{BCBAB86F-B478-4BE7-BEC9-5A956287106A}.Ad-Hoc|ARM.ActiveCfg = Release|Any CPU
		{BCBAB86F-B478-4BE7-BEC9-5A956287106A}.Ad-Hoc|ARM.Build.0 = Release|Any CPU
		{BCBAB86F-B478-4BE7-BEC9-5A956287106A}.Ad-Hoc|iPhone.ActiveCfg = Release|Any CPU
		{BCBAB86F-B478-4BE7-BEC9-5A956287106A}.Ad-Hoc|iPhone.Build.0 = Release|Any CPU
		{BCBAB86F-B478-4BE7-BEC9-5A956287106A}.Ad-Hoc|iPhoneSimulator.ActiveCfg = Release|Any CPU
		{BCBAB86F-B478-4BE7-BEC9-5A956287106A}.Ad-Hoc|iPhoneSimulator.Build.0 = Release|Any CPU
		{BCBAB86F-B478-4BE7-BEC9-5A956287106A}.Ad-Hoc|x64.ActiveCfg = Release|Any CPU
		{BCBAB86F-B478-4BE7-BEC9-5A956287106A}.Ad-Hoc|x64.Build.0 = Release|Any CPU
		{BCBAB86F-B478-4BE7-BEC9-5A956287106A}.Ad-Hoc|x86.ActiveCfg = Release|Any CPU
		{BCBAB86F-B478-4BE7-BEC9-5A956287106A}.Ad-Hoc|x86.Build.0 = Release|Any CPU
		{BCBAB86F-B478-4BE7-BEC9-5A956287106A}.AppStore|Any CPU.ActiveCfg = Release|Any CPU
		{BCBAB86F-B478-4BE7-BEC9-5A956287106A}.AppStore|Any CPU.Build.0 = Release|Any CPU
		{BCBAB86F-B478-4BE7-BEC9-5A956287106A}.AppStore|ARM.ActiveCfg = Release|Any CPU
		{BCBAB86F-B478-4BE7-BEC9-5A956287106A}.AppStore|ARM.Build.0 = Release|Any CPU
		{BCBAB86F-B478-4BE7-BEC9-5A956287106A}.AppStore|iPhone.ActiveCfg = Release|Any CPU
		{BCBAB86F-B478-4BE7-BEC9-5A956287106A}.AppStore|iPhone.Build.0 = Release|Any CPU
		{BCBAB86F-B478-4BE7-BEC9-5A956287106A}.AppStore|iPhoneSimulator.ActiveCfg = Release|Any CPU
		{BCBAB86F-B478-4BE7-BEC9-5A956287106A}.AppStore|iPhoneSimulator.Build.0 = Release|Any CPU
		{BCBAB86F-B478-4BE7-BEC9-5A956287106A}.AppStore|x64.ActiveCfg = Release|Any CPU
		{BCBAB86F-B478-4BE7-BEC9-5A956287106A}.AppStore|x64.Build.0 = Release|Any CPU
		{BCBAB86F-B478-4BE7-BEC9-5A956287106A}.AppStore|x86.ActiveCfg = Release|Any CPU
		{BCBAB86F-B478-4BE7-BEC9-5A956287106A}.AppStore|x86.Build.0 = Release|Any CPU
		{BCBAB86F-B478-4BE7-BEC9-5A956287106A}.Debug|Any CPU.ActiveCfg = Debug|Any CPU
		{BCBAB86F-B478-4BE7-BEC9-5A956287106A}.Debug|Any CPU.Build.0 = Debug|Any CPU
		{BCBAB86F-B478-4BE7-BEC9-5A956287106A}.Debug|ARM.ActiveCfg = Debug|Any CPU
		{BCBAB86F-B478-4BE7-BEC9-5A956287106A}.Debug|ARM.Build.0 = Debug|Any CPU
		{BCBAB86F-B478-4BE7-BEC9-5A956287106A}.Debug|iPhone.ActiveCfg = Debug|Any CPU
		{BCBAB86F-B478-4BE7-BEC9-5A956287106A}.Debug|iPhone.Build.0 = Debug|Any CPU
		{BCBAB86F-B478-4BE7-BEC9-5A956287106A}.Debug|iPhoneSimulator.ActiveCfg = Debug|Any CPU
		{BCBAB86F-B478-4BE7-BEC9-5A956287106A}.Debug|iPhoneSimulator.Build.0 = Debug|Any CPU
		{BCBAB86F-B478-4BE7-BEC9-5A956287106A}.Debug|x64.ActiveCfg = Debug|Any CPU
		{BCBAB86F-B478-4BE7-BEC9-5A956287106A}.Debug|x64.Build.0 = Debug|Any CPU
		{BCBAB86F-B478-4BE7-BEC9-5A956287106A}.Debug|x86.ActiveCfg = Debug|Any CPU
		{BCBAB86F-B478-4BE7-BEC9-5A956287106A}.Debug|x86.Build.0 = Debug|Any CPU
		{BCBAB86F-B478-4BE7-BEC9-5A956287106A}.Release|Any CPU.ActiveCfg = Release|Any CPU
		{BCBAB86F-B478-4BE7-BEC9-5A956287106A}.Release|Any CPU.Build.0 = Release|Any CPU
		{BCBAB86F-B478-4BE7-BEC9-5A956287106A}.Release|ARM.ActiveCfg = Release|Any CPU
		{BCBAB86F-B478-4BE7-BEC9-5A956287106A}.Release|ARM.Build.0 = Release|Any CPU
		{BCBAB86F-B478-4BE7-BEC9-5A956287106A}.Release|iPhone.ActiveCfg = Release|Any CPU
		{BCBAB86F-B478-4BE7-BEC9-5A956287106A}.Release|iPhone.Build.0 = Release|Any CPU
		{BCBAB86F-B478-4BE7-BEC9-5A956287106A}.Release|iPhoneSimulator.ActiveCfg = Release|Any CPU
		{BCBAB86F-B478-4BE7-BEC9-5A956287106A}.Release|iPhoneSimulator.Build.0 = Release|Any CPU
		{BCBAB86F-B478-4BE7-BEC9-5A956287106A}.Release|x64.ActiveCfg = Release|Any CPU
		{BCBAB86F-B478-4BE7-BEC9-5A956287106A}.Release|x64.Build.0 = Release|Any CPU
		{BCBAB86F-B478-4BE7-BEC9-5A956287106A}.Release|x86.ActiveCfg = Release|Any CPU
		{BCBAB86F-B478-4BE7-BEC9-5A956287106A}.Release|x86.Build.0 = Release|Any CPU
		{1148C7BD-7B79-45C4-98D2-9EFD8B7B8237}.Ad-Hoc|Any CPU.ActiveCfg = Release|Any CPU
		{1148C7BD-7B79-45C4-98D2-9EFD8B7B8237}.Ad-Hoc|Any CPU.Build.0 = Release|Any CPU
		{1148C7BD-7B79-45C4-98D2-9EFD8B7B8237}.Ad-Hoc|ARM.ActiveCfg = Release|Any CPU
		{1148C7BD-7B79-45C4-98D2-9EFD8B7B8237}.Ad-Hoc|ARM.Build.0 = Release|Any CPU
		{1148C7BD-7B79-45C4-98D2-9EFD8B7B8237}.Ad-Hoc|iPhone.ActiveCfg = Release|Any CPU
		{1148C7BD-7B79-45C4-98D2-9EFD8B7B8237}.Ad-Hoc|iPhone.Build.0 = Release|Any CPU
		{1148C7BD-7B79-45C4-98D2-9EFD8B7B8237}.Ad-Hoc|iPhoneSimulator.ActiveCfg = Release|Any CPU
		{1148C7BD-7B79-45C4-98D2-9EFD8B7B8237}.Ad-Hoc|iPhoneSimulator.Build.0 = Release|Any CPU
		{1148C7BD-7B79-45C4-98D2-9EFD8B7B8237}.Ad-Hoc|x64.ActiveCfg = Release|Any CPU
		{1148C7BD-7B79-45C4-98D2-9EFD8B7B8237}.Ad-Hoc|x64.Build.0 = Release|Any CPU
		{1148C7BD-7B79-45C4-98D2-9EFD8B7B8237}.Ad-Hoc|x86.ActiveCfg = Release|Any CPU
		{1148C7BD-7B79-45C4-98D2-9EFD8B7B8237}.Ad-Hoc|x86.Build.0 = Release|Any CPU
		{1148C7BD-7B79-45C4-98D2-9EFD8B7B8237}.AppStore|Any CPU.ActiveCfg = Release|Any CPU
		{1148C7BD-7B79-45C4-98D2-9EFD8B7B8237}.AppStore|Any CPU.Build.0 = Release|Any CPU
		{1148C7BD-7B79-45C4-98D2-9EFD8B7B8237}.AppStore|ARM.ActiveCfg = Release|Any CPU
		{1148C7BD-7B79-45C4-98D2-9EFD8B7B8237}.AppStore|ARM.Build.0 = Release|Any CPU
		{1148C7BD-7B79-45C4-98D2-9EFD8B7B8237}.AppStore|iPhone.ActiveCfg = Release|Any CPU
		{1148C7BD-7B79-45C4-98D2-9EFD8B7B8237}.AppStore|iPhone.Build.0 = Release|Any CPU
		{1148C7BD-7B79-45C4-98D2-9EFD8B7B8237}.AppStore|iPhoneSimulator.ActiveCfg = Release|Any CPU
		{1148C7BD-7B79-45C4-98D2-9EFD8B7B8237}.AppStore|iPhoneSimulator.Build.0 = Release|Any CPU
		{1148C7BD-7B79-45C4-98D2-9EFD8B7B8237}.AppStore|x64.ActiveCfg = Release|Any CPU
		{1148C7BD-7B79-45C4-98D2-9EFD8B7B8237}.AppStore|x64.Build.0 = Release|Any CPU
		{1148C7BD-7B79-45C4-98D2-9EFD8B7B8237}.AppStore|x86.ActiveCfg = Release|Any CPU
		{1148C7BD-7B79-45C4-98D2-9EFD8B7B8237}.AppStore|x86.Build.0 = Release|Any CPU
		{1148C7BD-7B79-45C4-98D2-9EFD8B7B8237}.Debug|Any CPU.ActiveCfg = Debug|Any CPU
		{1148C7BD-7B79-45C4-98D2-9EFD8B7B8237}.Debug|Any CPU.Build.0 = Debug|Any CPU
		{1148C7BD-7B79-45C4-98D2-9EFD8B7B8237}.Debug|ARM.ActiveCfg = Debug|Any CPU
		{1148C7BD-7B79-45C4-98D2-9EFD8B7B8237}.Debug|ARM.Build.0 = Debug|Any CPU
		{1148C7BD-7B79-45C4-98D2-9EFD8B7B8237}.Debug|iPhone.ActiveCfg = Debug|Any CPU
		{1148C7BD-7B79-45C4-98D2-9EFD8B7B8237}.Debug|iPhone.Build.0 = Debug|Any CPU
		{1148C7BD-7B79-45C4-98D2-9EFD8B7B8237}.Debug|iPhoneSimulator.ActiveCfg = Debug|Any CPU
		{1148C7BD-7B79-45C4-98D2-9EFD8B7B8237}.Debug|iPhoneSimulator.Build.0 = Debug|Any CPU
		{1148C7BD-7B79-45C4-98D2-9EFD8B7B8237}.Debug|x64.ActiveCfg = Debug|Any CPU
		{1148C7BD-7B79-45C4-98D2-9EFD8B7B8237}.Debug|x64.Build.0 = Debug|Any CPU
		{1148C7BD-7B79-45C4-98D2-9EFD8B7B8237}.Debug|x86.ActiveCfg = Debug|Any CPU
		{1148C7BD-7B79-45C4-98D2-9EFD8B7B8237}.Debug|x86.Build.0 = Debug|Any CPU
		{1148C7BD-7B79-45C4-98D2-9EFD8B7B8237}.Release|Any CPU.ActiveCfg = Release|Any CPU
		{1148C7BD-7B79-45C4-98D2-9EFD8B7B8237}.Release|Any CPU.Build.0 = Release|Any CPU
		{1148C7BD-7B79-45C4-98D2-9EFD8B7B8237}.Release|ARM.ActiveCfg = Release|Any CPU
		{1148C7BD-7B79-45C4-98D2-9EFD8B7B8237}.Release|ARM.Build.0 = Release|Any CPU
		{1148C7BD-7B79-45C4-98D2-9EFD8B7B8237}.Release|iPhone.ActiveCfg = Release|Any CPU
		{1148C7BD-7B79-45C4-98D2-9EFD8B7B8237}.Release|iPhone.Build.0 = Release|Any CPU
		{1148C7BD-7B79-45C4-98D2-9EFD8B7B8237}.Release|iPhoneSimulator.ActiveCfg = Release|Any CPU
		{1148C7BD-7B79-45C4-98D2-9EFD8B7B8237}.Release|iPhoneSimulator.Build.0 = Release|Any CPU
		{1148C7BD-7B79-45C4-98D2-9EFD8B7B8237}.Release|x64.ActiveCfg = Release|Any CPU
		{1148C7BD-7B79-45C4-98D2-9EFD8B7B8237}.Release|x64.Build.0 = Release|Any CPU
		{1148C7BD-7B79-45C4-98D2-9EFD8B7B8237}.Release|x86.ActiveCfg = Release|Any CPU
		{1148C7BD-7B79-45C4-98D2-9EFD8B7B8237}.Release|x86.Build.0 = Release|Any CPU
		{2DADA55D-63F2-400E-83C7-1F9D4CB6699B}.Ad-Hoc|Any CPU.ActiveCfg = Release|Any CPU
		{2DADA55D-63F2-400E-83C7-1F9D4CB6699B}.Ad-Hoc|Any CPU.Build.0 = Release|Any CPU
		{2DADA55D-63F2-400E-83C7-1F9D4CB6699B}.Ad-Hoc|Any CPU.Deploy.0 = Release|Any CPU
		{2DADA55D-63F2-400E-83C7-1F9D4CB6699B}.Ad-Hoc|ARM.ActiveCfg = Release|Any CPU
		{2DADA55D-63F2-400E-83C7-1F9D4CB6699B}.Ad-Hoc|ARM.Build.0 = Release|Any CPU
		{2DADA55D-63F2-400E-83C7-1F9D4CB6699B}.Ad-Hoc|ARM.Deploy.0 = Release|Any CPU
		{2DADA55D-63F2-400E-83C7-1F9D4CB6699B}.Ad-Hoc|iPhone.ActiveCfg = Release|Any CPU
		{2DADA55D-63F2-400E-83C7-1F9D4CB6699B}.Ad-Hoc|iPhone.Build.0 = Release|Any CPU
		{2DADA55D-63F2-400E-83C7-1F9D4CB6699B}.Ad-Hoc|iPhone.Deploy.0 = Release|Any CPU
		{2DADA55D-63F2-400E-83C7-1F9D4CB6699B}.Ad-Hoc|iPhoneSimulator.ActiveCfg = Release|Any CPU
		{2DADA55D-63F2-400E-83C7-1F9D4CB6699B}.Ad-Hoc|iPhoneSimulator.Build.0 = Release|Any CPU
		{2DADA55D-63F2-400E-83C7-1F9D4CB6699B}.Ad-Hoc|iPhoneSimulator.Deploy.0 = Release|Any CPU
		{2DADA55D-63F2-400E-83C7-1F9D4CB6699B}.Ad-Hoc|x64.ActiveCfg = Release|Any CPU
		{2DADA55D-63F2-400E-83C7-1F9D4CB6699B}.Ad-Hoc|x64.Build.0 = Release|Any CPU
		{2DADA55D-63F2-400E-83C7-1F9D4CB6699B}.Ad-Hoc|x64.Deploy.0 = Release|Any CPU
		{2DADA55D-63F2-400E-83C7-1F9D4CB6699B}.Ad-Hoc|x86.ActiveCfg = Release|Any CPU
		{2DADA55D-63F2-400E-83C7-1F9D4CB6699B}.Ad-Hoc|x86.Build.0 = Release|Any CPU
		{2DADA55D-63F2-400E-83C7-1F9D4CB6699B}.Ad-Hoc|x86.Deploy.0 = Release|Any CPU
		{2DADA55D-63F2-400E-83C7-1F9D4CB6699B}.AppStore|Any CPU.ActiveCfg = Release|Any CPU
		{2DADA55D-63F2-400E-83C7-1F9D4CB6699B}.AppStore|Any CPU.Build.0 = Release|Any CPU
		{2DADA55D-63F2-400E-83C7-1F9D4CB6699B}.AppStore|Any CPU.Deploy.0 = Release|Any CPU
		{2DADA55D-63F2-400E-83C7-1F9D4CB6699B}.AppStore|ARM.ActiveCfg = Release|Any CPU
		{2DADA55D-63F2-400E-83C7-1F9D4CB6699B}.AppStore|ARM.Build.0 = Release|Any CPU
		{2DADA55D-63F2-400E-83C7-1F9D4CB6699B}.AppStore|ARM.Deploy.0 = Release|Any CPU
		{2DADA55D-63F2-400E-83C7-1F9D4CB6699B}.AppStore|iPhone.ActiveCfg = Release|Any CPU
		{2DADA55D-63F2-400E-83C7-1F9D4CB6699B}.AppStore|iPhone.Build.0 = Release|Any CPU
		{2DADA55D-63F2-400E-83C7-1F9D4CB6699B}.AppStore|iPhone.Deploy.0 = Release|Any CPU
		{2DADA55D-63F2-400E-83C7-1F9D4CB6699B}.AppStore|iPhoneSimulator.ActiveCfg = Release|Any CPU
		{2DADA55D-63F2-400E-83C7-1F9D4CB6699B}.AppStore|iPhoneSimulator.Build.0 = Release|Any CPU
		{2DADA55D-63F2-400E-83C7-1F9D4CB6699B}.AppStore|iPhoneSimulator.Deploy.0 = Release|Any CPU
		{2DADA55D-63F2-400E-83C7-1F9D4CB6699B}.AppStore|x64.ActiveCfg = Release|Any CPU
		{2DADA55D-63F2-400E-83C7-1F9D4CB6699B}.AppStore|x64.Build.0 = Release|Any CPU
		{2DADA55D-63F2-400E-83C7-1F9D4CB6699B}.AppStore|x64.Deploy.0 = Release|Any CPU
		{2DADA55D-63F2-400E-83C7-1F9D4CB6699B}.AppStore|x86.ActiveCfg = Release|Any CPU
		{2DADA55D-63F2-400E-83C7-1F9D4CB6699B}.AppStore|x86.Build.0 = Release|Any CPU
		{2DADA55D-63F2-400E-83C7-1F9D4CB6699B}.AppStore|x86.Deploy.0 = Release|Any CPU
		{2DADA55D-63F2-400E-83C7-1F9D4CB6699B}.Debug|Any CPU.ActiveCfg = Debug|Any CPU
		{2DADA55D-63F2-400E-83C7-1F9D4CB6699B}.Debug|Any CPU.Build.0 = Debug|Any CPU
		{2DADA55D-63F2-400E-83C7-1F9D4CB6699B}.Debug|Any CPU.Deploy.0 = Debug|Any CPU
		{2DADA55D-63F2-400E-83C7-1F9D4CB6699B}.Debug|ARM.ActiveCfg = Debug|Any CPU
		{2DADA55D-63F2-400E-83C7-1F9D4CB6699B}.Debug|ARM.Build.0 = Debug|Any CPU
		{2DADA55D-63F2-400E-83C7-1F9D4CB6699B}.Debug|ARM.Deploy.0 = Debug|Any CPU
		{2DADA55D-63F2-400E-83C7-1F9D4CB6699B}.Debug|iPhone.ActiveCfg = Debug|Any CPU
		{2DADA55D-63F2-400E-83C7-1F9D4CB6699B}.Debug|iPhone.Build.0 = Debug|Any CPU
		{2DADA55D-63F2-400E-83C7-1F9D4CB6699B}.Debug|iPhone.Deploy.0 = Debug|Any CPU
		{2DADA55D-63F2-400E-83C7-1F9D4CB6699B}.Debug|iPhoneSimulator.ActiveCfg = Debug|Any CPU
		{2DADA55D-63F2-400E-83C7-1F9D4CB6699B}.Debug|iPhoneSimulator.Build.0 = Debug|Any CPU
		{2DADA55D-63F2-400E-83C7-1F9D4CB6699B}.Debug|iPhoneSimulator.Deploy.0 = Debug|Any CPU
		{2DADA55D-63F2-400E-83C7-1F9D4CB6699B}.Debug|x64.ActiveCfg = Debug|Any CPU
		{2DADA55D-63F2-400E-83C7-1F9D4CB6699B}.Debug|x64.Build.0 = Debug|Any CPU
		{2DADA55D-63F2-400E-83C7-1F9D4CB6699B}.Debug|x64.Deploy.0 = Debug|Any CPU
		{2DADA55D-63F2-400E-83C7-1F9D4CB6699B}.Debug|x86.ActiveCfg = Debug|Any CPU
		{2DADA55D-63F2-400E-83C7-1F9D4CB6699B}.Debug|x86.Build.0 = Debug|Any CPU
		{2DADA55D-63F2-400E-83C7-1F9D4CB6699B}.Debug|x86.Deploy.0 = Debug|Any CPU
		{2DADA55D-63F2-400E-83C7-1F9D4CB6699B}.Release|Any CPU.ActiveCfg = Release|Any CPU
		{2DADA55D-63F2-400E-83C7-1F9D4CB6699B}.Release|Any CPU.Build.0 = Release|Any CPU
		{2DADA55D-63F2-400E-83C7-1F9D4CB6699B}.Release|Any CPU.Deploy.0 = Release|Any CPU
		{2DADA55D-63F2-400E-83C7-1F9D4CB6699B}.Release|ARM.ActiveCfg = Release|Any CPU
		{2DADA55D-63F2-400E-83C7-1F9D4CB6699B}.Release|ARM.Build.0 = Release|Any CPU
		{2DADA55D-63F2-400E-83C7-1F9D4CB6699B}.Release|ARM.Deploy.0 = Release|Any CPU
		{2DADA55D-63F2-400E-83C7-1F9D4CB6699B}.Release|iPhone.ActiveCfg = Release|Any CPU
		{2DADA55D-63F2-400E-83C7-1F9D4CB6699B}.Release|iPhone.Build.0 = Release|Any CPU
		{2DADA55D-63F2-400E-83C7-1F9D4CB6699B}.Release|iPhone.Deploy.0 = Release|Any CPU
		{2DADA55D-63F2-400E-83C7-1F9D4CB6699B}.Release|iPhoneSimulator.ActiveCfg = Release|Any CPU
		{2DADA55D-63F2-400E-83C7-1F9D4CB6699B}.Release|iPhoneSimulator.Build.0 = Release|Any CPU
		{2DADA55D-63F2-400E-83C7-1F9D4CB6699B}.Release|iPhoneSimulator.Deploy.0 = Release|Any CPU
		{2DADA55D-63F2-400E-83C7-1F9D4CB6699B}.Release|x64.ActiveCfg = Release|Any CPU
		{2DADA55D-63F2-400E-83C7-1F9D4CB6699B}.Release|x64.Build.0 = Release|Any CPU
		{2DADA55D-63F2-400E-83C7-1F9D4CB6699B}.Release|x64.Deploy.0 = Release|Any CPU
		{2DADA55D-63F2-400E-83C7-1F9D4CB6699B}.Release|x86.ActiveCfg = Release|Any CPU
		{2DADA55D-63F2-400E-83C7-1F9D4CB6699B}.Release|x86.Build.0 = Release|Any CPU
		{2DADA55D-63F2-400E-83C7-1F9D4CB6699B}.Release|x86.Deploy.0 = Release|Any CPU
		{68A97257-DB72-4E72-ABF9-03BCB70601F0}.Ad-Hoc|Any CPU.ActiveCfg = Release|x86
		{68A97257-DB72-4E72-ABF9-03BCB70601F0}.Ad-Hoc|Any CPU.Build.0 = Release|x86
		{68A97257-DB72-4E72-ABF9-03BCB70601F0}.Ad-Hoc|Any CPU.Deploy.0 = Release|x86
		{68A97257-DB72-4E72-ABF9-03BCB70601F0}.Ad-Hoc|ARM.ActiveCfg = Release|ARM
		{68A97257-DB72-4E72-ABF9-03BCB70601F0}.Ad-Hoc|ARM.Build.0 = Release|ARM
		{68A97257-DB72-4E72-ABF9-03BCB70601F0}.Ad-Hoc|ARM.Deploy.0 = Release|ARM
		{68A97257-DB72-4E72-ABF9-03BCB70601F0}.Ad-Hoc|iPhone.ActiveCfg = Release|x86
		{68A97257-DB72-4E72-ABF9-03BCB70601F0}.Ad-Hoc|iPhone.Build.0 = Release|x86
		{68A97257-DB72-4E72-ABF9-03BCB70601F0}.Ad-Hoc|iPhone.Deploy.0 = Release|x86
		{68A97257-DB72-4E72-ABF9-03BCB70601F0}.Ad-Hoc|iPhoneSimulator.ActiveCfg = Release|x86
		{68A97257-DB72-4E72-ABF9-03BCB70601F0}.Ad-Hoc|iPhoneSimulator.Build.0 = Release|x86
		{68A97257-DB72-4E72-ABF9-03BCB70601F0}.Ad-Hoc|iPhoneSimulator.Deploy.0 = Release|x86
		{68A97257-DB72-4E72-ABF9-03BCB70601F0}.Ad-Hoc|x64.ActiveCfg = Release|x64
		{68A97257-DB72-4E72-ABF9-03BCB70601F0}.Ad-Hoc|x64.Build.0 = Release|x64
		{68A97257-DB72-4E72-ABF9-03BCB70601F0}.Ad-Hoc|x64.Deploy.0 = Release|x64
		{68A97257-DB72-4E72-ABF9-03BCB70601F0}.Ad-Hoc|x86.ActiveCfg = Release|x86
		{68A97257-DB72-4E72-ABF9-03BCB70601F0}.Ad-Hoc|x86.Build.0 = Release|x86
		{68A97257-DB72-4E72-ABF9-03BCB70601F0}.Ad-Hoc|x86.Deploy.0 = Release|x86
		{68A97257-DB72-4E72-ABF9-03BCB70601F0}.AppStore|Any CPU.ActiveCfg = Release|x86
		{68A97257-DB72-4E72-ABF9-03BCB70601F0}.AppStore|Any CPU.Build.0 = Release|x86
		{68A97257-DB72-4E72-ABF9-03BCB70601F0}.AppStore|Any CPU.Deploy.0 = Release|x86
		{68A97257-DB72-4E72-ABF9-03BCB70601F0}.AppStore|ARM.ActiveCfg = Release|ARM
		{68A97257-DB72-4E72-ABF9-03BCB70601F0}.AppStore|ARM.Build.0 = Release|ARM
		{68A97257-DB72-4E72-ABF9-03BCB70601F0}.AppStore|ARM.Deploy.0 = Release|ARM
		{68A97257-DB72-4E72-ABF9-03BCB70601F0}.AppStore|iPhone.ActiveCfg = Release|x86
		{68A97257-DB72-4E72-ABF9-03BCB70601F0}.AppStore|iPhone.Build.0 = Release|x86
		{68A97257-DB72-4E72-ABF9-03BCB70601F0}.AppStore|iPhone.Deploy.0 = Release|x86
		{68A97257-DB72-4E72-ABF9-03BCB70601F0}.AppStore|iPhoneSimulator.ActiveCfg = Release|x86
		{68A97257-DB72-4E72-ABF9-03BCB70601F0}.AppStore|iPhoneSimulator.Build.0 = Release|x86
		{68A97257-DB72-4E72-ABF9-03BCB70601F0}.AppStore|iPhoneSimulator.Deploy.0 = Release|x86
		{68A97257-DB72-4E72-ABF9-03BCB70601F0}.AppStore|x64.ActiveCfg = Release|x64
		{68A97257-DB72-4E72-ABF9-03BCB70601F0}.AppStore|x64.Build.0 = Release|x64
		{68A97257-DB72-4E72-ABF9-03BCB70601F0}.AppStore|x64.Deploy.0 = Release|x64
		{68A97257-DB72-4E72-ABF9-03BCB70601F0}.AppStore|x86.ActiveCfg = Release|x86
		{68A97257-DB72-4E72-ABF9-03BCB70601F0}.AppStore|x86.Build.0 = Release|x86
		{68A97257-DB72-4E72-ABF9-03BCB70601F0}.AppStore|x86.Deploy.0 = Release|x86
		{68A97257-DB72-4E72-ABF9-03BCB70601F0}.Debug|Any CPU.ActiveCfg = Debug|x86
		{68A97257-DB72-4E72-ABF9-03BCB70601F0}.Debug|Any CPU.Build.0 = Debug|x86
		{68A97257-DB72-4E72-ABF9-03BCB70601F0}.Debug|Any CPU.Deploy.0 = Debug|x86
		{68A97257-DB72-4E72-ABF9-03BCB70601F0}.Debug|ARM.ActiveCfg = Debug|ARM
		{68A97257-DB72-4E72-ABF9-03BCB70601F0}.Debug|ARM.Build.0 = Debug|ARM
		{68A97257-DB72-4E72-ABF9-03BCB70601F0}.Debug|ARM.Deploy.0 = Debug|ARM
		{68A97257-DB72-4E72-ABF9-03BCB70601F0}.Debug|iPhone.ActiveCfg = Debug|x86
		{68A97257-DB72-4E72-ABF9-03BCB70601F0}.Debug|iPhone.Build.0 = Debug|x86
		{68A97257-DB72-4E72-ABF9-03BCB70601F0}.Debug|iPhone.Deploy.0 = Debug|x86
		{68A97257-DB72-4E72-ABF9-03BCB70601F0}.Debug|iPhoneSimulator.ActiveCfg = Debug|x86
		{68A97257-DB72-4E72-ABF9-03BCB70601F0}.Debug|iPhoneSimulator.Build.0 = Debug|x86
		{68A97257-DB72-4E72-ABF9-03BCB70601F0}.Debug|iPhoneSimulator.Deploy.0 = Debug|x86
		{68A97257-DB72-4E72-ABF9-03BCB70601F0}.Debug|x64.ActiveCfg = Debug|x64
		{68A97257-DB72-4E72-ABF9-03BCB70601F0}.Debug|x64.Build.0 = Debug|x64
		{68A97257-DB72-4E72-ABF9-03BCB70601F0}.Debug|x64.Deploy.0 = Debug|x64
		{68A97257-DB72-4E72-ABF9-03BCB70601F0}.Debug|x86.ActiveCfg = Debug|x86
		{68A97257-DB72-4E72-ABF9-03BCB70601F0}.Debug|x86.Build.0 = Debug|x86
		{68A97257-DB72-4E72-ABF9-03BCB70601F0}.Debug|x86.Deploy.0 = Debug|x86
		{68A97257-DB72-4E72-ABF9-03BCB70601F0}.Release|Any CPU.ActiveCfg = Release|x86
		{68A97257-DB72-4E72-ABF9-03BCB70601F0}.Release|ARM.ActiveCfg = Release|ARM
		{68A97257-DB72-4E72-ABF9-03BCB70601F0}.Release|ARM.Build.0 = Release|ARM
		{68A97257-DB72-4E72-ABF9-03BCB70601F0}.Release|ARM.Deploy.0 = Release|ARM
		{68A97257-DB72-4E72-ABF9-03BCB70601F0}.Release|iPhone.ActiveCfg = Release|x86
		{68A97257-DB72-4E72-ABF9-03BCB70601F0}.Release|iPhoneSimulator.ActiveCfg = Release|x86
		{68A97257-DB72-4E72-ABF9-03BCB70601F0}.Release|x64.ActiveCfg = Release|x64
		{68A97257-DB72-4E72-ABF9-03BCB70601F0}.Release|x64.Build.0 = Release|x64
		{68A97257-DB72-4E72-ABF9-03BCB70601F0}.Release|x64.Deploy.0 = Release|x64
		{68A97257-DB72-4E72-ABF9-03BCB70601F0}.Release|x86.ActiveCfg = Release|x86
		{68A97257-DB72-4E72-ABF9-03BCB70601F0}.Release|x86.Build.0 = Release|x86
		{68A97257-DB72-4E72-ABF9-03BCB70601F0}.Release|x86.Deploy.0 = Release|x86
		{3866F05F-60C4-4327-8732-057884DABD96}.Ad-Hoc|Any CPU.ActiveCfg = Ad-Hoc|iPhone
		{3866F05F-60C4-4327-8732-057884DABD96}.Ad-Hoc|ARM.ActiveCfg = Ad-Hoc|iPhone
		{3866F05F-60C4-4327-8732-057884DABD96}.Ad-Hoc|iPhone.ActiveCfg = Ad-Hoc|iPhone
		{3866F05F-60C4-4327-8732-057884DABD96}.Ad-Hoc|iPhone.Build.0 = Ad-Hoc|iPhone
		{3866F05F-60C4-4327-8732-057884DABD96}.Ad-Hoc|iPhoneSimulator.ActiveCfg = Ad-Hoc|iPhoneSimulator
		{3866F05F-60C4-4327-8732-057884DABD96}.Ad-Hoc|iPhoneSimulator.Build.0 = Ad-Hoc|iPhoneSimulator
		{3866F05F-60C4-4327-8732-057884DABD96}.Ad-Hoc|x64.ActiveCfg = Ad-Hoc|iPhone
		{3866F05F-60C4-4327-8732-057884DABD96}.Ad-Hoc|x86.ActiveCfg = Ad-Hoc|iPhone
		{3866F05F-60C4-4327-8732-057884DABD96}.AppStore|Any CPU.ActiveCfg = AppStore|iPhone
		{3866F05F-60C4-4327-8732-057884DABD96}.AppStore|ARM.ActiveCfg = AppStore|iPhone
		{3866F05F-60C4-4327-8732-057884DABD96}.AppStore|iPhone.ActiveCfg = AppStore|iPhone
		{3866F05F-60C4-4327-8732-057884DABD96}.AppStore|iPhone.Build.0 = AppStore|iPhone
		{3866F05F-60C4-4327-8732-057884DABD96}.AppStore|iPhoneSimulator.ActiveCfg = AppStore|iPhoneSimulator
		{3866F05F-60C4-4327-8732-057884DABD96}.AppStore|iPhoneSimulator.Build.0 = AppStore|iPhoneSimulator
		{3866F05F-60C4-4327-8732-057884DABD96}.AppStore|x64.ActiveCfg = AppStore|iPhone
		{3866F05F-60C4-4327-8732-057884DABD96}.AppStore|x86.ActiveCfg = AppStore|iPhone
		{3866F05F-60C4-4327-8732-057884DABD96}.Debug|Any CPU.ActiveCfg = Debug|iPhone
		{3866F05F-60C4-4327-8732-057884DABD96}.Debug|Any CPU.Build.0 = Debug|iPhone
		{3866F05F-60C4-4327-8732-057884DABD96}.Debug|ARM.ActiveCfg = Debug|iPhone
		{3866F05F-60C4-4327-8732-057884DABD96}.Debug|iPhone.ActiveCfg = Debug|iPhone
		{3866F05F-60C4-4327-8732-057884DABD96}.Debug|iPhone.Build.0 = Debug|iPhone
		{3866F05F-60C4-4327-8732-057884DABD96}.Debug|iPhoneSimulator.ActiveCfg = Debug|iPhoneSimulator
		{3866F05F-60C4-4327-8732-057884DABD96}.Debug|iPhoneSimulator.Build.0 = Debug|iPhoneSimulator
		{3866F05F-60C4-4327-8732-057884DABD96}.Debug|x64.ActiveCfg = Debug|iPhone
		{3866F05F-60C4-4327-8732-057884DABD96}.Debug|x86.ActiveCfg = Debug|iPhone
		{3866F05F-60C4-4327-8732-057884DABD96}.Release|Any CPU.ActiveCfg = Release|iPhone
		{3866F05F-60C4-4327-8732-057884DABD96}.Release|ARM.ActiveCfg = Release|iPhone
		{3866F05F-60C4-4327-8732-057884DABD96}.Release|iPhone.ActiveCfg = Release|iPhone
		{3866F05F-60C4-4327-8732-057884DABD96}.Release|iPhone.Build.0 = Release|iPhone
		{3866F05F-60C4-4327-8732-057884DABD96}.Release|iPhoneSimulator.ActiveCfg = Release|iPhoneSimulator
		{3866F05F-60C4-4327-8732-057884DABD96}.Release|iPhoneSimulator.Build.0 = Release|iPhoneSimulator
		{3866F05F-60C4-4327-8732-057884DABD96}.Release|x64.ActiveCfg = Release|iPhone
		{3866F05F-60C4-4327-8732-057884DABD96}.Release|x86.ActiveCfg = Release|iPhone
		{675ED31C-275C-4128-92D7-A86ABC322F09}.Ad-Hoc|Any CPU.ActiveCfg = Release|Any CPU
		{675ED31C-275C-4128-92D7-A86ABC322F09}.Ad-Hoc|Any CPU.Build.0 = Release|Any CPU
		{675ED31C-275C-4128-92D7-A86ABC322F09}.Ad-Hoc|ARM.ActiveCfg = Release|Any CPU
		{675ED31C-275C-4128-92D7-A86ABC322F09}.Ad-Hoc|ARM.Build.0 = Release|Any CPU
		{675ED31C-275C-4128-92D7-A86ABC322F09}.Ad-Hoc|iPhone.ActiveCfg = Release|Any CPU
		{675ED31C-275C-4128-92D7-A86ABC322F09}.Ad-Hoc|iPhone.Build.0 = Release|Any CPU
		{675ED31C-275C-4128-92D7-A86ABC322F09}.Ad-Hoc|iPhoneSimulator.ActiveCfg = Release|Any CPU
		{675ED31C-275C-4128-92D7-A86ABC322F09}.Ad-Hoc|iPhoneSimulator.Build.0 = Release|Any CPU
		{675ED31C-275C-4128-92D7-A86ABC322F09}.Ad-Hoc|x64.ActiveCfg = Release|Any CPU
		{675ED31C-275C-4128-92D7-A86ABC322F09}.Ad-Hoc|x64.Build.0 = Release|Any CPU
		{675ED31C-275C-4128-92D7-A86ABC322F09}.Ad-Hoc|x86.ActiveCfg = Release|Any CPU
		{675ED31C-275C-4128-92D7-A86ABC322F09}.Ad-Hoc|x86.Build.0 = Release|Any CPU
		{675ED31C-275C-4128-92D7-A86ABC322F09}.AppStore|Any CPU.ActiveCfg = Release|Any CPU
		{675ED31C-275C-4128-92D7-A86ABC322F09}.AppStore|Any CPU.Build.0 = Release|Any CPU
		{675ED31C-275C-4128-92D7-A86ABC322F09}.AppStore|ARM.ActiveCfg = Release|Any CPU
		{675ED31C-275C-4128-92D7-A86ABC322F09}.AppStore|ARM.Build.0 = Release|Any CPU
		{675ED31C-275C-4128-92D7-A86ABC322F09}.AppStore|iPhone.ActiveCfg = Release|Any CPU
		{675ED31C-275C-4128-92D7-A86ABC322F09}.AppStore|iPhone.Build.0 = Release|Any CPU
		{675ED31C-275C-4128-92D7-A86ABC322F09}.AppStore|iPhoneSimulator.ActiveCfg = Release|Any CPU
		{675ED31C-275C-4128-92D7-A86ABC322F09}.AppStore|iPhoneSimulator.Build.0 = Release|Any CPU
		{675ED31C-275C-4128-92D7-A86ABC322F09}.AppStore|x64.ActiveCfg = Release|Any CPU
		{675ED31C-275C-4128-92D7-A86ABC322F09}.AppStore|x64.Build.0 = Release|Any CPU
		{675ED31C-275C-4128-92D7-A86ABC322F09}.AppStore|x86.ActiveCfg = Release|Any CPU
		{675ED31C-275C-4128-92D7-A86ABC322F09}.AppStore|x86.Build.0 = Release|Any CPU
		{675ED31C-275C-4128-92D7-A86ABC322F09}.Debug|Any CPU.ActiveCfg = Debug|Any CPU
		{675ED31C-275C-4128-92D7-A86ABC322F09}.Debug|Any CPU.Build.0 = Debug|Any CPU
		{675ED31C-275C-4128-92D7-A86ABC322F09}.Debug|ARM.ActiveCfg = Debug|Any CPU
		{675ED31C-275C-4128-92D7-A86ABC322F09}.Debug|ARM.Build.0 = Debug|Any CPU
		{675ED31C-275C-4128-92D7-A86ABC322F09}.Debug|iPhone.ActiveCfg = Debug|Any CPU
		{675ED31C-275C-4128-92D7-A86ABC322F09}.Debug|iPhone.Build.0 = Debug|Any CPU
		{675ED31C-275C-4128-92D7-A86ABC322F09}.Debug|iPhoneSimulator.ActiveCfg = Debug|Any CPU
		{675ED31C-275C-4128-92D7-A86ABC322F09}.Debug|iPhoneSimulator.Build.0 = Debug|Any CPU
		{675ED31C-275C-4128-92D7-A86ABC322F09}.Debug|x64.ActiveCfg = Debug|Any CPU
		{675ED31C-275C-4128-92D7-A86ABC322F09}.Debug|x64.Build.0 = Debug|Any CPU
		{675ED31C-275C-4128-92D7-A86ABC322F09}.Debug|x86.ActiveCfg = Debug|Any CPU
		{675ED31C-275C-4128-92D7-A86ABC322F09}.Debug|x86.Build.0 = Debug|Any CPU
		{675ED31C-275C-4128-92D7-A86ABC322F09}.Release|Any CPU.ActiveCfg = Release|Any CPU
		{675ED31C-275C-4128-92D7-A86ABC322F09}.Release|Any CPU.Build.0 = Release|Any CPU
		{675ED31C-275C-4128-92D7-A86ABC322F09}.Release|ARM.ActiveCfg = Release|Any CPU
		{675ED31C-275C-4128-92D7-A86ABC322F09}.Release|ARM.Build.0 = Release|Any CPU
		{675ED31C-275C-4128-92D7-A86ABC322F09}.Release|iPhone.ActiveCfg = Release|Any CPU
		{675ED31C-275C-4128-92D7-A86ABC322F09}.Release|iPhone.Build.0 = Release|Any CPU
		{675ED31C-275C-4128-92D7-A86ABC322F09}.Release|iPhoneSimulator.ActiveCfg = Release|Any CPU
		{675ED31C-275C-4128-92D7-A86ABC322F09}.Release|iPhoneSimulator.Build.0 = Release|Any CPU
		{675ED31C-275C-4128-92D7-A86ABC322F09}.Release|x64.ActiveCfg = Release|Any CPU
		{675ED31C-275C-4128-92D7-A86ABC322F09}.Release|x64.Build.0 = Release|Any CPU
		{675ED31C-275C-4128-92D7-A86ABC322F09}.Release|x86.ActiveCfg = Release|Any CPU
		{675ED31C-275C-4128-92D7-A86ABC322F09}.Release|x86.Build.0 = Release|Any CPU
		{184F8572-0B6D-49B9-B657-2CD68B3EDBC7}.Ad-Hoc|Any CPU.ActiveCfg = AppStore|Any CPU
		{184F8572-0B6D-49B9-B657-2CD68B3EDBC7}.Ad-Hoc|Any CPU.Build.0 = AppStore|Any CPU
		{184F8572-0B6D-49B9-B657-2CD68B3EDBC7}.Ad-Hoc|ARM.ActiveCfg = AppStore|Any CPU
		{184F8572-0B6D-49B9-B657-2CD68B3EDBC7}.Ad-Hoc|ARM.Build.0 = AppStore|Any CPU
		{184F8572-0B6D-49B9-B657-2CD68B3EDBC7}.Ad-Hoc|iPhone.ActiveCfg = AppStore|Any CPU
		{184F8572-0B6D-49B9-B657-2CD68B3EDBC7}.Ad-Hoc|iPhone.Build.0 = AppStore|Any CPU
		{184F8572-0B6D-49B9-B657-2CD68B3EDBC7}.Ad-Hoc|iPhoneSimulator.ActiveCfg = AppStore|Any CPU
		{184F8572-0B6D-49B9-B657-2CD68B3EDBC7}.Ad-Hoc|iPhoneSimulator.Build.0 = AppStore|Any CPU
		{184F8572-0B6D-49B9-B657-2CD68B3EDBC7}.Ad-Hoc|x64.ActiveCfg = AppStore|Any CPU
		{184F8572-0B6D-49B9-B657-2CD68B3EDBC7}.Ad-Hoc|x64.Build.0 = AppStore|Any CPU
		{184F8572-0B6D-49B9-B657-2CD68B3EDBC7}.Ad-Hoc|x86.ActiveCfg = AppStore|Any CPU
		{184F8572-0B6D-49B9-B657-2CD68B3EDBC7}.Ad-Hoc|x86.Build.0 = AppStore|Any CPU
		{184F8572-0B6D-49B9-B657-2CD68B3EDBC7}.AppStore|Any CPU.ActiveCfg = AppStore|Any CPU
		{184F8572-0B6D-49B9-B657-2CD68B3EDBC7}.AppStore|Any CPU.Build.0 = AppStore|Any CPU
		{184F8572-0B6D-49B9-B657-2CD68B3EDBC7}.AppStore|ARM.ActiveCfg = AppStore|Any CPU
		{184F8572-0B6D-49B9-B657-2CD68B3EDBC7}.AppStore|ARM.Build.0 = AppStore|Any CPU
		{184F8572-0B6D-49B9-B657-2CD68B3EDBC7}.AppStore|iPhone.ActiveCfg = AppStore|Any CPU
		{184F8572-0B6D-49B9-B657-2CD68B3EDBC7}.AppStore|iPhone.Build.0 = AppStore|Any CPU
		{184F8572-0B6D-49B9-B657-2CD68B3EDBC7}.AppStore|iPhoneSimulator.ActiveCfg = AppStore|Any CPU
		{184F8572-0B6D-49B9-B657-2CD68B3EDBC7}.AppStore|iPhoneSimulator.Build.0 = AppStore|Any CPU
		{184F8572-0B6D-49B9-B657-2CD68B3EDBC7}.AppStore|x64.ActiveCfg = AppStore|Any CPU
		{184F8572-0B6D-49B9-B657-2CD68B3EDBC7}.AppStore|x64.Build.0 = AppStore|Any CPU
		{184F8572-0B6D-49B9-B657-2CD68B3EDBC7}.AppStore|x86.ActiveCfg = AppStore|Any CPU
		{184F8572-0B6D-49B9-B657-2CD68B3EDBC7}.AppStore|x86.Build.0 = AppStore|Any CPU
		{184F8572-0B6D-49B9-B657-2CD68B3EDBC7}.Debug|Any CPU.ActiveCfg = Debug|Any CPU
		{184F8572-0B6D-49B9-B657-2CD68B3EDBC7}.Debug|Any CPU.Build.0 = Debug|Any CPU
		{184F8572-0B6D-49B9-B657-2CD68B3EDBC7}.Debug|ARM.ActiveCfg = Debug|Any CPU
		{184F8572-0B6D-49B9-B657-2CD68B3EDBC7}.Debug|ARM.Build.0 = Debug|Any CPU
		{184F8572-0B6D-49B9-B657-2CD68B3EDBC7}.Debug|iPhone.ActiveCfg = Debug|Any CPU
		{184F8572-0B6D-49B9-B657-2CD68B3EDBC7}.Debug|iPhone.Build.0 = Debug|Any CPU
		{184F8572-0B6D-49B9-B657-2CD68B3EDBC7}.Debug|iPhoneSimulator.ActiveCfg = Debug|Any CPU
		{184F8572-0B6D-49B9-B657-2CD68B3EDBC7}.Debug|iPhoneSimulator.Build.0 = Debug|Any CPU
		{184F8572-0B6D-49B9-B657-2CD68B3EDBC7}.Debug|x64.ActiveCfg = Debug|Any CPU
		{184F8572-0B6D-49B9-B657-2CD68B3EDBC7}.Debug|x64.Build.0 = Debug|Any CPU
		{184F8572-0B6D-49B9-B657-2CD68B3EDBC7}.Debug|x86.ActiveCfg = Debug|Any CPU
		{184F8572-0B6D-49B9-B657-2CD68B3EDBC7}.Debug|x86.Build.0 = Debug|Any CPU
		{184F8572-0B6D-49B9-B657-2CD68B3EDBC7}.Release|Any CPU.ActiveCfg = Release|Any CPU
		{184F8572-0B6D-49B9-B657-2CD68B3EDBC7}.Release|Any CPU.Build.0 = Release|Any CPU
		{184F8572-0B6D-49B9-B657-2CD68B3EDBC7}.Release|ARM.ActiveCfg = Release|Any CPU
		{184F8572-0B6D-49B9-B657-2CD68B3EDBC7}.Release|ARM.Build.0 = Release|Any CPU
		{184F8572-0B6D-49B9-B657-2CD68B3EDBC7}.Release|iPhone.ActiveCfg = Release|Any CPU
		{184F8572-0B6D-49B9-B657-2CD68B3EDBC7}.Release|iPhone.Build.0 = Release|Any CPU
		{184F8572-0B6D-49B9-B657-2CD68B3EDBC7}.Release|iPhoneSimulator.ActiveCfg = Release|Any CPU
		{184F8572-0B6D-49B9-B657-2CD68B3EDBC7}.Release|iPhoneSimulator.Build.0 = Release|Any CPU
		{184F8572-0B6D-49B9-B657-2CD68B3EDBC7}.Release|x64.ActiveCfg = Release|Any CPU
		{184F8572-0B6D-49B9-B657-2CD68B3EDBC7}.Release|x64.Build.0 = Release|Any CPU
		{184F8572-0B6D-49B9-B657-2CD68B3EDBC7}.Release|x86.ActiveCfg = Release|Any CPU
		{184F8572-0B6D-49B9-B657-2CD68B3EDBC7}.Release|x86.Build.0 = Release|Any CPU
		{7C4EEA14-0FB9-4AEE-997E-9281AE524B62}.Ad-Hoc|Any CPU.ActiveCfg = Release|Any CPU
		{7C4EEA14-0FB9-4AEE-997E-9281AE524B62}.Ad-Hoc|Any CPU.Build.0 = Release|Any CPU
		{7C4EEA14-0FB9-4AEE-997E-9281AE524B62}.Ad-Hoc|ARM.ActiveCfg = Release|ARM
		{7C4EEA14-0FB9-4AEE-997E-9281AE524B62}.Ad-Hoc|ARM.Build.0 = Release|ARM
		{7C4EEA14-0FB9-4AEE-997E-9281AE524B62}.Ad-Hoc|iPhone.ActiveCfg = Release|Any CPU
		{7C4EEA14-0FB9-4AEE-997E-9281AE524B62}.Ad-Hoc|iPhone.Build.0 = Release|Any CPU
		{7C4EEA14-0FB9-4AEE-997E-9281AE524B62}.Ad-Hoc|iPhoneSimulator.ActiveCfg = Release|Any CPU
		{7C4EEA14-0FB9-4AEE-997E-9281AE524B62}.Ad-Hoc|iPhoneSimulator.Build.0 = Release|Any CPU
		{7C4EEA14-0FB9-4AEE-997E-9281AE524B62}.Ad-Hoc|x64.ActiveCfg = Release|x64
		{7C4EEA14-0FB9-4AEE-997E-9281AE524B62}.Ad-Hoc|x64.Build.0 = Release|x64
		{7C4EEA14-0FB9-4AEE-997E-9281AE524B62}.Ad-Hoc|x86.ActiveCfg = Release|x86
		{7C4EEA14-0FB9-4AEE-997E-9281AE524B62}.Ad-Hoc|x86.Build.0 = Release|x86
		{7C4EEA14-0FB9-4AEE-997E-9281AE524B62}.AppStore|Any CPU.ActiveCfg = Release|Any CPU
		{7C4EEA14-0FB9-4AEE-997E-9281AE524B62}.AppStore|Any CPU.Build.0 = Release|Any CPU
		{7C4EEA14-0FB9-4AEE-997E-9281AE524B62}.AppStore|ARM.ActiveCfg = Release|ARM
		{7C4EEA14-0FB9-4AEE-997E-9281AE524B62}.AppStore|ARM.Build.0 = Release|ARM
		{7C4EEA14-0FB9-4AEE-997E-9281AE524B62}.AppStore|iPhone.ActiveCfg = Release|Any CPU
		{7C4EEA14-0FB9-4AEE-997E-9281AE524B62}.AppStore|iPhone.Build.0 = Release|Any CPU
		{7C4EEA14-0FB9-4AEE-997E-9281AE524B62}.AppStore|iPhoneSimulator.ActiveCfg = Release|Any CPU
		{7C4EEA14-0FB9-4AEE-997E-9281AE524B62}.AppStore|iPhoneSimulator.Build.0 = Release|Any CPU
		{7C4EEA14-0FB9-4AEE-997E-9281AE524B62}.AppStore|x64.ActiveCfg = Release|x64
		{7C4EEA14-0FB9-4AEE-997E-9281AE524B62}.AppStore|x64.Build.0 = Release|x64
		{7C4EEA14-0FB9-4AEE-997E-9281AE524B62}.AppStore|x86.ActiveCfg = Release|x86
		{7C4EEA14-0FB9-4AEE-997E-9281AE524B62}.AppStore|x86.Build.0 = Release|x86
		{7C4EEA14-0FB9-4AEE-997E-9281AE524B62}.Debug|Any CPU.ActiveCfg = Debug|Any CPU
		{7C4EEA14-0FB9-4AEE-997E-9281AE524B62}.Debug|Any CPU.Build.0 = Debug|Any CPU
		{7C4EEA14-0FB9-4AEE-997E-9281AE524B62}.Debug|ARM.ActiveCfg = Debug|ARM
		{7C4EEA14-0FB9-4AEE-997E-9281AE524B62}.Debug|ARM.Build.0 = Debug|ARM
		{7C4EEA14-0FB9-4AEE-997E-9281AE524B62}.Debug|iPhone.ActiveCfg = Debug|Any CPU
		{7C4EEA14-0FB9-4AEE-997E-9281AE524B62}.Debug|iPhone.Build.0 = Debug|Any CPU
		{7C4EEA14-0FB9-4AEE-997E-9281AE524B62}.Debug|iPhoneSimulator.ActiveCfg = Debug|Any CPU
		{7C4EEA14-0FB9-4AEE-997E-9281AE524B62}.Debug|iPhoneSimulator.Build.0 = Debug|Any CPU
		{7C4EEA14-0FB9-4AEE-997E-9281AE524B62}.Debug|x64.ActiveCfg = Debug|x64
		{7C4EEA14-0FB9-4AEE-997E-9281AE524B62}.Debug|x64.Build.0 = Debug|x64
		{7C4EEA14-0FB9-4AEE-997E-9281AE524B62}.Debug|x86.ActiveCfg = Debug|x86
		{7C4EEA14-0FB9-4AEE-997E-9281AE524B62}.Debug|x86.Build.0 = Debug|x86
		{7C4EEA14-0FB9-4AEE-997E-9281AE524B62}.Release|Any CPU.ActiveCfg = Release|Any CPU
		{7C4EEA14-0FB9-4AEE-997E-9281AE524B62}.Release|Any CPU.Build.0 = Release|Any CPU
		{7C4EEA14-0FB9-4AEE-997E-9281AE524B62}.Release|ARM.ActiveCfg = Release|ARM
		{7C4EEA14-0FB9-4AEE-997E-9281AE524B62}.Release|ARM.Build.0 = Release|ARM
		{7C4EEA14-0FB9-4AEE-997E-9281AE524B62}.Release|iPhone.ActiveCfg = Release|Any CPU
		{7C4EEA14-0FB9-4AEE-997E-9281AE524B62}.Release|iPhone.Build.0 = Release|Any CPU
		{7C4EEA14-0FB9-4AEE-997E-9281AE524B62}.Release|iPhoneSimulator.ActiveCfg = Release|Any CPU
		{7C4EEA14-0FB9-4AEE-997E-9281AE524B62}.Release|iPhoneSimulator.Build.0 = Release|Any CPU
		{7C4EEA14-0FB9-4AEE-997E-9281AE524B62}.Release|x64.ActiveCfg = Release|x64
		{7C4EEA14-0FB9-4AEE-997E-9281AE524B62}.Release|x64.Build.0 = Release|x64
		{7C4EEA14-0FB9-4AEE-997E-9281AE524B62}.Release|x86.ActiveCfg = Release|x86
		{7C4EEA14-0FB9-4AEE-997E-9281AE524B62}.Release|x86.Build.0 = Release|x86
		{56F1DD78-04C2-419B-BE12-9AFE3E4D0883}.Ad-Hoc|Any CPU.ActiveCfg = Release|Any CPU
		{56F1DD78-04C2-419B-BE12-9AFE3E4D0883}.Ad-Hoc|Any CPU.Build.0 = Release|Any CPU
		{56F1DD78-04C2-419B-BE12-9AFE3E4D0883}.Ad-Hoc|ARM.ActiveCfg = Release|ARM
		{56F1DD78-04C2-419B-BE12-9AFE3E4D0883}.Ad-Hoc|ARM.Build.0 = Release|ARM
		{56F1DD78-04C2-419B-BE12-9AFE3E4D0883}.Ad-Hoc|iPhone.ActiveCfg = Release|Any CPU
		{56F1DD78-04C2-419B-BE12-9AFE3E4D0883}.Ad-Hoc|iPhone.Build.0 = Release|Any CPU
		{56F1DD78-04C2-419B-BE12-9AFE3E4D0883}.Ad-Hoc|iPhoneSimulator.ActiveCfg = Release|Any CPU
		{56F1DD78-04C2-419B-BE12-9AFE3E4D0883}.Ad-Hoc|iPhoneSimulator.Build.0 = Release|Any CPU
		{56F1DD78-04C2-419B-BE12-9AFE3E4D0883}.Ad-Hoc|x64.ActiveCfg = Release|x64
		{56F1DD78-04C2-419B-BE12-9AFE3E4D0883}.Ad-Hoc|x64.Build.0 = Release|x64
		{56F1DD78-04C2-419B-BE12-9AFE3E4D0883}.Ad-Hoc|x86.ActiveCfg = Release|x86
		{56F1DD78-04C2-419B-BE12-9AFE3E4D0883}.Ad-Hoc|x86.Build.0 = Release|x86
		{56F1DD78-04C2-419B-BE12-9AFE3E4D0883}.AppStore|Any CPU.ActiveCfg = Release|Any CPU
		{56F1DD78-04C2-419B-BE12-9AFE3E4D0883}.AppStore|Any CPU.Build.0 = Release|Any CPU
		{56F1DD78-04C2-419B-BE12-9AFE3E4D0883}.AppStore|ARM.ActiveCfg = Release|ARM
		{56F1DD78-04C2-419B-BE12-9AFE3E4D0883}.AppStore|ARM.Build.0 = Release|ARM
		{56F1DD78-04C2-419B-BE12-9AFE3E4D0883}.AppStore|iPhone.ActiveCfg = Release|Any CPU
		{56F1DD78-04C2-419B-BE12-9AFE3E4D0883}.AppStore|iPhone.Build.0 = Release|Any CPU
		{56F1DD78-04C2-419B-BE12-9AFE3E4D0883}.AppStore|iPhoneSimulator.ActiveCfg = Release|Any CPU
		{56F1DD78-04C2-419B-BE12-9AFE3E4D0883}.AppStore|iPhoneSimulator.Build.0 = Release|Any CPU
		{56F1DD78-04C2-419B-BE12-9AFE3E4D0883}.AppStore|x64.ActiveCfg = Release|x64
		{56F1DD78-04C2-419B-BE12-9AFE3E4D0883}.AppStore|x64.Build.0 = Release|x64
		{56F1DD78-04C2-419B-BE12-9AFE3E4D0883}.AppStore|x86.ActiveCfg = Release|x86
		{56F1DD78-04C2-419B-BE12-9AFE3E4D0883}.AppStore|x86.Build.0 = Release|x86
		{56F1DD78-04C2-419B-BE12-9AFE3E4D0883}.Debug|Any CPU.ActiveCfg = Debug|Any CPU
		{56F1DD78-04C2-419B-BE12-9AFE3E4D0883}.Debug|Any CPU.Build.0 = Debug|Any CPU
		{56F1DD78-04C2-419B-BE12-9AFE3E4D0883}.Debug|ARM.ActiveCfg = Debug|ARM
		{56F1DD78-04C2-419B-BE12-9AFE3E4D0883}.Debug|ARM.Build.0 = Debug|ARM
		{56F1DD78-04C2-419B-BE12-9AFE3E4D0883}.Debug|iPhone.ActiveCfg = Debug|Any CPU
		{56F1DD78-04C2-419B-BE12-9AFE3E4D0883}.Debug|iPhone.Build.0 = Debug|Any CPU
		{56F1DD78-04C2-419B-BE12-9AFE3E4D0883}.Debug|iPhoneSimulator.ActiveCfg = Debug|Any CPU
		{56F1DD78-04C2-419B-BE12-9AFE3E4D0883}.Debug|iPhoneSimulator.Build.0 = Debug|Any CPU
		{56F1DD78-04C2-419B-BE12-9AFE3E4D0883}.Debug|x64.ActiveCfg = Debug|x64
		{56F1DD78-04C2-419B-BE12-9AFE3E4D0883}.Debug|x64.Build.0 = Debug|x64
		{56F1DD78-04C2-419B-BE12-9AFE3E4D0883}.Debug|x86.ActiveCfg = Debug|x86
		{56F1DD78-04C2-419B-BE12-9AFE3E4D0883}.Debug|x86.Build.0 = Debug|x86
		{56F1DD78-04C2-419B-BE12-9AFE3E4D0883}.Release|Any CPU.ActiveCfg = Release|Any CPU
		{56F1DD78-04C2-419B-BE12-9AFE3E4D0883}.Release|Any CPU.Build.0 = Release|Any CPU
		{56F1DD78-04C2-419B-BE12-9AFE3E4D0883}.Release|ARM.ActiveCfg = Release|ARM
		{56F1DD78-04C2-419B-BE12-9AFE3E4D0883}.Release|ARM.Build.0 = Release|ARM
		{56F1DD78-04C2-419B-BE12-9AFE3E4D0883}.Release|iPhone.ActiveCfg = Release|Any CPU
		{56F1DD78-04C2-419B-BE12-9AFE3E4D0883}.Release|iPhone.Build.0 = Release|Any CPU
		{56F1DD78-04C2-419B-BE12-9AFE3E4D0883}.Release|iPhoneSimulator.ActiveCfg = Release|Any CPU
		{56F1DD78-04C2-419B-BE12-9AFE3E4D0883}.Release|iPhoneSimulator.Build.0 = Release|Any CPU
		{56F1DD78-04C2-419B-BE12-9AFE3E4D0883}.Release|x64.ActiveCfg = Release|x64
		{56F1DD78-04C2-419B-BE12-9AFE3E4D0883}.Release|x64.Build.0 = Release|x64
		{56F1DD78-04C2-419B-BE12-9AFE3E4D0883}.Release|x86.ActiveCfg = Release|x86
		{56F1DD78-04C2-419B-BE12-9AFE3E4D0883}.Release|x86.Build.0 = Release|x86
		{09ED2490-57F3-43F0-9CDE-839DF6D79A6A}.Ad-Hoc|Any CPU.ActiveCfg = Release|Any CPU
		{09ED2490-57F3-43F0-9CDE-839DF6D79A6A}.Ad-Hoc|Any CPU.Build.0 = Release|Any CPU
		{09ED2490-57F3-43F0-9CDE-839DF6D79A6A}.Ad-Hoc|ARM.ActiveCfg = Release|Any CPU
		{09ED2490-57F3-43F0-9CDE-839DF6D79A6A}.Ad-Hoc|ARM.Build.0 = Release|Any CPU
		{09ED2490-57F3-43F0-9CDE-839DF6D79A6A}.Ad-Hoc|iPhone.ActiveCfg = Release|Any CPU
		{09ED2490-57F3-43F0-9CDE-839DF6D79A6A}.Ad-Hoc|iPhone.Build.0 = Release|Any CPU
		{09ED2490-57F3-43F0-9CDE-839DF6D79A6A}.Ad-Hoc|iPhoneSimulator.ActiveCfg = Release|Any CPU
		{09ED2490-57F3-43F0-9CDE-839DF6D79A6A}.Ad-Hoc|iPhoneSimulator.Build.0 = Release|Any CPU
		{09ED2490-57F3-43F0-9CDE-839DF6D79A6A}.Ad-Hoc|x64.ActiveCfg = Release|Any CPU
		{09ED2490-57F3-43F0-9CDE-839DF6D79A6A}.Ad-Hoc|x64.Build.0 = Release|Any CPU
		{09ED2490-57F3-43F0-9CDE-839DF6D79A6A}.Ad-Hoc|x86.ActiveCfg = Release|Any CPU
		{09ED2490-57F3-43F0-9CDE-839DF6D79A6A}.Ad-Hoc|x86.Build.0 = Release|Any CPU
		{09ED2490-57F3-43F0-9CDE-839DF6D79A6A}.AppStore|Any CPU.ActiveCfg = Release|Any CPU
		{09ED2490-57F3-43F0-9CDE-839DF6D79A6A}.AppStore|Any CPU.Build.0 = Release|Any CPU
		{09ED2490-57F3-43F0-9CDE-839DF6D79A6A}.AppStore|ARM.ActiveCfg = Release|Any CPU
		{09ED2490-57F3-43F0-9CDE-839DF6D79A6A}.AppStore|ARM.Build.0 = Release|Any CPU
		{09ED2490-57F3-43F0-9CDE-839DF6D79A6A}.AppStore|iPhone.ActiveCfg = Release|Any CPU
		{09ED2490-57F3-43F0-9CDE-839DF6D79A6A}.AppStore|iPhone.Build.0 = Release|Any CPU
		{09ED2490-57F3-43F0-9CDE-839DF6D79A6A}.AppStore|iPhoneSimulator.ActiveCfg = Release|Any CPU
		{09ED2490-57F3-43F0-9CDE-839DF6D79A6A}.AppStore|iPhoneSimulator.Build.0 = Release|Any CPU
		{09ED2490-57F3-43F0-9CDE-839DF6D79A6A}.AppStore|x64.ActiveCfg = Release|Any CPU
		{09ED2490-57F3-43F0-9CDE-839DF6D79A6A}.AppStore|x64.Build.0 = Release|Any CPU
		{09ED2490-57F3-43F0-9CDE-839DF6D79A6A}.AppStore|x86.ActiveCfg = Release|Any CPU
		{09ED2490-57F3-43F0-9CDE-839DF6D79A6A}.AppStore|x86.Build.0 = Release|Any CPU
		{09ED2490-57F3-43F0-9CDE-839DF6D79A6A}.Debug|Any CPU.ActiveCfg = Debug|Any CPU
		{09ED2490-57F3-43F0-9CDE-839DF6D79A6A}.Debug|Any CPU.Build.0 = Debug|Any CPU
		{09ED2490-57F3-43F0-9CDE-839DF6D79A6A}.Debug|ARM.ActiveCfg = Debug|Any CPU
		{09ED2490-57F3-43F0-9CDE-839DF6D79A6A}.Debug|ARM.Build.0 = Debug|Any CPU
		{09ED2490-57F3-43F0-9CDE-839DF6D79A6A}.Debug|iPhone.ActiveCfg = Debug|Any CPU
		{09ED2490-57F3-43F0-9CDE-839DF6D79A6A}.Debug|iPhone.Build.0 = Debug|Any CPU
		{09ED2490-57F3-43F0-9CDE-839DF6D79A6A}.Debug|iPhoneSimulator.ActiveCfg = Debug|Any CPU
		{09ED2490-57F3-43F0-9CDE-839DF6D79A6A}.Debug|iPhoneSimulator.Build.0 = Debug|Any CPU
		{09ED2490-57F3-43F0-9CDE-839DF6D79A6A}.Debug|x64.ActiveCfg = Debug|Any CPU
		{09ED2490-57F3-43F0-9CDE-839DF6D79A6A}.Debug|x64.Build.0 = Debug|Any CPU
		{09ED2490-57F3-43F0-9CDE-839DF6D79A6A}.Debug|x86.ActiveCfg = Debug|Any CPU
		{09ED2490-57F3-43F0-9CDE-839DF6D79A6A}.Debug|x86.Build.0 = Debug|Any CPU
		{09ED2490-57F3-43F0-9CDE-839DF6D79A6A}.Release|Any CPU.ActiveCfg = Release|Any CPU
		{09ED2490-57F3-43F0-9CDE-839DF6D79A6A}.Release|Any CPU.Build.0 = Release|Any CPU
		{09ED2490-57F3-43F0-9CDE-839DF6D79A6A}.Release|ARM.ActiveCfg = Release|Any CPU
		{09ED2490-57F3-43F0-9CDE-839DF6D79A6A}.Release|ARM.Build.0 = Release|Any CPU
		{09ED2490-57F3-43F0-9CDE-839DF6D79A6A}.Release|iPhone.ActiveCfg = Release|Any CPU
		{09ED2490-57F3-43F0-9CDE-839DF6D79A6A}.Release|iPhone.Build.0 = Release|Any CPU
		{09ED2490-57F3-43F0-9CDE-839DF6D79A6A}.Release|iPhoneSimulator.ActiveCfg = Release|Any CPU
		{09ED2490-57F3-43F0-9CDE-839DF6D79A6A}.Release|iPhoneSimulator.Build.0 = Release|Any CPU
		{09ED2490-57F3-43F0-9CDE-839DF6D79A6A}.Release|x64.ActiveCfg = Release|Any CPU
		{09ED2490-57F3-43F0-9CDE-839DF6D79A6A}.Release|x64.Build.0 = Release|Any CPU
		{09ED2490-57F3-43F0-9CDE-839DF6D79A6A}.Release|x86.ActiveCfg = Release|Any CPU
		{09ED2490-57F3-43F0-9CDE-839DF6D79A6A}.Release|x86.Build.0 = Release|Any CPU
		{9B92D42B-FCAF-4062-94D5-910C86DFD293}.Ad-Hoc|Any CPU.ActiveCfg = Release|Any CPU
		{9B92D42B-FCAF-4062-94D5-910C86DFD293}.Ad-Hoc|Any CPU.Build.0 = Release|Any CPU
		{9B92D42B-FCAF-4062-94D5-910C86DFD293}.Ad-Hoc|ARM.ActiveCfg = Release|Any CPU
		{9B92D42B-FCAF-4062-94D5-910C86DFD293}.Ad-Hoc|ARM.Build.0 = Release|Any CPU
		{9B92D42B-FCAF-4062-94D5-910C86DFD293}.Ad-Hoc|iPhone.ActiveCfg = Release|Any CPU
		{9B92D42B-FCAF-4062-94D5-910C86DFD293}.Ad-Hoc|iPhone.Build.0 = Release|Any CPU
		{9B92D42B-FCAF-4062-94D5-910C86DFD293}.Ad-Hoc|iPhoneSimulator.ActiveCfg = Release|Any CPU
		{9B92D42B-FCAF-4062-94D5-910C86DFD293}.Ad-Hoc|iPhoneSimulator.Build.0 = Release|Any CPU
		{9B92D42B-FCAF-4062-94D5-910C86DFD293}.Ad-Hoc|x64.ActiveCfg = Release|Any CPU
		{9B92D42B-FCAF-4062-94D5-910C86DFD293}.Ad-Hoc|x64.Build.0 = Release|Any CPU
		{9B92D42B-FCAF-4062-94D5-910C86DFD293}.Ad-Hoc|x86.ActiveCfg = Release|Any CPU
		{9B92D42B-FCAF-4062-94D5-910C86DFD293}.Ad-Hoc|x86.Build.0 = Release|Any CPU
		{9B92D42B-FCAF-4062-94D5-910C86DFD293}.AppStore|Any CPU.ActiveCfg = Release|Any CPU
		{9B92D42B-FCAF-4062-94D5-910C86DFD293}.AppStore|Any CPU.Build.0 = Release|Any CPU
		{9B92D42B-FCAF-4062-94D5-910C86DFD293}.AppStore|ARM.ActiveCfg = Release|Any CPU
		{9B92D42B-FCAF-4062-94D5-910C86DFD293}.AppStore|ARM.Build.0 = Release|Any CPU
		{9B92D42B-FCAF-4062-94D5-910C86DFD293}.AppStore|iPhone.ActiveCfg = Release|Any CPU
		{9B92D42B-FCAF-4062-94D5-910C86DFD293}.AppStore|iPhone.Build.0 = Release|Any CPU
		{9B92D42B-FCAF-4062-94D5-910C86DFD293}.AppStore|iPhoneSimulator.ActiveCfg = Release|Any CPU
		{9B92D42B-FCAF-4062-94D5-910C86DFD293}.AppStore|iPhoneSimulator.Build.0 = Release|Any CPU
		{9B92D42B-FCAF-4062-94D5-910C86DFD293}.AppStore|x64.ActiveCfg = Release|Any CPU
		{9B92D42B-FCAF-4062-94D5-910C86DFD293}.AppStore|x64.Build.0 = Release|Any CPU
		{9B92D42B-FCAF-4062-94D5-910C86DFD293}.AppStore|x86.ActiveCfg = Release|Any CPU
		{9B92D42B-FCAF-4062-94D5-910C86DFD293}.AppStore|x86.Build.0 = Release|Any CPU
		{9B92D42B-FCAF-4062-94D5-910C86DFD293}.Debug|Any CPU.ActiveCfg = Debug|Any CPU
		{9B92D42B-FCAF-4062-94D5-910C86DFD293}.Debug|Any CPU.Build.0 = Debug|Any CPU
		{9B92D42B-FCAF-4062-94D5-910C86DFD293}.Debug|ARM.ActiveCfg = Debug|Any CPU
		{9B92D42B-FCAF-4062-94D5-910C86DFD293}.Debug|ARM.Build.0 = Debug|Any CPU
		{9B92D42B-FCAF-4062-94D5-910C86DFD293}.Debug|iPhone.ActiveCfg = Debug|Any CPU
		{9B92D42B-FCAF-4062-94D5-910C86DFD293}.Debug|iPhone.Build.0 = Debug|Any CPU
		{9B92D42B-FCAF-4062-94D5-910C86DFD293}.Debug|iPhoneSimulator.ActiveCfg = Debug|Any CPU
		{9B92D42B-FCAF-4062-94D5-910C86DFD293}.Debug|iPhoneSimulator.Build.0 = Debug|Any CPU
		{9B92D42B-FCAF-4062-94D5-910C86DFD293}.Debug|x64.ActiveCfg = Debug|Any CPU
		{9B92D42B-FCAF-4062-94D5-910C86DFD293}.Debug|x64.Build.0 = Debug|Any CPU
		{9B92D42B-FCAF-4062-94D5-910C86DFD293}.Debug|x86.ActiveCfg = Debug|Any CPU
		{9B92D42B-FCAF-4062-94D5-910C86DFD293}.Debug|x86.Build.0 = Debug|Any CPU
		{9B92D42B-FCAF-4062-94D5-910C86DFD293}.Release|Any CPU.ActiveCfg = Release|Any CPU
		{9B92D42B-FCAF-4062-94D5-910C86DFD293}.Release|Any CPU.Build.0 = Release|Any CPU
		{9B92D42B-FCAF-4062-94D5-910C86DFD293}.Release|ARM.ActiveCfg = Release|Any CPU
		{9B92D42B-FCAF-4062-94D5-910C86DFD293}.Release|ARM.Build.0 = Release|Any CPU
		{9B92D42B-FCAF-4062-94D5-910C86DFD293}.Release|iPhone.ActiveCfg = Release|Any CPU
		{9B92D42B-FCAF-4062-94D5-910C86DFD293}.Release|iPhone.Build.0 = Release|Any CPU
		{9B92D42B-FCAF-4062-94D5-910C86DFD293}.Release|iPhoneSimulator.ActiveCfg = Release|Any CPU
		{9B92D42B-FCAF-4062-94D5-910C86DFD293}.Release|iPhoneSimulator.Build.0 = Release|Any CPU
		{9B92D42B-FCAF-4062-94D5-910C86DFD293}.Release|x64.ActiveCfg = Release|Any CPU
		{9B92D42B-FCAF-4062-94D5-910C86DFD293}.Release|x64.Build.0 = Release|Any CPU
		{9B92D42B-FCAF-4062-94D5-910C86DFD293}.Release|x86.ActiveCfg = Release|Any CPU
		{9B92D42B-FCAF-4062-94D5-910C86DFD293}.Release|x86.Build.0 = Release|Any CPU
		{6B344417-0A6A-417F-B3F9-BA2DA4A0512C}.Ad-Hoc|Any CPU.ActiveCfg = AppStore|Any CPU
		{6B344417-0A6A-417F-B3F9-BA2DA4A0512C}.Ad-Hoc|Any CPU.Build.0 = AppStore|Any CPU
		{6B344417-0A6A-417F-B3F9-BA2DA4A0512C}.Ad-Hoc|ARM.ActiveCfg = AppStore|Any CPU
		{6B344417-0A6A-417F-B3F9-BA2DA4A0512C}.Ad-Hoc|ARM.Build.0 = AppStore|Any CPU
		{6B344417-0A6A-417F-B3F9-BA2DA4A0512C}.Ad-Hoc|iPhone.ActiveCfg = AppStore|Any CPU
		{6B344417-0A6A-417F-B3F9-BA2DA4A0512C}.Ad-Hoc|iPhone.Build.0 = AppStore|Any CPU
		{6B344417-0A6A-417F-B3F9-BA2DA4A0512C}.Ad-Hoc|iPhoneSimulator.ActiveCfg = AppStore|Any CPU
		{6B344417-0A6A-417F-B3F9-BA2DA4A0512C}.Ad-Hoc|iPhoneSimulator.Build.0 = AppStore|Any CPU
		{6B344417-0A6A-417F-B3F9-BA2DA4A0512C}.Ad-Hoc|x64.ActiveCfg = AppStore|Any CPU
		{6B344417-0A6A-417F-B3F9-BA2DA4A0512C}.Ad-Hoc|x64.Build.0 = AppStore|Any CPU
		{6B344417-0A6A-417F-B3F9-BA2DA4A0512C}.Ad-Hoc|x86.ActiveCfg = AppStore|Any CPU
		{6B344417-0A6A-417F-B3F9-BA2DA4A0512C}.Ad-Hoc|x86.Build.0 = AppStore|Any CPU
		{6B344417-0A6A-417F-B3F9-BA2DA4A0512C}.AppStore|Any CPU.ActiveCfg = AppStore|Any CPU
		{6B344417-0A6A-417F-B3F9-BA2DA4A0512C}.AppStore|Any CPU.Build.0 = AppStore|Any CPU
		{6B344417-0A6A-417F-B3F9-BA2DA4A0512C}.AppStore|ARM.ActiveCfg = AppStore|Any CPU
		{6B344417-0A6A-417F-B3F9-BA2DA4A0512C}.AppStore|ARM.Build.0 = AppStore|Any CPU
		{6B344417-0A6A-417F-B3F9-BA2DA4A0512C}.AppStore|iPhone.ActiveCfg = AppStore|Any CPU
		{6B344417-0A6A-417F-B3F9-BA2DA4A0512C}.AppStore|iPhone.Build.0 = AppStore|Any CPU
		{6B344417-0A6A-417F-B3F9-BA2DA4A0512C}.AppStore|iPhoneSimulator.ActiveCfg = AppStore|Any CPU
		{6B344417-0A6A-417F-B3F9-BA2DA4A0512C}.AppStore|iPhoneSimulator.Build.0 = AppStore|Any CPU
		{6B344417-0A6A-417F-B3F9-BA2DA4A0512C}.AppStore|x64.ActiveCfg = AppStore|Any CPU
		{6B344417-0A6A-417F-B3F9-BA2DA4A0512C}.AppStore|x64.Build.0 = AppStore|Any CPU
		{6B344417-0A6A-417F-B3F9-BA2DA4A0512C}.AppStore|x86.ActiveCfg = AppStore|Any CPU
		{6B344417-0A6A-417F-B3F9-BA2DA4A0512C}.AppStore|x86.Build.0 = AppStore|Any CPU
		{6B344417-0A6A-417F-B3F9-BA2DA4A0512C}.Debug|Any CPU.ActiveCfg = Debug|Any CPU
		{6B344417-0A6A-417F-B3F9-BA2DA4A0512C}.Debug|Any CPU.Build.0 = Debug|Any CPU
		{6B344417-0A6A-417F-B3F9-BA2DA4A0512C}.Debug|ARM.ActiveCfg = Debug|Any CPU
		{6B344417-0A6A-417F-B3F9-BA2DA4A0512C}.Debug|ARM.Build.0 = Debug|Any CPU
		{6B344417-0A6A-417F-B3F9-BA2DA4A0512C}.Debug|iPhone.ActiveCfg = Debug|Any CPU
		{6B344417-0A6A-417F-B3F9-BA2DA4A0512C}.Debug|iPhone.Build.0 = Debug|Any CPU
		{6B344417-0A6A-417F-B3F9-BA2DA4A0512C}.Debug|iPhoneSimulator.ActiveCfg = Debug|Any CPU
		{6B344417-0A6A-417F-B3F9-BA2DA4A0512C}.Debug|iPhoneSimulator.Build.0 = Debug|Any CPU
		{6B344417-0A6A-417F-B3F9-BA2DA4A0512C}.Debug|x64.ActiveCfg = Debug|Any CPU
		{6B344417-0A6A-417F-B3F9-BA2DA4A0512C}.Debug|x64.Build.0 = Debug|Any CPU
		{6B344417-0A6A-417F-B3F9-BA2DA4A0512C}.Debug|x86.ActiveCfg = Debug|Any CPU
		{6B344417-0A6A-417F-B3F9-BA2DA4A0512C}.Debug|x86.Build.0 = Debug|Any CPU
		{6B344417-0A6A-417F-B3F9-BA2DA4A0512C}.Release|Any CPU.ActiveCfg = Release|Any CPU
		{6B344417-0A6A-417F-B3F9-BA2DA4A0512C}.Release|Any CPU.Build.0 = Release|Any CPU
		{6B344417-0A6A-417F-B3F9-BA2DA4A0512C}.Release|ARM.ActiveCfg = Release|Any CPU
		{6B344417-0A6A-417F-B3F9-BA2DA4A0512C}.Release|ARM.Build.0 = Release|Any CPU
		{6B344417-0A6A-417F-B3F9-BA2DA4A0512C}.Release|iPhone.ActiveCfg = Release|Any CPU
		{6B344417-0A6A-417F-B3F9-BA2DA4A0512C}.Release|iPhone.Build.0 = Release|Any CPU
		{6B344417-0A6A-417F-B3F9-BA2DA4A0512C}.Release|iPhoneSimulator.ActiveCfg = Release|Any CPU
		{6B344417-0A6A-417F-B3F9-BA2DA4A0512C}.Release|iPhoneSimulator.Build.0 = Release|Any CPU
		{6B344417-0A6A-417F-B3F9-BA2DA4A0512C}.Release|x64.ActiveCfg = Release|Any CPU
		{6B344417-0A6A-417F-B3F9-BA2DA4A0512C}.Release|x64.Build.0 = Release|Any CPU
		{6B344417-0A6A-417F-B3F9-BA2DA4A0512C}.Release|x86.ActiveCfg = Release|Any CPU
		{6B344417-0A6A-417F-B3F9-BA2DA4A0512C}.Release|x86.Build.0 = Release|Any CPU
	EndGlobalSection
	GlobalSection(SolutionProperties) = preSolution
		HideSolutionNode = FALSE
	EndGlobalSection
	GlobalSection(NestedProjects) = preSolution
		{ADBDB787-CEEA-4488-B1C7-F8DAB721C34E} = {94190E59-0121-431C-965E-1A6D0B86F3DB}
		{15FA36B3-C83C-4A8D-8499-CC9549A169C1} = {94190E59-0121-431C-965E-1A6D0B86F3DB}
		{4F1D8A22-BE7A-4E40-B74F-0920324D126D} = {94190E59-0121-431C-965E-1A6D0B86F3DB}
		{BCBAB86F-B478-4BE7-BEC9-5A956287106A} = {5D854674-E3BA-4F54-8B77-1C2626C96AFF}
		{5D854674-E3BA-4F54-8B77-1C2626C96AFF} = {F0A5064C-15E5-4CF8-A7F9-4468653D1F3E}
		{56288F9A-6ECC-4906-B268-2F6A613ED69C} = {F0A5064C-15E5-4CF8-A7F9-4468653D1F3E}
		{1148C7BD-7B79-45C4-98D2-9EFD8B7B8237} = {56288F9A-6ECC-4906-B268-2F6A613ED69C}
		{2DADA55D-63F2-400E-83C7-1F9D4CB6699B} = {56288F9A-6ECC-4906-B268-2F6A613ED69C}
		{68A97257-DB72-4E72-ABF9-03BCB70601F0} = {56288F9A-6ECC-4906-B268-2F6A613ED69C}
		{3866F05F-60C4-4327-8732-057884DABD96} = {56288F9A-6ECC-4906-B268-2F6A613ED69C}
		{675ED31C-275C-4128-92D7-A86ABC322F09} = {94190E59-0121-431C-965E-1A6D0B86F3DB}
		{184F8572-0B6D-49B9-B657-2CD68B3EDBC7} = {94190E59-0121-431C-965E-1A6D0B86F3DB}
		{7C4EEA14-0FB9-4AEE-997E-9281AE524B62} = {94190E59-0121-431C-965E-1A6D0B86F3DB}
		{56F1DD78-04C2-419B-BE12-9AFE3E4D0883} = {3BEFB07F-8063-47E8-9748-2ED836B7FAD6}
		{09ED2490-57F3-43F0-9CDE-839DF6D79A6A} = {3BEFB07F-8063-47E8-9748-2ED836B7FAD6}
		{9B92D42B-FCAF-4062-94D5-910C86DFD293} = {3BEFB07F-8063-47E8-9748-2ED836B7FAD6}
		{6B344417-0A6A-417F-B3F9-BA2DA4A0512C} = {3BEFB07F-8063-47E8-9748-2ED836B7FAD6}
	EndGlobalSection
EndGlobal
