
Microsoft Visual Studio Solution File, Format Version 12.00
# Visual Studio 2013
VisualStudioVersion = 12.0.30723.0
MinimumVisualStudioVersion = 10.0.40219.1
Project("{FAE04EC0-301F-11D3-BF4B-00C04F79EFBC}") = "Portable.Data", "Portable.Data\Portable.Data.csproj", "{F489B693-CF91-4E87-A118-47AD6399B688}"
EndProject
Project("{2150E333-8FDC-42A3-9474-1A3956D46DE8}") = ".nuget", ".nuget", "{672F94DB-990B-494E-A254-F1DFEB6344D7}"
	ProjectSection(SolutionItems) = preProject
		.nuget\NuGet.Config = .nuget\NuGet.Config
		.nuget\NuGet.exe = .nuget\NuGet.exe
		.nuget\NuGet.targets = .nuget\NuGet.targets
	EndProjectSection
EndProject
Project("{FAE04EC0-301F-11D3-BF4B-00C04F79EFBC}") = "Portable.Data.Sqlite", "Portable.Data.Sqlite\Portable.Data.Sqlite.csproj", "{A8602845-B805-4B8E-858F-F7EAE3AD3DE5}"
EndProject
Project("{FAE04EC0-301F-11D3-BF4B-00C04F79EFBC}") = "Portable.Data.Sqlite.Nuget", "Portable.Data.Sqlite.Nuget\Portable.Data.Sqlite.Nuget.csproj", "{0249818E-5FB9-4CBC-8508-15BAF1ED034A}"
EndProject
Project("{2150E333-8FDC-42A3-9474-1A3956D46DE8}") = "Samples", "Samples", "{F058EF9E-09A0-4BE9-93AA-AC64E3D28FE1}"
EndProject
Project("{FAE04EC0-301F-11D3-BF4B-00C04F79EFBC}") = "SampleApp.iOS", "Samples\SampleApp.iOS\SampleApp.iOS.csproj", "{6D6DE2AF-0280-4EC3-A686-C08728178643}"
EndProject
Project("{FAE04EC0-301F-11D3-BF4B-00C04F79EFBC}") = "SampleApp.Wpf", "Samples\SampleApp.Wpf\SampleApp.Wpf.csproj", "{D03C4C2A-688F-4F44-9D9F-4FD2157ACFAD}"
EndProject
Project("{FAE04EC0-301F-11D3-BF4B-00C04F79EFBC}") = "SampleApp.Android", "Samples\SampleApp.Android\SampleApp.Android.csproj", "{726496BF-9133-4209-99BF-6B2F3D35917C}"
EndProject
Project("{FAE04EC0-301F-11D3-BF4B-00C04F79EFBC}") = "SampleApp.WinStore", "Samples\SampleApp.WinStore\SampleApp.WinStore.csproj", "{0A1F09A1-135C-4345-8454-CC1A79CC8074}"
EndProject
Global
	GlobalSection(SolutionConfigurationPlatforms) = preSolution
		Ad-Hoc|Any CPU = Ad-Hoc|Any CPU
		Ad-Hoc|ARM = Ad-Hoc|ARM
		Ad-Hoc|iPhone = Ad-Hoc|iPhone
		Ad-Hoc|iPhoneSimulator = Ad-Hoc|iPhoneSimulator
		Ad-Hoc|Mixed Platforms = Ad-Hoc|Mixed Platforms
		Ad-Hoc|x64 = Ad-Hoc|x64
		Ad-Hoc|x86 = Ad-Hoc|x86
		AppStore|Any CPU = AppStore|Any CPU
		AppStore|ARM = AppStore|ARM
		AppStore|iPhone = AppStore|iPhone
		AppStore|iPhoneSimulator = AppStore|iPhoneSimulator
		AppStore|Mixed Platforms = AppStore|Mixed Platforms
		AppStore|x64 = AppStore|x64
		AppStore|x86 = AppStore|x86
		Debug|Any CPU = Debug|Any CPU
		Debug|ARM = Debug|ARM
		Debug|iPhone = Debug|iPhone
		Debug|iPhoneSimulator = Debug|iPhoneSimulator
		Debug|Mixed Platforms = Debug|Mixed Platforms
		Debug|x64 = Debug|x64
		Debug|x86 = Debug|x86
		Release|Any CPU = Release|Any CPU
		Release|ARM = Release|ARM
		Release|iPhone = Release|iPhone
		Release|iPhoneSimulator = Release|iPhoneSimulator
		Release|Mixed Platforms = Release|Mixed Platforms
		Release|x64 = Release|x64
		Release|x86 = Release|x86
	EndGlobalSection
	GlobalSection(ProjectConfigurationPlatforms) = postSolution
		{F489B693-CF91-4E87-A118-47AD6399B688}.Ad-Hoc|Any CPU.ActiveCfg = Release|Any CPU
		{F489B693-CF91-4E87-A118-47AD6399B688}.Ad-Hoc|Any CPU.Build.0 = Release|Any CPU
		{F489B693-CF91-4E87-A118-47AD6399B688}.Ad-Hoc|ARM.ActiveCfg = Debug|Any CPU
		{F489B693-CF91-4E87-A118-47AD6399B688}.Ad-Hoc|iPhone.ActiveCfg = Release|Any CPU
		{F489B693-CF91-4E87-A118-47AD6399B688}.Ad-Hoc|iPhoneSimulator.ActiveCfg = Release|Any CPU
		{F489B693-CF91-4E87-A118-47AD6399B688}.Ad-Hoc|Mixed Platforms.ActiveCfg = Release|Any CPU
		{F489B693-CF91-4E87-A118-47AD6399B688}.Ad-Hoc|Mixed Platforms.Build.0 = Release|Any CPU
		{F489B693-CF91-4E87-A118-47AD6399B688}.Ad-Hoc|x64.ActiveCfg = Debug|Any CPU
		{F489B693-CF91-4E87-A118-47AD6399B688}.Ad-Hoc|x86.ActiveCfg = Debug|Any CPU
		{F489B693-CF91-4E87-A118-47AD6399B688}.AppStore|Any CPU.ActiveCfg = Release|Any CPU
		{F489B693-CF91-4E87-A118-47AD6399B688}.AppStore|Any CPU.Build.0 = Release|Any CPU
		{F489B693-CF91-4E87-A118-47AD6399B688}.AppStore|ARM.ActiveCfg = Debug|Any CPU
		{F489B693-CF91-4E87-A118-47AD6399B688}.AppStore|iPhone.ActiveCfg = Release|Any CPU
		{F489B693-CF91-4E87-A118-47AD6399B688}.AppStore|iPhoneSimulator.ActiveCfg = Release|Any CPU
		{F489B693-CF91-4E87-A118-47AD6399B688}.AppStore|Mixed Platforms.ActiveCfg = Release|Any CPU
		{F489B693-CF91-4E87-A118-47AD6399B688}.AppStore|Mixed Platforms.Build.0 = Release|Any CPU
		{F489B693-CF91-4E87-A118-47AD6399B688}.AppStore|x64.ActiveCfg = Debug|Any CPU
		{F489B693-CF91-4E87-A118-47AD6399B688}.AppStore|x86.ActiveCfg = Debug|Any CPU
		{F489B693-CF91-4E87-A118-47AD6399B688}.Debug|Any CPU.ActiveCfg = Debug|Any CPU
		{F489B693-CF91-4E87-A118-47AD6399B688}.Debug|Any CPU.Build.0 = Debug|Any CPU
		{F489B693-CF91-4E87-A118-47AD6399B688}.Debug|ARM.ActiveCfg = Debug|Any CPU
		{F489B693-CF91-4E87-A118-47AD6399B688}.Debug|iPhone.ActiveCfg = Debug|Any CPU
		{F489B693-CF91-4E87-A118-47AD6399B688}.Debug|iPhoneSimulator.ActiveCfg = Debug|Any CPU
		{F489B693-CF91-4E87-A118-47AD6399B688}.Debug|Mixed Platforms.ActiveCfg = Debug|Any CPU
		{F489B693-CF91-4E87-A118-47AD6399B688}.Debug|Mixed Platforms.Build.0 = Debug|Any CPU
		{F489B693-CF91-4E87-A118-47AD6399B688}.Debug|x64.ActiveCfg = Debug|Any CPU
		{F489B693-CF91-4E87-A118-47AD6399B688}.Debug|x86.ActiveCfg = Debug|Any CPU
		{F489B693-CF91-4E87-A118-47AD6399B688}.Release|Any CPU.ActiveCfg = Release|Any CPU
		{F489B693-CF91-4E87-A118-47AD6399B688}.Release|Any CPU.Build.0 = Release|Any CPU
		{F489B693-CF91-4E87-A118-47AD6399B688}.Release|ARM.ActiveCfg = Release|Any CPU
		{F489B693-CF91-4E87-A118-47AD6399B688}.Release|iPhone.ActiveCfg = Release|Any CPU
		{F489B693-CF91-4E87-A118-47AD6399B688}.Release|iPhoneSimulator.ActiveCfg = Release|Any CPU
		{F489B693-CF91-4E87-A118-47AD6399B688}.Release|Mixed Platforms.ActiveCfg = Release|Any CPU
		{F489B693-CF91-4E87-A118-47AD6399B688}.Release|Mixed Platforms.Build.0 = Release|Any CPU
		{F489B693-CF91-4E87-A118-47AD6399B688}.Release|x64.ActiveCfg = Release|Any CPU
		{F489B693-CF91-4E87-A118-47AD6399B688}.Release|x86.ActiveCfg = Release|Any CPU
		{A8602845-B805-4B8E-858F-F7EAE3AD3DE5}.Ad-Hoc|Any CPU.ActiveCfg = Release|Any CPU
		{A8602845-B805-4B8E-858F-F7EAE3AD3DE5}.Ad-Hoc|Any CPU.Build.0 = Release|Any CPU
		{A8602845-B805-4B8E-858F-F7EAE3AD3DE5}.Ad-Hoc|ARM.ActiveCfg = Debug|Any CPU
		{A8602845-B805-4B8E-858F-F7EAE3AD3DE5}.Ad-Hoc|iPhone.ActiveCfg = Release|Any CPU
		{A8602845-B805-4B8E-858F-F7EAE3AD3DE5}.Ad-Hoc|iPhoneSimulator.ActiveCfg = Release|Any CPU
		{A8602845-B805-4B8E-858F-F7EAE3AD3DE5}.Ad-Hoc|Mixed Platforms.ActiveCfg = Release|Any CPU
		{A8602845-B805-4B8E-858F-F7EAE3AD3DE5}.Ad-Hoc|Mixed Platforms.Build.0 = Release|Any CPU
		{A8602845-B805-4B8E-858F-F7EAE3AD3DE5}.Ad-Hoc|x64.ActiveCfg = Debug|Any CPU
		{A8602845-B805-4B8E-858F-F7EAE3AD3DE5}.Ad-Hoc|x86.ActiveCfg = Debug|Any CPU
		{A8602845-B805-4B8E-858F-F7EAE3AD3DE5}.AppStore|Any CPU.ActiveCfg = Release|Any CPU
		{A8602845-B805-4B8E-858F-F7EAE3AD3DE5}.AppStore|Any CPU.Build.0 = Release|Any CPU
		{A8602845-B805-4B8E-858F-F7EAE3AD3DE5}.AppStore|ARM.ActiveCfg = Debug|Any CPU
		{A8602845-B805-4B8E-858F-F7EAE3AD3DE5}.AppStore|iPhone.ActiveCfg = Release|Any CPU
		{A8602845-B805-4B8E-858F-F7EAE3AD3DE5}.AppStore|iPhoneSimulator.ActiveCfg = Release|Any CPU
		{A8602845-B805-4B8E-858F-F7EAE3AD3DE5}.AppStore|Mixed Platforms.ActiveCfg = Release|Any CPU
		{A8602845-B805-4B8E-858F-F7EAE3AD3DE5}.AppStore|Mixed Platforms.Build.0 = Release|Any CPU
		{A8602845-B805-4B8E-858F-F7EAE3AD3DE5}.AppStore|x64.ActiveCfg = Debug|Any CPU
		{A8602845-B805-4B8E-858F-F7EAE3AD3DE5}.AppStore|x86.ActiveCfg = Debug|Any CPU
		{A8602845-B805-4B8E-858F-F7EAE3AD3DE5}.Debug|Any CPU.ActiveCfg = Debug|Any CPU
		{A8602845-B805-4B8E-858F-F7EAE3AD3DE5}.Debug|Any CPU.Build.0 = Debug|Any CPU
		{A8602845-B805-4B8E-858F-F7EAE3AD3DE5}.Debug|ARM.ActiveCfg = Debug|Any CPU
		{A8602845-B805-4B8E-858F-F7EAE3AD3DE5}.Debug|iPhone.ActiveCfg = Debug|Any CPU
		{A8602845-B805-4B8E-858F-F7EAE3AD3DE5}.Debug|iPhoneSimulator.ActiveCfg = Debug|Any CPU
		{A8602845-B805-4B8E-858F-F7EAE3AD3DE5}.Debug|Mixed Platforms.ActiveCfg = Debug|Any CPU
		{A8602845-B805-4B8E-858F-F7EAE3AD3DE5}.Debug|Mixed Platforms.Build.0 = Debug|Any CPU
		{A8602845-B805-4B8E-858F-F7EAE3AD3DE5}.Debug|x64.ActiveCfg = Debug|Any CPU
		{A8602845-B805-4B8E-858F-F7EAE3AD3DE5}.Debug|x86.ActiveCfg = Debug|Any CPU
		{A8602845-B805-4B8E-858F-F7EAE3AD3DE5}.Release|Any CPU.ActiveCfg = Release|Any CPU
		{A8602845-B805-4B8E-858F-F7EAE3AD3DE5}.Release|Any CPU.Build.0 = Release|Any CPU
		{A8602845-B805-4B8E-858F-F7EAE3AD3DE5}.Release|ARM.ActiveCfg = Release|Any CPU
		{A8602845-B805-4B8E-858F-F7EAE3AD3DE5}.Release|iPhone.ActiveCfg = Release|Any CPU
		{A8602845-B805-4B8E-858F-F7EAE3AD3DE5}.Release|iPhoneSimulator.ActiveCfg = Release|Any CPU
		{A8602845-B805-4B8E-858F-F7EAE3AD3DE5}.Release|Mixed Platforms.ActiveCfg = Release|Any CPU
		{A8602845-B805-4B8E-858F-F7EAE3AD3DE5}.Release|Mixed Platforms.Build.0 = Release|Any CPU
		{A8602845-B805-4B8E-858F-F7EAE3AD3DE5}.Release|x64.ActiveCfg = Release|Any CPU
		{A8602845-B805-4B8E-858F-F7EAE3AD3DE5}.Release|x86.ActiveCfg = Release|Any CPU
		{0249818E-5FB9-4CBC-8508-15BAF1ED034A}.Ad-Hoc|Any CPU.ActiveCfg = Release|Any CPU
		{0249818E-5FB9-4CBC-8508-15BAF1ED034A}.Ad-Hoc|Any CPU.Build.0 = Release|Any CPU
		{0249818E-5FB9-4CBC-8508-15BAF1ED034A}.Ad-Hoc|ARM.ActiveCfg = Debug|Any CPU
		{0249818E-5FB9-4CBC-8508-15BAF1ED034A}.Ad-Hoc|iPhone.ActiveCfg = Release|Any CPU
		{0249818E-5FB9-4CBC-8508-15BAF1ED034A}.Ad-Hoc|iPhoneSimulator.ActiveCfg = Release|Any CPU
		{0249818E-5FB9-4CBC-8508-15BAF1ED034A}.Ad-Hoc|Mixed Platforms.ActiveCfg = Release|Any CPU
		{0249818E-5FB9-4CBC-8508-15BAF1ED034A}.Ad-Hoc|Mixed Platforms.Build.0 = Release|Any CPU
		{0249818E-5FB9-4CBC-8508-15BAF1ED034A}.Ad-Hoc|x64.ActiveCfg = Debug|Any CPU
		{0249818E-5FB9-4CBC-8508-15BAF1ED034A}.Ad-Hoc|x86.ActiveCfg = Debug|Any CPU
		{0249818E-5FB9-4CBC-8508-15BAF1ED034A}.AppStore|Any CPU.ActiveCfg = Release|Any CPU
		{0249818E-5FB9-4CBC-8508-15BAF1ED034A}.AppStore|Any CPU.Build.0 = Release|Any CPU
		{0249818E-5FB9-4CBC-8508-15BAF1ED034A}.AppStore|ARM.ActiveCfg = Debug|Any CPU
		{0249818E-5FB9-4CBC-8508-15BAF1ED034A}.AppStore|iPhone.ActiveCfg = Release|Any CPU
		{0249818E-5FB9-4CBC-8508-15BAF1ED034A}.AppStore|iPhoneSimulator.ActiveCfg = Release|Any CPU
		{0249818E-5FB9-4CBC-8508-15BAF1ED034A}.AppStore|Mixed Platforms.ActiveCfg = Release|Any CPU
		{0249818E-5FB9-4CBC-8508-15BAF1ED034A}.AppStore|Mixed Platforms.Build.0 = Release|Any CPU
		{0249818E-5FB9-4CBC-8508-15BAF1ED034A}.AppStore|x64.ActiveCfg = Debug|Any CPU
		{0249818E-5FB9-4CBC-8508-15BAF1ED034A}.AppStore|x86.ActiveCfg = Debug|Any CPU
		{0249818E-5FB9-4CBC-8508-15BAF1ED034A}.Debug|Any CPU.ActiveCfg = Debug|Any CPU
		{0249818E-5FB9-4CBC-8508-15BAF1ED034A}.Debug|Any CPU.Build.0 = Debug|Any CPU
		{0249818E-5FB9-4CBC-8508-15BAF1ED034A}.Debug|ARM.ActiveCfg = Debug|Any CPU
		{0249818E-5FB9-4CBC-8508-15BAF1ED034A}.Debug|iPhone.ActiveCfg = Debug|Any CPU
		{0249818E-5FB9-4CBC-8508-15BAF1ED034A}.Debug|iPhoneSimulator.ActiveCfg = Debug|Any CPU
		{0249818E-5FB9-4CBC-8508-15BAF1ED034A}.Debug|Mixed Platforms.ActiveCfg = Debug|Any CPU
		{0249818E-5FB9-4CBC-8508-15BAF1ED034A}.Debug|Mixed Platforms.Build.0 = Debug|Any CPU
		{0249818E-5FB9-4CBC-8508-15BAF1ED034A}.Debug|x64.ActiveCfg = Debug|Any CPU
		{0249818E-5FB9-4CBC-8508-15BAF1ED034A}.Debug|x86.ActiveCfg = Debug|Any CPU
		{0249818E-5FB9-4CBC-8508-15BAF1ED034A}.Release|Any CPU.ActiveCfg = Release|Any CPU
		{0249818E-5FB9-4CBC-8508-15BAF1ED034A}.Release|Any CPU.Build.0 = Release|Any CPU
		{0249818E-5FB9-4CBC-8508-15BAF1ED034A}.Release|ARM.ActiveCfg = Release|Any CPU
		{0249818E-5FB9-4CBC-8508-15BAF1ED034A}.Release|iPhone.ActiveCfg = Release|Any CPU
		{0249818E-5FB9-4CBC-8508-15BAF1ED034A}.Release|iPhoneSimulator.ActiveCfg = Release|Any CPU
		{0249818E-5FB9-4CBC-8508-15BAF1ED034A}.Release|Mixed Platforms.ActiveCfg = Release|Any CPU
		{0249818E-5FB9-4CBC-8508-15BAF1ED034A}.Release|Mixed Platforms.Build.0 = Release|Any CPU
		{0249818E-5FB9-4CBC-8508-15BAF1ED034A}.Release|x64.ActiveCfg = Release|Any CPU
		{0249818E-5FB9-4CBC-8508-15BAF1ED034A}.Release|x86.ActiveCfg = Release|Any CPU
		{6D6DE2AF-0280-4EC3-A686-C08728178643}.Ad-Hoc|Any CPU.ActiveCfg = Ad-Hoc|iPhone
		{6D6DE2AF-0280-4EC3-A686-C08728178643}.Ad-Hoc|ARM.ActiveCfg = Ad-Hoc|iPhoneSimulator
		{6D6DE2AF-0280-4EC3-A686-C08728178643}.Ad-Hoc|iPhone.ActiveCfg = Ad-Hoc|iPhone
		{6D6DE2AF-0280-4EC3-A686-C08728178643}.Ad-Hoc|iPhone.Build.0 = Ad-Hoc|iPhone
		{6D6DE2AF-0280-4EC3-A686-C08728178643}.Ad-Hoc|iPhone.Deploy.0 = Ad-Hoc|iPhone
		{6D6DE2AF-0280-4EC3-A686-C08728178643}.Ad-Hoc|iPhoneSimulator.ActiveCfg = Ad-Hoc|iPhoneSimulator
		{6D6DE2AF-0280-4EC3-A686-C08728178643}.Ad-Hoc|iPhoneSimulator.Build.0 = Ad-Hoc|iPhoneSimulator
		{6D6DE2AF-0280-4EC3-A686-C08728178643}.Ad-Hoc|iPhoneSimulator.Deploy.0 = Ad-Hoc|iPhoneSimulator
		{6D6DE2AF-0280-4EC3-A686-C08728178643}.Ad-Hoc|Mixed Platforms.ActiveCfg = Ad-Hoc|iPhone
		{6D6DE2AF-0280-4EC3-A686-C08728178643}.Ad-Hoc|Mixed Platforms.Build.0 = Ad-Hoc|iPhone
		{6D6DE2AF-0280-4EC3-A686-C08728178643}.Ad-Hoc|Mixed Platforms.Deploy.0 = Ad-Hoc|iPhone
		{6D6DE2AF-0280-4EC3-A686-C08728178643}.Ad-Hoc|x64.ActiveCfg = Ad-Hoc|iPhoneSimulator
		{6D6DE2AF-0280-4EC3-A686-C08728178643}.Ad-Hoc|x86.ActiveCfg = Ad-Hoc|iPhoneSimulator
		{6D6DE2AF-0280-4EC3-A686-C08728178643}.AppStore|Any CPU.ActiveCfg = AppStore|iPhone
		{6D6DE2AF-0280-4EC3-A686-C08728178643}.AppStore|ARM.ActiveCfg = AppStore|iPhoneSimulator
		{6D6DE2AF-0280-4EC3-A686-C08728178643}.AppStore|iPhone.ActiveCfg = AppStore|iPhone
		{6D6DE2AF-0280-4EC3-A686-C08728178643}.AppStore|iPhone.Build.0 = AppStore|iPhone
		{6D6DE2AF-0280-4EC3-A686-C08728178643}.AppStore|iPhone.Deploy.0 = AppStore|iPhone
		{6D6DE2AF-0280-4EC3-A686-C08728178643}.AppStore|iPhoneSimulator.ActiveCfg = AppStore|iPhoneSimulator
		{6D6DE2AF-0280-4EC3-A686-C08728178643}.AppStore|iPhoneSimulator.Build.0 = AppStore|iPhoneSimulator
		{6D6DE2AF-0280-4EC3-A686-C08728178643}.AppStore|iPhoneSimulator.Deploy.0 = AppStore|iPhoneSimulator
		{6D6DE2AF-0280-4EC3-A686-C08728178643}.AppStore|Mixed Platforms.ActiveCfg = AppStore|iPhone
		{6D6DE2AF-0280-4EC3-A686-C08728178643}.AppStore|Mixed Platforms.Build.0 = AppStore|iPhone
		{6D6DE2AF-0280-4EC3-A686-C08728178643}.AppStore|Mixed Platforms.Deploy.0 = AppStore|iPhone
		{6D6DE2AF-0280-4EC3-A686-C08728178643}.AppStore|x64.ActiveCfg = AppStore|iPhoneSimulator
		{6D6DE2AF-0280-4EC3-A686-C08728178643}.AppStore|x86.ActiveCfg = AppStore|iPhoneSimulator
		{6D6DE2AF-0280-4EC3-A686-C08728178643}.Debug|Any CPU.ActiveCfg = Debug|iPhone
		{6D6DE2AF-0280-4EC3-A686-C08728178643}.Debug|ARM.ActiveCfg = Debug|iPhoneSimulator
		{6D6DE2AF-0280-4EC3-A686-C08728178643}.Debug|iPhone.ActiveCfg = Debug|iPhone
		{6D6DE2AF-0280-4EC3-A686-C08728178643}.Debug|iPhone.Build.0 = Debug|iPhone
		{6D6DE2AF-0280-4EC3-A686-C08728178643}.Debug|iPhone.Deploy.0 = Debug|iPhone
		{6D6DE2AF-0280-4EC3-A686-C08728178643}.Debug|iPhoneSimulator.ActiveCfg = Debug|iPhoneSimulator
		{6D6DE2AF-0280-4EC3-A686-C08728178643}.Debug|iPhoneSimulator.Build.0 = Debug|iPhoneSimulator
		{6D6DE2AF-0280-4EC3-A686-C08728178643}.Debug|iPhoneSimulator.Deploy.0 = Debug|iPhoneSimulator
		{6D6DE2AF-0280-4EC3-A686-C08728178643}.Debug|Mixed Platforms.ActiveCfg = Debug|iPhone
		{6D6DE2AF-0280-4EC3-A686-C08728178643}.Debug|Mixed Platforms.Build.0 = Debug|iPhone
		{6D6DE2AF-0280-4EC3-A686-C08728178643}.Debug|Mixed Platforms.Deploy.0 = Debug|iPhone
		{6D6DE2AF-0280-4EC3-A686-C08728178643}.Debug|x64.ActiveCfg = Debug|iPhoneSimulator
		{6D6DE2AF-0280-4EC3-A686-C08728178643}.Debug|x86.ActiveCfg = Debug|iPhoneSimulator
		{6D6DE2AF-0280-4EC3-A686-C08728178643}.Release|Any CPU.ActiveCfg = Release|iPhone
		{6D6DE2AF-0280-4EC3-A686-C08728178643}.Release|ARM.ActiveCfg = Release|iPhoneSimulator
		{6D6DE2AF-0280-4EC3-A686-C08728178643}.Release|iPhone.ActiveCfg = Release|iPhone
		{6D6DE2AF-0280-4EC3-A686-C08728178643}.Release|iPhone.Build.0 = Release|iPhone
		{6D6DE2AF-0280-4EC3-A686-C08728178643}.Release|iPhone.Deploy.0 = Release|iPhone
		{6D6DE2AF-0280-4EC3-A686-C08728178643}.Release|iPhoneSimulator.ActiveCfg = Release|iPhoneSimulator
		{6D6DE2AF-0280-4EC3-A686-C08728178643}.Release|iPhoneSimulator.Build.0 = Release|iPhoneSimulator
		{6D6DE2AF-0280-4EC3-A686-C08728178643}.Release|iPhoneSimulator.Deploy.0 = Release|iPhoneSimulator
		{6D6DE2AF-0280-4EC3-A686-C08728178643}.Release|Mixed Platforms.ActiveCfg = Release|iPhone
		{6D6DE2AF-0280-4EC3-A686-C08728178643}.Release|Mixed Platforms.Build.0 = Release|iPhone
		{6D6DE2AF-0280-4EC3-A686-C08728178643}.Release|Mixed Platforms.Deploy.0 = Release|iPhone
		{6D6DE2AF-0280-4EC3-A686-C08728178643}.Release|x64.ActiveCfg = Release|iPhoneSimulator
		{6D6DE2AF-0280-4EC3-A686-C08728178643}.Release|x86.ActiveCfg = Release|iPhoneSimulator
		{D03C4C2A-688F-4F44-9D9F-4FD2157ACFAD}.Ad-Hoc|Any CPU.ActiveCfg = Release|Any CPU
		{D03C4C2A-688F-4F44-9D9F-4FD2157ACFAD}.Ad-Hoc|Any CPU.Build.0 = Release|Any CPU
		{D03C4C2A-688F-4F44-9D9F-4FD2157ACFAD}.Ad-Hoc|ARM.ActiveCfg = Debug|Any CPU
		{D03C4C2A-688F-4F44-9D9F-4FD2157ACFAD}.Ad-Hoc|iPhone.ActiveCfg = Release|Any CPU
		{D03C4C2A-688F-4F44-9D9F-4FD2157ACFAD}.Ad-Hoc|iPhoneSimulator.ActiveCfg = Release|Any CPU
		{D03C4C2A-688F-4F44-9D9F-4FD2157ACFAD}.Ad-Hoc|Mixed Platforms.ActiveCfg = Release|Any CPU
		{D03C4C2A-688F-4F44-9D9F-4FD2157ACFAD}.Ad-Hoc|Mixed Platforms.Build.0 = Release|Any CPU
		{D03C4C2A-688F-4F44-9D9F-4FD2157ACFAD}.Ad-Hoc|x64.ActiveCfg = Debug|Any CPU
		{D03C4C2A-688F-4F44-9D9F-4FD2157ACFAD}.Ad-Hoc|x86.ActiveCfg = Debug|Any CPU
		{D03C4C2A-688F-4F44-9D9F-4FD2157ACFAD}.AppStore|Any CPU.ActiveCfg = Release|Any CPU
		{D03C4C2A-688F-4F44-9D9F-4FD2157ACFAD}.AppStore|Any CPU.Build.0 = Release|Any CPU
		{D03C4C2A-688F-4F44-9D9F-4FD2157ACFAD}.AppStore|ARM.ActiveCfg = Debug|Any CPU
		{D03C4C2A-688F-4F44-9D9F-4FD2157ACFAD}.AppStore|iPhone.ActiveCfg = Release|Any CPU
		{D03C4C2A-688F-4F44-9D9F-4FD2157ACFAD}.AppStore|iPhoneSimulator.ActiveCfg = Release|Any CPU
		{D03C4C2A-688F-4F44-9D9F-4FD2157ACFAD}.AppStore|Mixed Platforms.ActiveCfg = Release|Any CPU
		{D03C4C2A-688F-4F44-9D9F-4FD2157ACFAD}.AppStore|Mixed Platforms.Build.0 = Release|Any CPU
		{D03C4C2A-688F-4F44-9D9F-4FD2157ACFAD}.AppStore|x64.ActiveCfg = Debug|Any CPU
		{D03C4C2A-688F-4F44-9D9F-4FD2157ACFAD}.AppStore|x86.ActiveCfg = Debug|Any CPU
		{D03C4C2A-688F-4F44-9D9F-4FD2157ACFAD}.Debug|Any CPU.ActiveCfg = Debug|Any CPU
		{D03C4C2A-688F-4F44-9D9F-4FD2157ACFAD}.Debug|Any CPU.Build.0 = Debug|Any CPU
		{D03C4C2A-688F-4F44-9D9F-4FD2157ACFAD}.Debug|ARM.ActiveCfg = Debug|Any CPU
		{D03C4C2A-688F-4F44-9D9F-4FD2157ACFAD}.Debug|iPhone.ActiveCfg = Debug|Any CPU
		{D03C4C2A-688F-4F44-9D9F-4FD2157ACFAD}.Debug|iPhoneSimulator.ActiveCfg = Debug|Any CPU
		{D03C4C2A-688F-4F44-9D9F-4FD2157ACFAD}.Debug|Mixed Platforms.ActiveCfg = Debug|Any CPU
		{D03C4C2A-688F-4F44-9D9F-4FD2157ACFAD}.Debug|Mixed Platforms.Build.0 = Debug|Any CPU
		{D03C4C2A-688F-4F44-9D9F-4FD2157ACFAD}.Debug|x64.ActiveCfg = Debug|Any CPU
		{D03C4C2A-688F-4F44-9D9F-4FD2157ACFAD}.Debug|x86.ActiveCfg = Debug|Any CPU
		{D03C4C2A-688F-4F44-9D9F-4FD2157ACFAD}.Release|Any CPU.ActiveCfg = Release|Any CPU
		{D03C4C2A-688F-4F44-9D9F-4FD2157ACFAD}.Release|Any CPU.Build.0 = Release|Any CPU
		{D03C4C2A-688F-4F44-9D9F-4FD2157ACFAD}.Release|ARM.ActiveCfg = Release|Any CPU
		{D03C4C2A-688F-4F44-9D9F-4FD2157ACFAD}.Release|iPhone.ActiveCfg = Release|Any CPU
		{D03C4C2A-688F-4F44-9D9F-4FD2157ACFAD}.Release|iPhoneSimulator.ActiveCfg = Release|Any CPU
		{D03C4C2A-688F-4F44-9D9F-4FD2157ACFAD}.Release|Mixed Platforms.ActiveCfg = Release|Any CPU
		{D03C4C2A-688F-4F44-9D9F-4FD2157ACFAD}.Release|Mixed Platforms.Build.0 = Release|Any CPU
		{D03C4C2A-688F-4F44-9D9F-4FD2157ACFAD}.Release|x64.ActiveCfg = Release|Any CPU
		{D03C4C2A-688F-4F44-9D9F-4FD2157ACFAD}.Release|x86.ActiveCfg = Release|Any CPU
		{726496BF-9133-4209-99BF-6B2F3D35917C}.Ad-Hoc|Any CPU.ActiveCfg = Release|Any CPU
		{726496BF-9133-4209-99BF-6B2F3D35917C}.Ad-Hoc|Any CPU.Build.0 = Release|Any CPU
		{726496BF-9133-4209-99BF-6B2F3D35917C}.Ad-Hoc|Any CPU.Deploy.0 = Release|Any CPU
		{726496BF-9133-4209-99BF-6B2F3D35917C}.Ad-Hoc|ARM.ActiveCfg = Debug|Any CPU
		{726496BF-9133-4209-99BF-6B2F3D35917C}.Ad-Hoc|iPhone.ActiveCfg = Release|Any CPU
		{726496BF-9133-4209-99BF-6B2F3D35917C}.Ad-Hoc|iPhoneSimulator.ActiveCfg = Release|Any CPU
		{726496BF-9133-4209-99BF-6B2F3D35917C}.Ad-Hoc|Mixed Platforms.ActiveCfg = Release|Any CPU
		{726496BF-9133-4209-99BF-6B2F3D35917C}.Ad-Hoc|Mixed Platforms.Build.0 = Release|Any CPU
		{726496BF-9133-4209-99BF-6B2F3D35917C}.Ad-Hoc|Mixed Platforms.Deploy.0 = Release|Any CPU
		{726496BF-9133-4209-99BF-6B2F3D35917C}.Ad-Hoc|x64.ActiveCfg = Debug|Any CPU
		{726496BF-9133-4209-99BF-6B2F3D35917C}.Ad-Hoc|x86.ActiveCfg = Debug|Any CPU
		{726496BF-9133-4209-99BF-6B2F3D35917C}.AppStore|Any CPU.ActiveCfg = Release|Any CPU
		{726496BF-9133-4209-99BF-6B2F3D35917C}.AppStore|Any CPU.Build.0 = Release|Any CPU
		{726496BF-9133-4209-99BF-6B2F3D35917C}.AppStore|Any CPU.Deploy.0 = Release|Any CPU
		{726496BF-9133-4209-99BF-6B2F3D35917C}.AppStore|ARM.ActiveCfg = Debug|Any CPU
		{726496BF-9133-4209-99BF-6B2F3D35917C}.AppStore|iPhone.ActiveCfg = Release|Any CPU
		{726496BF-9133-4209-99BF-6B2F3D35917C}.AppStore|iPhoneSimulator.ActiveCfg = Release|Any CPU
		{726496BF-9133-4209-99BF-6B2F3D35917C}.AppStore|Mixed Platforms.ActiveCfg = Release|Any CPU
		{726496BF-9133-4209-99BF-6B2F3D35917C}.AppStore|Mixed Platforms.Build.0 = Release|Any CPU
		{726496BF-9133-4209-99BF-6B2F3D35917C}.AppStore|Mixed Platforms.Deploy.0 = Release|Any CPU
		{726496BF-9133-4209-99BF-6B2F3D35917C}.AppStore|x64.ActiveCfg = Debug|Any CPU
		{726496BF-9133-4209-99BF-6B2F3D35917C}.AppStore|x86.ActiveCfg = Debug|Any CPU
		{726496BF-9133-4209-99BF-6B2F3D35917C}.Debug|Any CPU.ActiveCfg = Debug|Any CPU
		{726496BF-9133-4209-99BF-6B2F3D35917C}.Debug|Any CPU.Build.0 = Debug|Any CPU
		{726496BF-9133-4209-99BF-6B2F3D35917C}.Debug|Any CPU.Deploy.0 = Debug|Any CPU
		{726496BF-9133-4209-99BF-6B2F3D35917C}.Debug|ARM.ActiveCfg = Debug|Any CPU
		{726496BF-9133-4209-99BF-6B2F3D35917C}.Debug|iPhone.ActiveCfg = Debug|Any CPU
		{726496BF-9133-4209-99BF-6B2F3D35917C}.Debug|iPhoneSimulator.ActiveCfg = Debug|Any CPU
		{726496BF-9133-4209-99BF-6B2F3D35917C}.Debug|Mixed Platforms.ActiveCfg = Debug|Any CPU
		{726496BF-9133-4209-99BF-6B2F3D35917C}.Debug|Mixed Platforms.Build.0 = Debug|Any CPU
		{726496BF-9133-4209-99BF-6B2F3D35917C}.Debug|Mixed Platforms.Deploy.0 = Debug|Any CPU
		{726496BF-9133-4209-99BF-6B2F3D35917C}.Debug|x64.ActiveCfg = Debug|Any CPU
		{726496BF-9133-4209-99BF-6B2F3D35917C}.Debug|x86.ActiveCfg = Debug|Any CPU
		{726496BF-9133-4209-99BF-6B2F3D35917C}.Release|Any CPU.ActiveCfg = Release|Any CPU
		{726496BF-9133-4209-99BF-6B2F3D35917C}.Release|Any CPU.Build.0 = Release|Any CPU
		{726496BF-9133-4209-99BF-6B2F3D35917C}.Release|Any CPU.Deploy.0 = Release|Any CPU
		{726496BF-9133-4209-99BF-6B2F3D35917C}.Release|ARM.ActiveCfg = Release|Any CPU
		{726496BF-9133-4209-99BF-6B2F3D35917C}.Release|iPhone.ActiveCfg = Release|Any CPU
		{726496BF-9133-4209-99BF-6B2F3D35917C}.Release|iPhoneSimulator.ActiveCfg = Release|Any CPU
		{726496BF-9133-4209-99BF-6B2F3D35917C}.Release|Mixed Platforms.ActiveCfg = Release|Any CPU
		{726496BF-9133-4209-99BF-6B2F3D35917C}.Release|Mixed Platforms.Build.0 = Release|Any CPU
		{726496BF-9133-4209-99BF-6B2F3D35917C}.Release|Mixed Platforms.Deploy.0 = Release|Any CPU
		{726496BF-9133-4209-99BF-6B2F3D35917C}.Release|x64.ActiveCfg = Release|Any CPU
		{726496BF-9133-4209-99BF-6B2F3D35917C}.Release|x86.ActiveCfg = Release|Any CPU
		{0A1F09A1-135C-4345-8454-CC1A79CC8074}.Ad-Hoc|Any CPU.ActiveCfg = Release|Any CPU
		{0A1F09A1-135C-4345-8454-CC1A79CC8074}.Ad-Hoc|Any CPU.Build.0 = Release|Any CPU
		{0A1F09A1-135C-4345-8454-CC1A79CC8074}.Ad-Hoc|Any CPU.Deploy.0 = Release|Any CPU
		{0A1F09A1-135C-4345-8454-CC1A79CC8074}.Ad-Hoc|ARM.ActiveCfg = Release|ARM
		{0A1F09A1-135C-4345-8454-CC1A79CC8074}.Ad-Hoc|ARM.Build.0 = Release|ARM
		{0A1F09A1-135C-4345-8454-CC1A79CC8074}.Ad-Hoc|ARM.Deploy.0 = Release|ARM
		{0A1F09A1-135C-4345-8454-CC1A79CC8074}.Ad-Hoc|iPhone.ActiveCfg = Release|Any CPU
		{0A1F09A1-135C-4345-8454-CC1A79CC8074}.Ad-Hoc|iPhoneSimulator.ActiveCfg = Release|Any CPU
		{0A1F09A1-135C-4345-8454-CC1A79CC8074}.Ad-Hoc|Mixed Platforms.ActiveCfg = Release|x86
		{0A1F09A1-135C-4345-8454-CC1A79CC8074}.Ad-Hoc|Mixed Platforms.Build.0 = Release|x86
		{0A1F09A1-135C-4345-8454-CC1A79CC8074}.Ad-Hoc|Mixed Platforms.Deploy.0 = Release|x86
		{0A1F09A1-135C-4345-8454-CC1A79CC8074}.Ad-Hoc|x64.ActiveCfg = Release|x64
		{0A1F09A1-135C-4345-8454-CC1A79CC8074}.Ad-Hoc|x64.Build.0 = Release|x64
		{0A1F09A1-135C-4345-8454-CC1A79CC8074}.Ad-Hoc|x64.Deploy.0 = Release|x64
		{0A1F09A1-135C-4345-8454-CC1A79CC8074}.Ad-Hoc|x86.ActiveCfg = Release|x86
		{0A1F09A1-135C-4345-8454-CC1A79CC8074}.Ad-Hoc|x86.Build.0 = Release|x86
		{0A1F09A1-135C-4345-8454-CC1A79CC8074}.Ad-Hoc|x86.Deploy.0 = Release|x86
		{0A1F09A1-135C-4345-8454-CC1A79CC8074}.AppStore|Any CPU.ActiveCfg = Release|Any CPU
		{0A1F09A1-135C-4345-8454-CC1A79CC8074}.AppStore|Any CPU.Build.0 = Release|Any CPU
		{0A1F09A1-135C-4345-8454-CC1A79CC8074}.AppStore|Any CPU.Deploy.0 = Release|Any CPU
		{0A1F09A1-135C-4345-8454-CC1A79CC8074}.AppStore|ARM.ActiveCfg = Release|ARM
		{0A1F09A1-135C-4345-8454-CC1A79CC8074}.AppStore|ARM.Build.0 = Release|ARM
		{0A1F09A1-135C-4345-8454-CC1A79CC8074}.AppStore|ARM.Deploy.0 = Release|ARM
		{0A1F09A1-135C-4345-8454-CC1A79CC8074}.AppStore|iPhone.ActiveCfg = Release|Any CPU
		{0A1F09A1-135C-4345-8454-CC1A79CC8074}.AppStore|iPhoneSimulator.ActiveCfg = Release|Any CPU
		{0A1F09A1-135C-4345-8454-CC1A79CC8074}.AppStore|Mixed Platforms.ActiveCfg = Release|x86
		{0A1F09A1-135C-4345-8454-CC1A79CC8074}.AppStore|Mixed Platforms.Build.0 = Release|x86
		{0A1F09A1-135C-4345-8454-CC1A79CC8074}.AppStore|Mixed Platforms.Deploy.0 = Release|x86
		{0A1F09A1-135C-4345-8454-CC1A79CC8074}.AppStore|x64.ActiveCfg = Release|x64
		{0A1F09A1-135C-4345-8454-CC1A79CC8074}.AppStore|x64.Build.0 = Release|x64
		{0A1F09A1-135C-4345-8454-CC1A79CC8074}.AppStore|x64.Deploy.0 = Release|x64
		{0A1F09A1-135C-4345-8454-CC1A79CC8074}.AppStore|x86.ActiveCfg = Release|x86
		{0A1F09A1-135C-4345-8454-CC1A79CC8074}.AppStore|x86.Build.0 = Release|x86
		{0A1F09A1-135C-4345-8454-CC1A79CC8074}.AppStore|x86.Deploy.0 = Release|x86
		{0A1F09A1-135C-4345-8454-CC1A79CC8074}.Debug|Any CPU.ActiveCfg = Debug|x86
		{0A1F09A1-135C-4345-8454-CC1A79CC8074}.Debug|Any CPU.Build.0 = Debug|x86
		{0A1F09A1-135C-4345-8454-CC1A79CC8074}.Debug|Any CPU.Deploy.0 = Debug|x86
		{0A1F09A1-135C-4345-8454-CC1A79CC8074}.Debug|ARM.ActiveCfg = Debug|ARM
		{0A1F09A1-135C-4345-8454-CC1A79CC8074}.Debug|ARM.Build.0 = Debug|ARM
		{0A1F09A1-135C-4345-8454-CC1A79CC8074}.Debug|ARM.Deploy.0 = Debug|ARM
		{0A1F09A1-135C-4345-8454-CC1A79CC8074}.Debug|iPhone.ActiveCfg = Debug|Any CPU
		{0A1F09A1-135C-4345-8454-CC1A79CC8074}.Debug|iPhoneSimulator.ActiveCfg = Debug|Any CPU
		{0A1F09A1-135C-4345-8454-CC1A79CC8074}.Debug|Mixed Platforms.ActiveCfg = Debug|x86
		{0A1F09A1-135C-4345-8454-CC1A79CC8074}.Debug|Mixed Platforms.Build.0 = Debug|x86
		{0A1F09A1-135C-4345-8454-CC1A79CC8074}.Debug|Mixed Platforms.Deploy.0 = Debug|x86
		{0A1F09A1-135C-4345-8454-CC1A79CC8074}.Debug|x64.ActiveCfg = Debug|x64
		{0A1F09A1-135C-4345-8454-CC1A79CC8074}.Debug|x64.Build.0 = Debug|x64
		{0A1F09A1-135C-4345-8454-CC1A79CC8074}.Debug|x64.Deploy.0 = Debug|x64
		{0A1F09A1-135C-4345-8454-CC1A79CC8074}.Debug|x86.ActiveCfg = Debug|x86
		{0A1F09A1-135C-4345-8454-CC1A79CC8074}.Debug|x86.Build.0 = Debug|x86
		{0A1F09A1-135C-4345-8454-CC1A79CC8074}.Debug|x86.Deploy.0 = Debug|x86
		{0A1F09A1-135C-4345-8454-CC1A79CC8074}.Release|Any CPU.ActiveCfg = Release|Any CPU
		{0A1F09A1-135C-4345-8454-CC1A79CC8074}.Release|Any CPU.Build.0 = Release|Any CPU
		{0A1F09A1-135C-4345-8454-CC1A79CC8074}.Release|Any CPU.Deploy.0 = Release|Any CPU
		{0A1F09A1-135C-4345-8454-CC1A79CC8074}.Release|ARM.ActiveCfg = Release|ARM
		{0A1F09A1-135C-4345-8454-CC1A79CC8074}.Release|ARM.Build.0 = Release|ARM
		{0A1F09A1-135C-4345-8454-CC1A79CC8074}.Release|ARM.Deploy.0 = Release|ARM
		{0A1F09A1-135C-4345-8454-CC1A79CC8074}.Release|iPhone.ActiveCfg = Release|Any CPU
		{0A1F09A1-135C-4345-8454-CC1A79CC8074}.Release|iPhoneSimulator.ActiveCfg = Release|Any CPU
		{0A1F09A1-135C-4345-8454-CC1A79CC8074}.Release|Mixed Platforms.ActiveCfg = Release|x86
		{0A1F09A1-135C-4345-8454-CC1A79CC8074}.Release|Mixed Platforms.Build.0 = Release|x86
		{0A1F09A1-135C-4345-8454-CC1A79CC8074}.Release|Mixed Platforms.Deploy.0 = Release|x86
		{0A1F09A1-135C-4345-8454-CC1A79CC8074}.Release|x64.ActiveCfg = Release|x64
		{0A1F09A1-135C-4345-8454-CC1A79CC8074}.Release|x64.Build.0 = Release|x64
		{0A1F09A1-135C-4345-8454-CC1A79CC8074}.Release|x64.Deploy.0 = Release|x64
		{0A1F09A1-135C-4345-8454-CC1A79CC8074}.Release|x86.ActiveCfg = Release|x86
		{0A1F09A1-135C-4345-8454-CC1A79CC8074}.Release|x86.Build.0 = Release|x86
		{0A1F09A1-135C-4345-8454-CC1A79CC8074}.Release|x86.Deploy.0 = Release|x86
	EndGlobalSection
	GlobalSection(SolutionProperties) = preSolution
		HideSolutionNode = FALSE
	EndGlobalSection
	GlobalSection(NestedProjects) = preSolution
		{6D6DE2AF-0280-4EC3-A686-C08728178643} = {F058EF9E-09A0-4BE9-93AA-AC64E3D28FE1}
		{D03C4C2A-688F-4F44-9D9F-4FD2157ACFAD} = {F058EF9E-09A0-4BE9-93AA-AC64E3D28FE1}
		{726496BF-9133-4209-99BF-6B2F3D35917C} = {F058EF9E-09A0-4BE9-93AA-AC64E3D28FE1}
		{0A1F09A1-135C-4345-8454-CC1A79CC8074} = {F058EF9E-09A0-4BE9-93AA-AC64E3D28FE1}
	EndGlobalSection
EndGlobal
