
Microsoft Visual Studio Solution File, Format Version 12.00
# Visual Studio 14
VisualStudioVersion = 14.0.24720.0
MinimumVisualStudioVersion = 10.0.40219.1
Project("{FAE04EC0-301F-11D3-BF4B-00C04F79EFBC}") = "SampleApp.Droid", "SampleApp.XamarinForms\SampleApp.Droid\SampleApp.Droid.csproj", "{2DADA55D-63F2-400E-83C7-1F9D4CB6699B}"
EndProject
Project("{FAE04EC0-301F-11D3-BF4B-00C04F79EFBC}") = "SampleApp.iOS", "SampleApp.XamarinForms\SampleApp.iOS\SampleApp.iOS.csproj", "{3866F05F-60C4-4327-8732-057884DABD96}"
EndProject
Project("{FAE04EC0-301F-11D3-BF4B-00C04F79EFBC}") = "SampleApp.UWP", "SampleApp.XamarinForms\SampleApp.UWP\SampleApp.UWP.csproj", "{68A97257-DB72-4E72-ABF9-03BCB70601F0}"
EndProject
Project("{FAE04EC0-301F-11D3-BF4B-00C04F79EFBC}") = "SampleApp", "SampleApp.XamarinForms\SampleApp\SampleApp.csproj", "{1148C7BD-7B79-45C4-98D2-9EFD8B7B8237}"
EndProject
Project("{FAE04EC0-301F-11D3-BF4B-00C04F79EFBC}") = "SampleApp.Wpf", "SampleApp.Wpf\SampleApp.Wpf.csproj", "{BCBAB86F-B478-4BE7-BEC9-5A956287106A}"
EndProject
Global
	GlobalSection(SolutionConfigurationPlatforms) = preSolution
		Ad-Hoc|Any CPU = Ad-Hoc|Any CPU
		Ad-Hoc|ARM = Ad-Hoc|ARM
		Ad-Hoc|iPhone = Ad-Hoc|iPhone
		Ad-Hoc|iPhoneSimulator = Ad-Hoc|iPhoneSimulator
		Ad-Hoc|x64 = Ad-Hoc|x64
		Ad-Hoc|x86 = Ad-Hoc|x86
		AppStore|Any CPU = AppStore|Any CPU
		AppStore|ARM = AppStore|ARM
		AppStore|iPhone = AppStore|iPhone
		AppStore|iPhoneSimulator = AppStore|iPhoneSimulator
		AppStore|x64 = AppStore|x64
		AppStore|x86 = AppStore|x86
		Debug|Any CPU = Debug|Any CPU
		Debug|ARM = Debug|ARM
		Debug|iPhone = Debug|iPhone
		Debug|iPhoneSimulator = Debug|iPhoneSimulator
		Debug|x64 = Debug|x64
		Debug|x86 = Debug|x86
		Release|Any CPU = Release|Any CPU
		Release|ARM = Release|ARM
		Release|iPhone = Release|iPhone
		Release|iPhoneSimulator = Release|iPhoneSimulator
		Release|x64 = Release|x64
		Release|x86 = Release|x86
	EndGlobalSection
	GlobalSection(ProjectConfigurationPlatforms) = postSolution
		{2DADA55D-63F2-400E-83C7-1F9D4CB6699B}.Ad-Hoc|Any CPU.ActiveCfg = Release|Any CPU
		{2DADA55D-63F2-400E-83C7-1F9D4CB6699B}.Ad-Hoc|Any CPU.Build.0 = Release|Any CPU
		{2DADA55D-63F2-400E-83C7-1F9D4CB6699B}.Ad-Hoc|Any CPU.Deploy.0 = Release|Any CPU
		{2DADA55D-63F2-400E-83C7-1F9D4CB6699B}.Ad-Hoc|ARM.ActiveCfg = Release|Any CPU
		{2DADA55D-63F2-400E-83C7-1F9D4CB6699B}.Ad-Hoc|ARM.Build.0 = Release|Any CPU
		{2DADA55D-63F2-400E-83C7-1F9D4CB6699B}.Ad-Hoc|ARM.Deploy.0 = Release|Any CPU
		{2DADA55D-63F2-400E-83C7-1F9D4CB6699B}.Ad-Hoc|iPhone.ActiveCfg = Release|Any CPU
		{2DADA55D-63F2-400E-83C7-1F9D4CB6699B}.Ad-Hoc|iPhone.Build.0 = Release|Any CPU
		{2DADA55D-63F2-400E-83C7-1F9D4CB6699B}.Ad-Hoc|iPhone.Deploy.0 = Release|Any CPU
		{2DADA55D-63F2-400E-83C7-1F9D4CB6699B}.Ad-Hoc|iPhoneSimulator.ActiveCfg = Release|Any CPU
		{2DADA55D-63F2-400E-83C7-1F9D4CB6699B}.Ad-Hoc|iPhoneSimulator.Build.0 = Release|Any CPU
		{2DADA55D-63F2-400E-83C7-1F9D4CB6699B}.Ad-Hoc|iPhoneSimulator.Deploy.0 = Release|Any CPU
		{2DADA55D-63F2-400E-83C7-1F9D4CB6699B}.Ad-Hoc|x64.ActiveCfg = Release|Any CPU
		{2DADA55D-63F2-400E-83C7-1F9D4CB6699B}.Ad-Hoc|x64.Build.0 = Release|Any CPU
		{2DADA55D-63F2-400E-83C7-1F9D4CB6699B}.Ad-Hoc|x64.Deploy.0 = Release|Any CPU
		{2DADA55D-63F2-400E-83C7-1F9D4CB6699B}.Ad-Hoc|x86.ActiveCfg = Release|Any CPU
		{2DADA55D-63F2-400E-83C7-1F9D4CB6699B}.Ad-Hoc|x86.Build.0 = Release|Any CPU
		{2DADA55D-63F2-400E-83C7-1F9D4CB6699B}.Ad-Hoc|x86.Deploy.0 = Release|Any CPU
		{2DADA55D-63F2-400E-83C7-1F9D4CB6699B}.AppStore|Any CPU.ActiveCfg = Release|Any CPU
		{2DADA55D-63F2-400E-83C7-1F9D4CB6699B}.AppStore|Any CPU.Build.0 = Release|Any CPU
		{2DADA55D-63F2-400E-83C7-1F9D4CB6699B}.AppStore|Any CPU.Deploy.0 = Release|Any CPU
		{2DADA55D-63F2-400E-83C7-1F9D4CB6699B}.AppStore|ARM.ActiveCfg = Release|Any CPU
		{2DADA55D-63F2-400E-83C7-1F9D4CB6699B}.AppStore|ARM.Build.0 = Release|Any CPU
		{2DADA55D-63F2-400E-83C7-1F9D4CB6699B}.AppStore|ARM.Deploy.0 = Release|Any CPU
		{2DADA55D-63F2-400E-83C7-1F9D4CB6699B}.AppStore|iPhone.ActiveCfg = Release|Any CPU
		{2DADA55D-63F2-400E-83C7-1F9D4CB6699B}.AppStore|iPhone.Build.0 = Release|Any CPU
		{2DADA55D-63F2-400E-83C7-1F9D4CB6699B}.AppStore|iPhone.Deploy.0 = Release|Any CPU
		{2DADA55D-63F2-400E-83C7-1F9D4CB6699B}.AppStore|iPhoneSimulator.ActiveCfg = Release|Any CPU
		{2DADA55D-63F2-400E-83C7-1F9D4CB6699B}.AppStore|iPhoneSimulator.Build.0 = Release|Any CPU
		{2DADA55D-63F2-400E-83C7-1F9D4CB6699B}.AppStore|iPhoneSimulator.Deploy.0 = Release|Any CPU
		{2DADA55D-63F2-400E-83C7-1F9D4CB6699B}.AppStore|x64.ActiveCfg = Release|Any CPU
		{2DADA55D-63F2-400E-83C7-1F9D4CB6699B}.AppStore|x64.Build.0 = Release|Any CPU
		{2DADA55D-63F2-400E-83C7-1F9D4CB6699B}.AppStore|x64.Deploy.0 = Release|Any CPU
		{2DADA55D-63F2-400E-83C7-1F9D4CB6699B}.AppStore|x86.ActiveCfg = Release|Any CPU
		{2DADA55D-63F2-400E-83C7-1F9D4CB6699B}.AppStore|x86.Build.0 = Release|Any CPU
		{2DADA55D-63F2-400E-83C7-1F9D4CB6699B}.AppStore|x86.Deploy.0 = Release|Any CPU
		{2DADA55D-63F2-400E-83C7-1F9D4CB6699B}.Debug|Any CPU.ActiveCfg = Debug|Any CPU
		{2DADA55D-63F2-400E-83C7-1F9D4CB6699B}.Debug|Any CPU.Build.0 = Debug|Any CPU
		{2DADA55D-63F2-400E-83C7-1F9D4CB6699B}.Debug|Any CPU.Deploy.0 = Debug|Any CPU
		{2DADA55D-63F2-400E-83C7-1F9D4CB6699B}.Debug|ARM.ActiveCfg = Debug|Any CPU
		{2DADA55D-63F2-400E-83C7-1F9D4CB6699B}.Debug|ARM.Build.0 = Debug|Any CPU
		{2DADA55D-63F2-400E-83C7-1F9D4CB6699B}.Debug|ARM.Deploy.0 = Debug|Any CPU
		{2DADA55D-63F2-400E-83C7-1F9D4CB6699B}.Debug|iPhone.ActiveCfg = Debug|Any CPU
		{2DADA55D-63F2-400E-83C7-1F9D4CB6699B}.Debug|iPhone.Build.0 = Debug|Any CPU
		{2DADA55D-63F2-400E-83C7-1F9D4CB6699B}.Debug|iPhone.Deploy.0 = Debug|Any CPU
		{2DADA55D-63F2-400E-83C7-1F9D4CB6699B}.Debug|iPhoneSimulator.ActiveCfg = Debug|Any CPU
		{2DADA55D-63F2-400E-83C7-1F9D4CB6699B}.Debug|iPhoneSimulator.Build.0 = Debug|Any CPU
		{2DADA55D-63F2-400E-83C7-1F9D4CB6699B}.Debug|iPhoneSimulator.Deploy.0 = Debug|Any CPU
		{2DADA55D-63F2-400E-83C7-1F9D4CB6699B}.Debug|x64.ActiveCfg = Debug|Any CPU
		{2DADA55D-63F2-400E-83C7-1F9D4CB6699B}.Debug|x64.Build.0 = Debug|Any CPU
		{2DADA55D-63F2-400E-83C7-1F9D4CB6699B}.Debug|x64.Deploy.0 = Debug|Any CPU
		{2DADA55D-63F2-400E-83C7-1F9D4CB6699B}.Debug|x86.ActiveCfg = Debug|Any CPU
		{2DADA55D-63F2-400E-83C7-1F9D4CB6699B}.Debug|x86.Build.0 = Debug|Any CPU
		{2DADA55D-63F2-400E-83C7-1F9D4CB6699B}.Debug|x86.Deploy.0 = Debug|Any CPU
		{2DADA55D-63F2-400E-83C7-1F9D4CB6699B}.Release|Any CPU.ActiveCfg = Release|Any CPU
		{2DADA55D-63F2-400E-83C7-1F9D4CB6699B}.Release|Any CPU.Build.0 = Release|Any CPU
		{2DADA55D-63F2-400E-83C7-1F9D4CB6699B}.Release|Any CPU.Deploy.0 = Release|Any CPU
		{2DADA55D-63F2-400E-83C7-1F9D4CB6699B}.Release|ARM.ActiveCfg = Release|Any CPU
		{2DADA55D-63F2-400E-83C7-1F9D4CB6699B}.Release|ARM.Build.0 = Release|Any CPU
		{2DADA55D-63F2-400E-83C7-1F9D4CB6699B}.Release|ARM.Deploy.0 = Release|Any CPU
		{2DADA55D-63F2-400E-83C7-1F9D4CB6699B}.Release|iPhone.ActiveCfg = Release|Any CPU
		{2DADA55D-63F2-400E-83C7-1F9D4CB6699B}.Release|iPhone.Build.0 = Release|Any CPU
		{2DADA55D-63F2-400E-83C7-1F9D4CB6699B}.Release|iPhone.Deploy.0 = Release|Any CPU
		{2DADA55D-63F2-400E-83C7-1F9D4CB6699B}.Release|iPhoneSimulator.ActiveCfg = Release|Any CPU
		{2DADA55D-63F2-400E-83C7-1F9D4CB6699B}.Release|iPhoneSimulator.Build.0 = Release|Any CPU
		{2DADA55D-63F2-400E-83C7-1F9D4CB6699B}.Release|iPhoneSimulator.Deploy.0 = Release|Any CPU
		{2DADA55D-63F2-400E-83C7-1F9D4CB6699B}.Release|x64.ActiveCfg = Release|Any CPU
		{2DADA55D-63F2-400E-83C7-1F9D4CB6699B}.Release|x64.Build.0 = Release|Any CPU
		{2DADA55D-63F2-400E-83C7-1F9D4CB6699B}.Release|x64.Deploy.0 = Release|Any CPU
		{2DADA55D-63F2-400E-83C7-1F9D4CB6699B}.Release|x86.ActiveCfg = Release|Any CPU
		{2DADA55D-63F2-400E-83C7-1F9D4CB6699B}.Release|x86.Build.0 = Release|Any CPU
		{2DADA55D-63F2-400E-83C7-1F9D4CB6699B}.Release|x86.Deploy.0 = Release|Any CPU
		{3866F05F-60C4-4327-8732-057884DABD96}.Ad-Hoc|Any CPU.ActiveCfg = Ad-Hoc|iPhone
		{3866F05F-60C4-4327-8732-057884DABD96}.Ad-Hoc|ARM.ActiveCfg = Ad-Hoc|iPhone
		{3866F05F-60C4-4327-8732-057884DABD96}.Ad-Hoc|iPhone.ActiveCfg = Ad-Hoc|iPhone
		{3866F05F-60C4-4327-8732-057884DABD96}.Ad-Hoc|iPhone.Build.0 = Ad-Hoc|iPhone
		{3866F05F-60C4-4327-8732-057884DABD96}.Ad-Hoc|iPhoneSimulator.ActiveCfg = Ad-Hoc|iPhoneSimulator
		{3866F05F-60C4-4327-8732-057884DABD96}.Ad-Hoc|iPhoneSimulator.Build.0 = Ad-Hoc|iPhoneSimulator
		{3866F05F-60C4-4327-8732-057884DABD96}.Ad-Hoc|x64.ActiveCfg = Ad-Hoc|iPhone
		{3866F05F-60C4-4327-8732-057884DABD96}.Ad-Hoc|x86.ActiveCfg = Ad-Hoc|iPhone
		{3866F05F-60C4-4327-8732-057884DABD96}.AppStore|Any CPU.ActiveCfg = AppStore|iPhone
		{3866F05F-60C4-4327-8732-057884DABD96}.AppStore|ARM.ActiveCfg = AppStore|iPhone
		{3866F05F-60C4-4327-8732-057884DABD96}.AppStore|iPhone.ActiveCfg = AppStore|iPhone
		{3866F05F-60C4-4327-8732-057884DABD96}.AppStore|iPhone.Build.0 = AppStore|iPhone
		{3866F05F-60C4-4327-8732-057884DABD96}.AppStore|iPhoneSimulator.ActiveCfg = AppStore|iPhoneSimulator
		{3866F05F-60C4-4327-8732-057884DABD96}.AppStore|iPhoneSimulator.Build.0 = AppStore|iPhoneSimulator
		{3866F05F-60C4-4327-8732-057884DABD96}.AppStore|x64.ActiveCfg = AppStore|iPhone
		{3866F05F-60C4-4327-8732-057884DABD96}.AppStore|x86.ActiveCfg = AppStore|iPhone
		{3866F05F-60C4-4327-8732-057884DABD96}.Debug|Any CPU.ActiveCfg = Debug|iPhone
		{3866F05F-60C4-4327-8732-057884DABD96}.Debug|ARM.ActiveCfg = Debug|iPhone
		{3866F05F-60C4-4327-8732-057884DABD96}.Debug|iPhone.ActiveCfg = Debug|iPhone
		{3866F05F-60C4-4327-8732-057884DABD96}.Debug|iPhone.Build.0 = Debug|iPhone
		{3866F05F-60C4-4327-8732-057884DABD96}.Debug|iPhoneSimulator.ActiveCfg = Debug|iPhoneSimulator
		{3866F05F-60C4-4327-8732-057884DABD96}.Debug|iPhoneSimulator.Build.0 = Debug|iPhoneSimulator
		{3866F05F-60C4-4327-8732-057884DABD96}.Debug|x64.ActiveCfg = Debug|iPhone
		{3866F05F-60C4-4327-8732-057884DABD96}.Debug|x86.ActiveCfg = Debug|iPhone
		{3866F05F-60C4-4327-8732-057884DABD96}.Release|Any CPU.ActiveCfg = Release|iPhone
		{3866F05F-60C4-4327-8732-057884DABD96}.Release|ARM.ActiveCfg = Release|iPhone
		{3866F05F-60C4-4327-8732-057884DABD96}.Release|iPhone.ActiveCfg = Release|iPhone
		{3866F05F-60C4-4327-8732-057884DABD96}.Release|iPhone.Build.0 = Release|iPhone
		{3866F05F-60C4-4327-8732-057884DABD96}.Release|iPhoneSimulator.ActiveCfg = Release|iPhoneSimulator
		{3866F05F-60C4-4327-8732-057884DABD96}.Release|iPhoneSimulator.Build.0 = Release|iPhoneSimulator
		{3866F05F-60C4-4327-8732-057884DABD96}.Release|x64.ActiveCfg = Release|iPhone
		{3866F05F-60C4-4327-8732-057884DABD96}.Release|x86.ActiveCfg = Release|iPhone
		{68A97257-DB72-4E72-ABF9-03BCB70601F0}.Ad-Hoc|Any CPU.ActiveCfg = Release|x86
		{68A97257-DB72-4E72-ABF9-03BCB70601F0}.Ad-Hoc|Any CPU.Build.0 = Release|x86
		{68A97257-DB72-4E72-ABF9-03BCB70601F0}.Ad-Hoc|Any CPU.Deploy.0 = Release|x86
		{68A97257-DB72-4E72-ABF9-03BCB70601F0}.Ad-Hoc|ARM.ActiveCfg = Release|ARM
		{68A97257-DB72-4E72-ABF9-03BCB70601F0}.Ad-Hoc|ARM.Build.0 = Release|ARM
		{68A97257-DB72-4E72-ABF9-03BCB70601F0}.Ad-Hoc|ARM.Deploy.0 = Release|ARM
		{68A97257-DB72-4E72-ABF9-03BCB70601F0}.Ad-Hoc|iPhone.ActiveCfg = Release|x86
		{68A97257-DB72-4E72-ABF9-03BCB70601F0}.Ad-Hoc|iPhone.Build.0 = Release|x86
		{68A97257-DB72-4E72-ABF9-03BCB70601F0}.Ad-Hoc|iPhone.Deploy.0 = Release|x86
		{68A97257-DB72-4E72-ABF9-03BCB70601F0}.Ad-Hoc|iPhoneSimulator.ActiveCfg = Release|x86
		{68A97257-DB72-4E72-ABF9-03BCB70601F0}.Ad-Hoc|iPhoneSimulator.Build.0 = Release|x86
		{68A97257-DB72-4E72-ABF9-03BCB70601F0}.Ad-Hoc|iPhoneSimulator.Deploy.0 = Release|x86
		{68A97257-DB72-4E72-ABF9-03BCB70601F0}.Ad-Hoc|x64.ActiveCfg = Release|x64
		{68A97257-DB72-4E72-ABF9-03BCB70601F0}.Ad-Hoc|x64.Build.0 = Release|x64
		{68A97257-DB72-4E72-ABF9-03BCB70601F0}.Ad-Hoc|x64.Deploy.0 = Release|x64
		{68A97257-DB72-4E72-ABF9-03BCB70601F0}.Ad-Hoc|x86.ActiveCfg = Release|x86
		{68A97257-DB72-4E72-ABF9-03BCB70601F0}.Ad-Hoc|x86.Build.0 = Release|x86
		{68A97257-DB72-4E72-ABF9-03BCB70601F0}.Ad-Hoc|x86.Deploy.0 = Release|x86
		{68A97257-DB72-4E72-ABF9-03BCB70601F0}.AppStore|Any CPU.ActiveCfg = Release|x86
		{68A97257-DB72-4E72-ABF9-03BCB70601F0}.AppStore|Any CPU.Build.0 = Release|x86
		{68A97257-DB72-4E72-ABF9-03BCB70601F0}.AppStore|Any CPU.Deploy.0 = Release|x86
		{68A97257-DB72-4E72-ABF9-03BCB70601F0}.AppStore|ARM.ActiveCfg = Release|ARM
		{68A97257-DB72-4E72-ABF9-03BCB70601F0}.AppStore|ARM.Build.0 = Release|ARM
		{68A97257-DB72-4E72-ABF9-03BCB70601F0}.AppStore|ARM.Deploy.0 = Release|ARM
		{68A97257-DB72-4E72-ABF9-03BCB70601F0}.AppStore|iPhone.ActiveCfg = Release|x86
		{68A97257-DB72-4E72-ABF9-03BCB70601F0}.AppStore|iPhone.Build.0 = Release|x86
		{68A97257-DB72-4E72-ABF9-03BCB70601F0}.AppStore|iPhone.Deploy.0 = Release|x86
		{68A97257-DB72-4E72-ABF9-03BCB70601F0}.AppStore|iPhoneSimulator.ActiveCfg = Release|x86
		{68A97257-DB72-4E72-ABF9-03BCB70601F0}.AppStore|iPhoneSimulator.Build.0 = Release|x86
		{68A97257-DB72-4E72-ABF9-03BCB70601F0}.AppStore|iPhoneSimulator.Deploy.0 = Release|x86
		{68A97257-DB72-4E72-ABF9-03BCB70601F0}.AppStore|x64.ActiveCfg = Release|x64
		{68A97257-DB72-4E72-ABF9-03BCB70601F0}.AppStore|x64.Build.0 = Release|x64
		{68A97257-DB72-4E72-ABF9-03BCB70601F0}.AppStore|x64.Deploy.0 = Release|x64
		{68A97257-DB72-4E72-ABF9-03BCB70601F0}.AppStore|x86.ActiveCfg = Release|x86
		{68A97257-DB72-4E72-ABF9-03BCB70601F0}.AppStore|x86.Build.0 = Release|x86
		{68A97257-DB72-4E72-ABF9-03BCB70601F0}.AppStore|x86.Deploy.0 = Release|x86
		{68A97257-DB72-4E72-ABF9-03BCB70601F0}.Debug|Any CPU.ActiveCfg = Debug|x86
		{68A97257-DB72-4E72-ABF9-03BCB70601F0}.Debug|ARM.ActiveCfg = Debug|ARM
		{68A97257-DB72-4E72-ABF9-03BCB70601F0}.Debug|ARM.Build.0 = Debug|ARM
		{68A97257-DB72-4E72-ABF9-03BCB70601F0}.Debug|ARM.Deploy.0 = Debug|ARM
		{68A97257-DB72-4E72-ABF9-03BCB70601F0}.Debug|iPhone.ActiveCfg = Debug|x86
		{68A97257-DB72-4E72-ABF9-03BCB70601F0}.Debug|iPhoneSimulator.ActiveCfg = Debug|x86
		{68A97257-DB72-4E72-ABF9-03BCB70601F0}.Debug|iPhoneSimulator.Build.0 = Debug|x86
		{68A97257-DB72-4E72-ABF9-03BCB70601F0}.Debug|iPhoneSimulator.Deploy.0 = Debug|x86
		{68A97257-DB72-4E72-ABF9-03BCB70601F0}.Debug|x64.ActiveCfg = Debug|x64
		{68A97257-DB72-4E72-ABF9-03BCB70601F0}.Debug|x64.Build.0 = Debug|x64
		{68A97257-DB72-4E72-ABF9-03BCB70601F0}.Debug|x64.Deploy.0 = Debug|x64
		{68A97257-DB72-4E72-ABF9-03BCB70601F0}.Debug|x86.ActiveCfg = Debug|x86
		{68A97257-DB72-4E72-ABF9-03BCB70601F0}.Debug|x86.Build.0 = Debug|x86
		{68A97257-DB72-4E72-ABF9-03BCB70601F0}.Debug|x86.Deploy.0 = Debug|x86
		{68A97257-DB72-4E72-ABF9-03BCB70601F0}.Release|Any CPU.ActiveCfg = Release|x86
		{68A97257-DB72-4E72-ABF9-03BCB70601F0}.Release|ARM.ActiveCfg = Release|ARM
		{68A97257-DB72-4E72-ABF9-03BCB70601F0}.Release|ARM.Build.0 = Release|ARM
		{68A97257-DB72-4E72-ABF9-03BCB70601F0}.Release|ARM.Deploy.0 = Release|ARM
		{68A97257-DB72-4E72-ABF9-03BCB70601F0}.Release|iPhone.ActiveCfg = Release|x86
		{68A97257-DB72-4E72-ABF9-03BCB70601F0}.Release|iPhoneSimulator.ActiveCfg = Release|x86
		{68A97257-DB72-4E72-ABF9-03BCB70601F0}.Release|x64.ActiveCfg = Release|x64
		{68A97257-DB72-4E72-ABF9-03BCB70601F0}.Release|x64.Build.0 = Release|x64
		{68A97257-DB72-4E72-ABF9-03BCB70601F0}.Release|x64.Deploy.0 = Release|x64
		{68A97257-DB72-4E72-ABF9-03BCB70601F0}.Release|x86.ActiveCfg = Release|x86
		{68A97257-DB72-4E72-ABF9-03BCB70601F0}.Release|x86.Build.0 = Release|x86
		{68A97257-DB72-4E72-ABF9-03BCB70601F0}.Release|x86.Deploy.0 = Release|x86
		{1148C7BD-7B79-45C4-98D2-9EFD8B7B8237}.Ad-Hoc|Any CPU.ActiveCfg = Release|Any CPU
		{1148C7BD-7B79-45C4-98D2-9EFD8B7B8237}.Ad-Hoc|Any CPU.Build.0 = Release|Any CPU
		{1148C7BD-7B79-45C4-98D2-9EFD8B7B8237}.Ad-Hoc|ARM.ActiveCfg = Release|Any CPU
		{1148C7BD-7B79-45C4-98D2-9EFD8B7B8237}.Ad-Hoc|ARM.Build.0 = Release|Any CPU
		{1148C7BD-7B79-45C4-98D2-9EFD8B7B8237}.Ad-Hoc|iPhone.ActiveCfg = Release|Any CPU
		{1148C7BD-7B79-45C4-98D2-9EFD8B7B8237}.Ad-Hoc|iPhone.Build.0 = Release|Any CPU
		{1148C7BD-7B79-45C4-98D2-9EFD8B7B8237}.Ad-Hoc|iPhoneSimulator.ActiveCfg = Release|Any CPU
		{1148C7BD-7B79-45C4-98D2-9EFD8B7B8237}.Ad-Hoc|iPhoneSimulator.Build.0 = Release|Any CPU
		{1148C7BD-7B79-45C4-98D2-9EFD8B7B8237}.Ad-Hoc|x64.ActiveCfg = Release|Any CPU
		{1148C7BD-7B79-45C4-98D2-9EFD8B7B8237}.Ad-Hoc|x64.Build.0 = Release|Any CPU
		{1148C7BD-7B79-45C4-98D2-9EFD8B7B8237}.Ad-Hoc|x86.ActiveCfg = Release|Any CPU
		{1148C7BD-7B79-45C4-98D2-9EFD8B7B8237}.Ad-Hoc|x86.Build.0 = Release|Any CPU
		{1148C7BD-7B79-45C4-98D2-9EFD8B7B8237}.AppStore|Any CPU.ActiveCfg = Release|Any CPU
		{1148C7BD-7B79-45C4-98D2-9EFD8B7B8237}.AppStore|Any CPU.Build.0 = Release|Any CPU
		{1148C7BD-7B79-45C4-98D2-9EFD8B7B8237}.AppStore|ARM.ActiveCfg = Release|Any CPU
		{1148C7BD-7B79-45C4-98D2-9EFD8B7B8237}.AppStore|ARM.Build.0 = Release|Any CPU
		{1148C7BD-7B79-45C4-98D2-9EFD8B7B8237}.AppStore|iPhone.ActiveCfg = Release|Any CPU
		{1148C7BD-7B79-45C4-98D2-9EFD8B7B8237}.AppStore|iPhone.Build.0 = Release|Any CPU
		{1148C7BD-7B79-45C4-98D2-9EFD8B7B8237}.AppStore|iPhoneSimulator.ActiveCfg = Release|Any CPU
		{1148C7BD-7B79-45C4-98D2-9EFD8B7B8237}.AppStore|iPhoneSimulator.Build.0 = Release|Any CPU
		{1148C7BD-7B79-45C4-98D2-9EFD8B7B8237}.AppStore|x64.ActiveCfg = Release|Any CPU
		{1148C7BD-7B79-45C4-98D2-9EFD8B7B8237}.AppStore|x64.Build.0 = Release|Any CPU
		{1148C7BD-7B79-45C4-98D2-9EFD8B7B8237}.AppStore|x86.ActiveCfg = Release|Any CPU
		{1148C7BD-7B79-45C4-98D2-9EFD8B7B8237}.AppStore|x86.Build.0 = Release|Any CPU
		{1148C7BD-7B79-45C4-98D2-9EFD8B7B8237}.Debug|Any CPU.ActiveCfg = Debug|Any CPU
		{1148C7BD-7B79-45C4-98D2-9EFD8B7B8237}.Debug|Any CPU.Build.0 = Debug|Any CPU
		{1148C7BD-7B79-45C4-98D2-9EFD8B7B8237}.Debug|ARM.ActiveCfg = Debug|Any CPU
		{1148C7BD-7B79-45C4-98D2-9EFD8B7B8237}.Debug|ARM.Build.0 = Debug|Any CPU
		{1148C7BD-7B79-45C4-98D2-9EFD8B7B8237}.Debug|iPhone.ActiveCfg = Debug|Any CPU
		{1148C7BD-7B79-45C4-98D2-9EFD8B7B8237}.Debug|iPhone.Build.0 = Debug|Any CPU
		{1148C7BD-7B79-45C4-98D2-9EFD8B7B8237}.Debug|iPhoneSimulator.ActiveCfg = Debug|Any CPU
		{1148C7BD-7B79-45C4-98D2-9EFD8B7B8237}.Debug|iPhoneSimulator.Build.0 = Debug|Any CPU
		{1148C7BD-7B79-45C4-98D2-9EFD8B7B8237}.Debug|x64.ActiveCfg = Debug|Any CPU
		{1148C7BD-7B79-45C4-98D2-9EFD8B7B8237}.Debug|x64.Build.0 = Debug|Any CPU
		{1148C7BD-7B79-45C4-98D2-9EFD8B7B8237}.Debug|x86.ActiveCfg = Debug|Any CPU
		{1148C7BD-7B79-45C4-98D2-9EFD8B7B8237}.Debug|x86.Build.0 = Debug|Any CPU
		{1148C7BD-7B79-45C4-98D2-9EFD8B7B8237}.Release|Any CPU.ActiveCfg = Release|Any CPU
		{1148C7BD-7B79-45C4-98D2-9EFD8B7B8237}.Release|Any CPU.Build.0 = Release|Any CPU
		{1148C7BD-7B79-45C4-98D2-9EFD8B7B8237}.Release|ARM.ActiveCfg = Release|Any CPU
		{1148C7BD-7B79-45C4-98D2-9EFD8B7B8237}.Release|ARM.Build.0 = Release|Any CPU
		{1148C7BD-7B79-45C4-98D2-9EFD8B7B8237}.Release|iPhone.ActiveCfg = Release|Any CPU
		{1148C7BD-7B79-45C4-98D2-9EFD8B7B8237}.Release|iPhone.Build.0 = Release|Any CPU
		{1148C7BD-7B79-45C4-98D2-9EFD8B7B8237}.Release|iPhoneSimulator.ActiveCfg = Release|Any CPU
		{1148C7BD-7B79-45C4-98D2-9EFD8B7B8237}.Release|iPhoneSimulator.Build.0 = Release|Any CPU
		{1148C7BD-7B79-45C4-98D2-9EFD8B7B8237}.Release|x64.ActiveCfg = Release|Any CPU
		{1148C7BD-7B79-45C4-98D2-9EFD8B7B8237}.Release|x64.Build.0 = Release|Any CPU
		{1148C7BD-7B79-45C4-98D2-9EFD8B7B8237}.Release|x86.ActiveCfg = Release|Any CPU
		{1148C7BD-7B79-45C4-98D2-9EFD8B7B8237}.Release|x86.Build.0 = Release|Any CPU
		{BCBAB86F-B478-4BE7-BEC9-5A956287106A}.Ad-Hoc|Any CPU.ActiveCfg = Release|Any CPU
		{BCBAB86F-B478-4BE7-BEC9-5A956287106A}.Ad-Hoc|Any CPU.Build.0 = Release|Any CPU
		{BCBAB86F-B478-4BE7-BEC9-5A956287106A}.Ad-Hoc|ARM.ActiveCfg = Release|Any CPU
		{BCBAB86F-B478-4BE7-BEC9-5A956287106A}.Ad-Hoc|ARM.Build.0 = Release|Any CPU
		{BCBAB86F-B478-4BE7-BEC9-5A956287106A}.Ad-Hoc|iPhone.ActiveCfg = Release|Any CPU
		{BCBAB86F-B478-4BE7-BEC9-5A956287106A}.Ad-Hoc|iPhone.Build.0 = Release|Any CPU
		{BCBAB86F-B478-4BE7-BEC9-5A956287106A}.Ad-Hoc|iPhoneSimulator.ActiveCfg = Release|Any CPU
		{BCBAB86F-B478-4BE7-BEC9-5A956287106A}.Ad-Hoc|iPhoneSimulator.Build.0 = Release|Any CPU
		{BCBAB86F-B478-4BE7-BEC9-5A956287106A}.Ad-Hoc|x64.ActiveCfg = Release|Any CPU
		{BCBAB86F-B478-4BE7-BEC9-5A956287106A}.Ad-Hoc|x64.Build.0 = Release|Any CPU
		{BCBAB86F-B478-4BE7-BEC9-5A956287106A}.Ad-Hoc|x86.ActiveCfg = Release|Any CPU
		{BCBAB86F-B478-4BE7-BEC9-5A956287106A}.Ad-Hoc|x86.Build.0 = Release|Any CPU
		{BCBAB86F-B478-4BE7-BEC9-5A956287106A}.AppStore|Any CPU.ActiveCfg = Release|Any CPU
		{BCBAB86F-B478-4BE7-BEC9-5A956287106A}.AppStore|Any CPU.Build.0 = Release|Any CPU
		{BCBAB86F-B478-4BE7-BEC9-5A956287106A}.AppStore|ARM.ActiveCfg = Release|Any CPU
		{BCBAB86F-B478-4BE7-BEC9-5A956287106A}.AppStore|ARM.Build.0 = Release|Any CPU
		{BCBAB86F-B478-4BE7-BEC9-5A956287106A}.AppStore|iPhone.ActiveCfg = Release|Any CPU
		{BCBAB86F-B478-4BE7-BEC9-5A956287106A}.AppStore|iPhone.Build.0 = Release|Any CPU
		{BCBAB86F-B478-4BE7-BEC9-5A956287106A}.AppStore|iPhoneSimulator.ActiveCfg = Release|Any CPU
		{BCBAB86F-B478-4BE7-BEC9-5A956287106A}.AppStore|iPhoneSimulator.Build.0 = Release|Any CPU
		{BCBAB86F-B478-4BE7-BEC9-5A956287106A}.AppStore|x64.ActiveCfg = Release|Any CPU
		{BCBAB86F-B478-4BE7-BEC9-5A956287106A}.AppStore|x64.Build.0 = Release|Any CPU
		{BCBAB86F-B478-4BE7-BEC9-5A956287106A}.AppStore|x86.ActiveCfg = Release|Any CPU
		{BCBAB86F-B478-4BE7-BEC9-5A956287106A}.AppStore|x86.Build.0 = Release|Any CPU
		{BCBAB86F-B478-4BE7-BEC9-5A956287106A}.Debug|Any CPU.ActiveCfg = Debug|Any CPU
		{BCBAB86F-B478-4BE7-BEC9-5A956287106A}.Debug|Any CPU.Build.0 = Debug|Any CPU
		{BCBAB86F-B478-4BE7-BEC9-5A956287106A}.Debug|ARM.ActiveCfg = Debug|Any CPU
		{BCBAB86F-B478-4BE7-BEC9-5A956287106A}.Debug|ARM.Build.0 = Debug|Any CPU
		{BCBAB86F-B478-4BE7-BEC9-5A956287106A}.Debug|iPhone.ActiveCfg = Debug|Any CPU
		{BCBAB86F-B478-4BE7-BEC9-5A956287106A}.Debug|iPhone.Build.0 = Debug|Any CPU
		{BCBAB86F-B478-4BE7-BEC9-5A956287106A}.Debug|iPhoneSimulator.ActiveCfg = Debug|Any CPU
		{BCBAB86F-B478-4BE7-BEC9-5A956287106A}.Debug|iPhoneSimulator.Build.0 = Debug|Any CPU
		{BCBAB86F-B478-4BE7-BEC9-5A956287106A}.Debug|x64.ActiveCfg = Debug|Any CPU
		{BCBAB86F-B478-4BE7-BEC9-5A956287106A}.Debug|x64.Build.0 = Debug|Any CPU
		{BCBAB86F-B478-4BE7-BEC9-5A956287106A}.Debug|x86.ActiveCfg = Debug|Any CPU
		{BCBAB86F-B478-4BE7-BEC9-5A956287106A}.Debug|x86.Build.0 = Debug|Any CPU
		{BCBAB86F-B478-4BE7-BEC9-5A956287106A}.Release|Any CPU.ActiveCfg = Release|Any CPU
		{BCBAB86F-B478-4BE7-BEC9-5A956287106A}.Release|Any CPU.Build.0 = Release|Any CPU
		{BCBAB86F-B478-4BE7-BEC9-5A956287106A}.Release|ARM.ActiveCfg = Release|Any CPU
		{BCBAB86F-B478-4BE7-BEC9-5A956287106A}.Release|ARM.Build.0 = Release|Any CPU
		{BCBAB86F-B478-4BE7-BEC9-5A956287106A}.Release|iPhone.ActiveCfg = Release|Any CPU
		{BCBAB86F-B478-4BE7-BEC9-5A956287106A}.Release|iPhone.Build.0 = Release|Any CPU
		{BCBAB86F-B478-4BE7-BEC9-5A956287106A}.Release|iPhoneSimulator.ActiveCfg = Release|Any CPU
		{BCBAB86F-B478-4BE7-BEC9-5A956287106A}.Release|iPhoneSimulator.Build.0 = Release|Any CPU
		{BCBAB86F-B478-4BE7-BEC9-5A956287106A}.Release|x64.ActiveCfg = Release|Any CPU
		{BCBAB86F-B478-4BE7-BEC9-5A956287106A}.Release|x64.Build.0 = Release|Any CPU
		{BCBAB86F-B478-4BE7-BEC9-5A956287106A}.Release|x86.ActiveCfg = Release|Any CPU
		{BCBAB86F-B478-4BE7-BEC9-5A956287106A}.Release|x86.Build.0 = Release|Any CPU
	EndGlobalSection
	GlobalSection(SolutionProperties) = preSolution
		HideSolutionNode = FALSE
	EndGlobalSection
EndGlobal
